// !$*UTF8*$!
{
	archiveVersion = 1;
	classes = {
	};
	objectVersion = 45;
	objects = {

/* Begin PBXBuildFile section */
		1D3623260D0F684500981E51 /* HistoryAppDelegate.m in Sources */ = {isa = PBXBuildFile; fileRef = 1D3623250D0F684500981E51 /* HistoryAppDelegate.m */; };
		1D60589B0D05DD56006BFB54 /* main.m in Sources */ = {isa = PBXBuildFile; fileRef = 29B97316FDCFA39411CA2CEA /* main.m */; };
		1D60589F0D05DD5A006BFB54 /* Foundation.framework in Frameworks */ = {isa = PBXBuildFile; fileRef = 1D30AB110D05D00D00671497 /* Foundation.framework */; };
		1DF5F4E00D08C38300B7A737 /* UIKit.framework in Frameworks */ = {isa = PBXBuildFile; fileRef = 1DF5F4DF0D08C38300B7A737 /* UIKit.framework */; };
		288765A50DF7441C002DB57D /* CoreGraphics.framework in Frameworks */ = {isa = PBXBuildFile; fileRef = 288765A40DF7441C002DB57D /* CoreGraphics.framework */; };
		2899E5220DE3E06400AC0155 /* HistoryViewController.xib in Resources */ = {isa = PBXBuildFile; fileRef = 2899E5210DE3E06400AC0155 /* HistoryViewController.xib */; };
		28AD733F0D9D9553002E5188 /* MainWindow.xib in Resources */ = {isa = PBXBuildFile; fileRef = 28AD733E0D9D9553002E5188 /* MainWindow.xib */; };
		28D7ACF80DDB3853001CB0EB /* AbstractMapListController.m in Sources */ = {isa = PBXBuildFile; fileRef = 28D7ACF70DDB3853001CB0EB /* AbstractMapListController.m */; };
		5B03BCD310390DBD00D6E9DD /* LocationController.m in Sources */ = {isa = PBXBuildFile; fileRef = 5B03BCD210390DBD00D6E9DD /* LocationController.m */; };
		5B03BCD810390E2B00D6E9DD /* SearchController.m in Sources */ = {isa = PBXBuildFile; fileRef = 5B03BCD710390E2B00D6E9DD /* SearchController.m */; };
		5B0405DA1039A82400F7C25B /* Map.m in Sources */ = {isa = PBXBuildFile; fileRef = 5B0405D91039A82400F7C25B /* Map.m */; };
		5B040854103A4D2900F7C25B /* Reachability.m in Sources */ = {isa = PBXBuildFile; fileRef = 5B040853103A4D2900F7C25B /* Reachability.m */; };
		5B040873103A5AD700F7C25B /* SystemConfiguration.framework in Frameworks */ = {isa = PBXBuildFile; fileRef = 5B040872103A5AD700F7C25B /* SystemConfiguration.framework */; };
		5B119350103B80E100A71E72 /* up.png in Resources */ = {isa = PBXBuildFile; fileRef = 5B11934E103B80E100A71E72 /* up.png */; };
		5B119351103B80E100A71E72 /* down.png in Resources */ = {isa = PBXBuildFile; fileRef = 5B11934F103B80E100A71E72 /* down.png */; };
		5B1193AE103BB81A00A71E72 /* InfoController.m in Sources */ = {isa = PBXBuildFile; fileRef = 5B1193AD103BB81A00A71E72 /* InfoController.m */; };
		5B1193CB103BBA7E00A71E72 /* InfoView.xib in Resources */ = {isa = PBXBuildFile; fileRef = 5B1193CA103BBA7E00A71E72 /* InfoView.xib */; };
		5B119431103BC21F00A71E72 /* 01-refresh.png in Resources */ = {isa = PBXBuildFile; fileRef = 5B11941E103BC21F00A71E72 /* 01-refresh.png */; };
		5B119432103BC21F00A71E72 /* 02-redo.png in Resources */ = {isa = PBXBuildFile; fileRef = 5B11941F103BC21F00A71E72 /* 02-redo.png */; };
		5B119433103BC21F00A71E72 /* 06-magnifying-glass.png in Resources */ = {isa = PBXBuildFile; fileRef = 5B119420103BC21F00A71E72 /* 06-magnifying-glass.png */; };
		5B119434103BC21F00A71E72 /* 07-map-marker.png in Resources */ = {isa = PBXBuildFile; fileRef = 5B119421103BC21F00A71E72 /* 07-map-marker.png */; };
		5B119435103BC21F00A71E72 /* 11-clock.png in Resources */ = {isa = PBXBuildFile; fileRef = 5B119422103BC21F00A71E72 /* 11-clock.png */; };
		5B119436103BC21F00A71E72 /* 12-eye.png in Resources */ = {isa = PBXBuildFile; fileRef = 5B119423103BC21F00A71E72 /* 12-eye.png */; };
		5B119437103BC21F00A71E72 /* 13-target.png in Resources */ = {isa = PBXBuildFile; fileRef = 5B119424103BC21F00A71E72 /* 13-target.png */; };
		5B119438103BC21F00A71E72 /* 19-gear.png in Resources */ = {isa = PBXBuildFile; fileRef = 5B119425103BC21F00A71E72 /* 19-gear.png */; };
		5B119439103BC21F00A71E72 /* 20-gear2.png in Resources */ = {isa = PBXBuildFile; fileRef = 5B119426103BC21F00A71E72 /* 20-gear2.png */; };
		5B11943A103BC21F00A71E72 /* 24-gift.png in Resources */ = {isa = PBXBuildFile; fileRef = 5B119427103BC21F00A71E72 /* 24-gift.png */; };
		5B11943B103BC21F00A71E72 /* 28-star.png in Resources */ = {isa = PBXBuildFile; fileRef = 5B119428103BC21F00A71E72 /* 28-star.png */; };
		5B11943C103BC21F00A71E72 /* 30-key.png in Resources */ = {isa = PBXBuildFile; fileRef = 5B119429103BC21F00A71E72 /* 30-key.png */; };
		5B11943D103BC21F00A71E72 /* 54-lock.png in Resources */ = {isa = PBXBuildFile; fileRef = 5B11942A103BC21F00A71E72 /* 54-lock.png */; };
		5B11943E103BC21F00A71E72 /* 71-compass.png in Resources */ = {isa = PBXBuildFile; fileRef = 5B11942B103BC21F00A71E72 /* 71-compass.png */; };
		5B11943F103BC21F00A71E72 /* 73-radar.png in Resources */ = {isa = PBXBuildFile; fileRef = 5B11942C103BC21F00A71E72 /* 73-radar.png */; };
		5B119440103BC21F00A71E72 /* 74-location.png in Resources */ = {isa = PBXBuildFile; fileRef = 5B11942D103BC21F00A71E72 /* 74-location.png */; };
		5B119441103BC21F00A71E72 /* 80-shopping-cart.png in Resources */ = {isa = PBXBuildFile; fileRef = 5B11942E103BC21F00A71E72 /* 80-shopping-cart.png */; };
		5B119442103BC21F00A71E72 /* backarrow.png in Resources */ = {isa = PBXBuildFile; fileRef = 5B11942F103BC21F00A71E72 /* backarrow.png */; };
		5B119443103BC21F00A71E72 /* forwardarrow.png in Resources */ = {isa = PBXBuildFile; fileRef = 5B119430103BC21F00A71E72 /* forwardarrow.png */; };
		5B20C8D81022BBC90003FE62 /* paperbackground.png in Resources */ = {isa = PBXBuildFile; fileRef = 5B20C8D71022BBC90003FE62 /* paperbackground.png */; };
		5B20C8EC1022BCE60003FE62 /* CustomButton.m in Sources */ = {isa = PBXBuildFile; fileRef = 5B20C8EB1022BCE60003FE62 /* CustomButton.m */; };
		5B20C8F31022BD600003FE62 /* custombuttonpressed.png in Resources */ = {isa = PBXBuildFile; fileRef = 5B20C8F11022BD600003FE62 /* custombuttonpressed.png */; };
		5B20C8F41022BD600003FE62 /* custombuttonnormal.png in Resources */ = {isa = PBXBuildFile; fileRef = 5B20C8F21022BD600003FE62 /* custombuttonnormal.png */; };
		5B22B5FB103CB5BF0026281D /* FeaturedController.m in Sources */ = {isa = PBXBuildFile; fileRef = 5B22B5FA103CB5BF0026281D /* FeaturedController.m */; };
		5B22B605103CB6EE0026281D /* FeaturedLocationController.m in Sources */ = {isa = PBXBuildFile; fileRef = 5B22B604103CB6EE0026281D /* FeaturedLocationController.m */; };
		5B22B60A103CB91D0026281D /* Location.m in Sources */ = {isa = PBXBuildFile; fileRef = 5B22B609103CB91D0026281D /* Location.m */; };
		5B22B8CD103E0DA20026281D /* NSDataBase64.m in Sources */ = {isa = PBXBuildFile; fileRef = 5B22B8CC103E0DA20026281D /* NSDataBase64.m */; };
		5B2F723910268EE100676DBD /* NSObject+SBJSON.m in Sources */ = {isa = PBXBuildFile; fileRef = 5B2F722E10268EE100676DBD /* NSObject+SBJSON.m */; };
		5B2F723A10268EE100676DBD /* NSString+SBJSON.m in Sources */ = {isa = PBXBuildFile; fileRef = 5B2F723010268EE100676DBD /* NSString+SBJSON.m */; };
		5B2F723B10268EE100676DBD /* SBJSON.m in Sources */ = {isa = PBXBuildFile; fileRef = 5B2F723210268EE100676DBD /* SBJSON.m */; };
		5B2F723C10268EE100676DBD /* SBJsonBase.m in Sources */ = {isa = PBXBuildFile; fileRef = 5B2F723410268EE100676DBD /* SBJsonBase.m */; };
		5B2F723D10268EE100676DBD /* SBJsonParser.m in Sources */ = {isa = PBXBuildFile; fileRef = 5B2F723610268EE100676DBD /* SBJsonParser.m */; };
		5B2F723E10268EE100676DBD /* SBJsonWriter.m in Sources */ = {isa = PBXBuildFile; fileRef = 5B2F723810268EE100676DBD /* SBJsonWriter.m */; };
		5B2F727F1026C5A500676DBD /* libThree20.a in Frameworks */ = {isa = PBXBuildFile; fileRef = 5B2F727E1026C59C00676DBD /* libThree20.a */; };
		5B2F728F1026C98000676DBD /* Three20.bundle in Resources */ = {isa = PBXBuildFile; fileRef = 5B2F728E1026C98000676DBD /* Three20.bundle */; };
		5B37B549103B1B12008CF2FC /* marker-crosshair.png in Resources */ = {isa = PBXBuildFile; fileRef = 5B37B548103B1B12008CF2FC /* marker-crosshair.png */; };
		5B37B578103B1D1F008CF2FC /* marker-blue.png in Resources */ = {isa = PBXBuildFile; fileRef = 5B37B577103B1D1F008CF2FC /* marker-blue.png */; };
		5B652E24103E63F900E3B3A4 /* SettingsController.m in Sources */ = {isa = PBXBuildFile; fileRef = 5B652E22103E63F900E3B3A4 /* SettingsController.m */; };
		5B652E25103E63F900E3B3A4 /* SettingsController.xib in Resources */ = {isa = PBXBuildFile; fileRef = 5B652E23103E63F900E3B3A4 /* SettingsController.xib */; };
		5B7F3E1A10360CE500114D2D /* StoreKit.framework in Frameworks */ = {isa = PBXBuildFile; fileRef = 5B7F3E1910360CE500114D2D /* StoreKit.framework */; };
		5B7F3E2310360D2600114D2D /* UnlockController.m in Sources */ = {isa = PBXBuildFile; fileRef = 5B7F3E2210360D2600114D2D /* UnlockController.m */; };
		5B8D614D10477D2F00208F64 /* 14-tag.png in Resources */ = {isa = PBXBuildFile; fileRef = 5B8D614C10477D2F00208F64 /* 14-tag.png */; };
		5B8D615F10477E5D00208F64 /* AboutController.m in Sources */ = {isa = PBXBuildFile; fileRef = 5B8D615D10477E5D00208F64 /* AboutController.m */; };
		5B8D616010477E5D00208F64 /* AboutController.xib in Resources */ = {isa = PBXBuildFile; fileRef = 5B8D615E10477E5D00208F64 /* AboutController.xib */; };
		5B8D618A1047806C00208F64 /* Default.png in Resources */ = {isa = PBXBuildFile; fileRef = 5B8D61891047806C00208F64 /* Default.png */; };
		5B8D620610479B4500208F64 /* about.html in Resources */ = {isa = PBXBuildFile; fileRef = 5B8D620510479B4500208F64 /* about.html */; };
		5B8D626B1047A67D00208F64 /* LenientUISlider.m in Sources */ = {isa = PBXBuildFile; fileRef = 5B8D626A1047A67D00208F64 /* LenientUISlider.m */; };
		5B8D62C110487F9C00208F64 /* CoverageController.m in Sources */ = {isa = PBXBuildFile; fileRef = 5B8D62C010487F9C00208F64 /* CoverageController.m */; };
		5B8D635A104896BD00208F64 /* CXMLDocument_PrivateExtensions.m in Sources */ = {isa = PBXBuildFile; fileRef = 5B8D6345104896BD00208F64 /* CXMLDocument_PrivateExtensions.m */; };
		5B8D635B104896BD00208F64 /* CXMLDocument.m in Sources */ = {isa = PBXBuildFile; fileRef = 5B8D6347104896BD00208F64 /* CXMLDocument.m */; };
		5B8D635C104896BD00208F64 /* CXMLElement_CreationExtensions.m in Sources */ = {isa = PBXBuildFile; fileRef = 5B8D6349104896BD00208F64 /* CXMLElement_CreationExtensions.m */; };
		5B8D635D104896BD00208F64 /* CXMLElement_ElementTreeExtensions.m in Sources */ = {isa = PBXBuildFile; fileRef = 5B8D634B104896BD00208F64 /* CXMLElement_ElementTreeExtensions.m */; };
		5B8D635E104896BD00208F64 /* CXMLElement.m in Sources */ = {isa = PBXBuildFile; fileRef = 5B8D634D104896BD00208F64 /* CXMLElement.m */; };
		5B8D635F104896BD00208F64 /* CXMLNode_PrivateExtensions.m in Sources */ = {isa = PBXBuildFile; fileRef = 5B8D634F104896BD00208F64 /* CXMLNode_PrivateExtensions.m */; };
		5B8D6360104896BD00208F64 /* CXMLNode_XPathExtensions.m in Sources */ = {isa = PBXBuildFile; fileRef = 5B8D6351104896BD00208F64 /* CXMLNode_XPathExtensions.m */; };
		5B8D6361104896BD00208F64 /* CXMLNode.m in Sources */ = {isa = PBXBuildFile; fileRef = 5B8D6353104896BD00208F64 /* CXMLNode.m */; };
		5B8D636F1048978300208F64 /* libxml2.dylib in Frameworks */ = {isa = PBXBuildFile; fileRef = 5B8D636E1048978300208F64 /* libxml2.dylib */; };
		5B8D637C104897FC00208F64 /* CXMLDocument_CreationExtensions.m in Sources */ = {isa = PBXBuildFile; fileRef = 5B8D6376104897FC00208F64 /* CXMLDocument_CreationExtensions.m */; };
		5B8D637D104897FC00208F64 /* CXMLNode_CreationExtensions.m in Sources */ = {isa = PBXBuildFile; fileRef = 5B8D6378104897FC00208F64 /* CXMLNode_CreationExtensions.m */; };
		5B8D637E104897FC00208F64 /* CTidy.m in Sources */ = {isa = PBXBuildFile; fileRef = 5B8D637B104897FC00208F64 /* CTidy.m */; };
		5B8D63C01048991400208F64 /* access.c in Sources */ = {isa = PBXBuildFile; fileRef = 5B8D63901048991400208F64 /* access.c */; };
		5B8D63C11048991400208F64 /* alloc.c in Sources */ = {isa = PBXBuildFile; fileRef = 5B8D63921048991400208F64 /* alloc.c */; };
		5B8D63C21048991400208F64 /* attrask.c in Sources */ = {isa = PBXBuildFile; fileRef = 5B8D63931048991400208F64 /* attrask.c */; };
		5B8D63C31048991400208F64 /* attrdict.c in Sources */ = {isa = PBXBuildFile; fileRef = 5B8D63941048991400208F64 /* attrdict.c */; };
		5B8D63C41048991400208F64 /* attrget.c in Sources */ = {isa = PBXBuildFile; fileRef = 5B8D63961048991400208F64 /* attrget.c */; };
		5B8D63C51048991400208F64 /* attrs.c in Sources */ = {isa = PBXBuildFile; fileRef = 5B8D63971048991400208F64 /* attrs.c */; };
		5B8D63C61048991400208F64 /* buffio.c in Sources */ = {isa = PBXBuildFile; fileRef = 5B8D63991048991400208F64 /* buffio.c */; };
		5B8D63C71048991400208F64 /* charsets.c in Sources */ = {isa = PBXBuildFile; fileRef = 5B8D639A1048991400208F64 /* charsets.c */; };
		5B8D63C81048991400208F64 /* clean.c in Sources */ = {isa = PBXBuildFile; fileRef = 5B8D639C1048991400208F64 /* clean.c */; };
		5B8D63C91048991400208F64 /* config.c in Sources */ = {isa = PBXBuildFile; fileRef = 5B8D639E1048991400208F64 /* config.c */; };
		5B8D63CA1048991400208F64 /* entities.c in Sources */ = {isa = PBXBuildFile; fileRef = 5B8D63A01048991400208F64 /* entities.c */; };
		5B8D63CB1048991400208F64 /* fileio.c in Sources */ = {isa = PBXBuildFile; fileRef = 5B8D63A21048991400208F64 /* fileio.c */; };
		5B8D63CC1048991400208F64 /* iconvtc.c in Sources */ = {isa = PBXBuildFile; fileRef = 5B8D63A51048991400208F64 /* iconvtc.c */; };
		5B8D63CD1048991400208F64 /* istack.c in Sources */ = {isa = PBXBuildFile; fileRef = 5B8D63A71048991400208F64 /* istack.c */; };
		5B8D63CE1048991400208F64 /* lexer.c in Sources */ = {isa = PBXBuildFile; fileRef = 5B8D63A81048991400208F64 /* lexer.c */; };
		5B8D63CF1048991400208F64 /* localize.c in Sources */ = {isa = PBXBuildFile; fileRef = 5B8D63AA1048991400208F64 /* localize.c */; };
		5B8D63D01048991400208F64 /* mappedio.c in Sources */ = {isa = PBXBuildFile; fileRef = 5B8D63AB1048991400208F64 /* mappedio.c */; };
		5B8D63D11048991400208F64 /* parser.c in Sources */ = {isa = PBXBuildFile; fileRef = 5B8D63AE1048991400208F64 /* parser.c */; };
		5B8D63D21048991400208F64 /* pprint.c in Sources */ = {isa = PBXBuildFile; fileRef = 5B8D63B01048991400208F64 /* pprint.c */; };
		5B8D63D31048991400208F64 /* streamio.c in Sources */ = {isa = PBXBuildFile; fileRef = 5B8D63B21048991400208F64 /* streamio.c */; };
		5B8D63D41048991400208F64 /* tagask.c in Sources */ = {isa = PBXBuildFile; fileRef = 5B8D63B41048991400208F64 /* tagask.c */; };
		5B8D63D51048991400208F64 /* tags.c in Sources */ = {isa = PBXBuildFile; fileRef = 5B8D63B51048991400208F64 /* tags.c */; };
		5B8D63D61048991400208F64 /* tidylib.c in Sources */ = {isa = PBXBuildFile; fileRef = 5B8D63B81048991400208F64 /* tidylib.c */; };
		5B8D63D71048991400208F64 /* tmbstr.c in Sources */ = {isa = PBXBuildFile; fileRef = 5B8D63B91048991400208F64 /* tmbstr.c */; };
		5B8D63D81048991400208F64 /* utf8.c in Sources */ = {isa = PBXBuildFile; fileRef = 5B8D63BB1048991400208F64 /* utf8.c */; };
		5B8D63D91048991400208F64 /* win32tc.c in Sources */ = {isa = PBXBuildFile; fileRef = 5B8D63BE1048991400208F64 /* win32tc.c */; };
		5B8F1D2D10448E3E00DF8D8E /* he_large.png in Resources */ = {isa = PBXBuildFile; fileRef = 5B8F1D2A10448E3E00DF8D8E /* he_large.png */; };
		5B8F1D2E10448E3E00DF8D8E /* he_mainmenu.png in Resources */ = {isa = PBXBuildFile; fileRef = 5B8F1D2B10448E3E00DF8D8E /* he_mainmenu.png */; };
		5B8F1D2F10448E3E00DF8D8E /* he_small.png in Resources */ = {isa = PBXBuildFile; fileRef = 5B8F1D2C10448E3E00DF8D8E /* he_small.png */; };
		5B8F1D551044A29B00DF8D8E /* LocationGroup.m in Sources */ = {isa = PBXBuildFile; fileRef = 5B8F1D541044A29B00DF8D8E /* LocationGroup.m */; };
		5BBD53341048FC56001AB004 /* 03-loopback.png in Resources */ = {isa = PBXBuildFile; fileRef = 5BBD53331048FC56001AB004 /* 03-loopback.png */; };
		5BCD483D1025538D0066772E /* QuartzCore.framework in Frameworks */ = {isa = PBXBuildFile; fileRef = 5BCD483C1025538D0066772E /* QuartzCore.framework */; };
		5BCD503F102554980066772E /* CoreLocation.framework in Frameworks */ = {isa = PBXBuildFile; fileRef = 5BCD503E102554980066772E /* CoreLocation.framework */; };
		5BCD504A102555D00066772E /* MapViewController.m in Sources */ = {isa = PBXBuildFile; fileRef = 5BCD5049102555D00066772E /* MapViewController.m */; };
		5BCD507110255B880066772E /* libMapView.a in Frameworks */ = {isa = PBXBuildFile; fileRef = 5BCD5039102554840066772E /* libMapView.a */; };
		5BCD51BB102570360066772E /* MainMenuController.m in Sources */ = {isa = PBXBuildFile; fileRef = 5BCD51BA102570360066772E /* MainMenuController.m */; };
		5BF87E5B10366A3800787B2A /* PurchaseController.m in Sources */ = {isa = PBXBuildFile; fileRef = 5BF87E5A10366A3800787B2A /* PurchaseController.m */; };
		5BF87E8B1036783300787B2A /* StoreObserver.m in Sources */ = {isa = PBXBuildFile; fileRef = 5BF87E8A1036783300787B2A /* StoreObserver.m */; };
/* End PBXBuildFile section */

/* Begin PBXContainerItemProxy section */
		5B2F727D1026C59C00676DBD /* PBXContainerItemProxy */ = {
			isa = PBXContainerItemProxy;
			containerPortal = 5B2F72791026C59C00676DBD /* Three20.xcodeproj */;
			proxyType = 2;
			remoteGlobalIDString = BEF31F3A0F352DF5000DE5D2;
			remoteInfo = Three20;
		};
		5B2F72801026C5B400676DBD /* PBXContainerItemProxy */ = {
			isa = PBXContainerItemProxy;
			containerPortal = 5B2F72791026C59C00676DBD /* Three20.xcodeproj */;
			proxyType = 1;
			remoteGlobalIDString = BEF31F390F352DF5000DE5D2;
			remoteInfo = Three20;
		};
		5BCD5038102554840066772E /* PBXContainerItemProxy */ = {
			isa = PBXContainerItemProxy;
			containerPortal = 5BCD502A102554840066772E /* MapView.xcodeproj */;
			proxyType = 2;
			remoteGlobalIDString = B8C974590E8A19B2007D16AD;
			remoteInfo = MapView;
		};
		5BCD503A102554840066772E /* PBXContainerItemProxy */ = {
			isa = PBXContainerItemProxy;
			containerPortal = 5BCD502A102554840066772E /* MapView.xcodeproj */;
			proxyType = 2;
			remoteGlobalIDString = 2BF3078F0F8AC5C0007014EE;
			remoteInfo = "Unit Tests";
		};
		5BCD503C1025548F0066772E /* PBXContainerItemProxy */ = {
			isa = PBXContainerItemProxy;
			containerPortal = 5BCD502A102554840066772E /* MapView.xcodeproj */;
			proxyType = 1;
			remoteGlobalIDString = B8C974130E8A19B2007D16AD;
			remoteInfo = MapView;
		};
/* End PBXContainerItemProxy section */

/* Begin PBXFileReference section */
		1D30AB110D05D00D00671497 /* Foundation.framework */ = {isa = PBXFileReference; lastKnownFileType = wrapper.framework; name = Foundation.framework; path = System/Library/Frameworks/Foundation.framework; sourceTree = SDKROOT; };
		1D3623240D0F684500981E51 /* HistoryAppDelegate.h */ = {isa = PBXFileReference; fileEncoding = 4; lastKnownFileType = sourcecode.c.h; path = HistoryAppDelegate.h; sourceTree = "<group>"; };
		1D3623250D0F684500981E51 /* HistoryAppDelegate.m */ = {isa = PBXFileReference; fileEncoding = 4; lastKnownFileType = sourcecode.c.objc; path = HistoryAppDelegate.m; sourceTree = "<group>"; };
		1D6058910D05DD3D006BFB54 /* Historic Earth.app */ = {isa = PBXFileReference; explicitFileType = wrapper.application; includeInIndex = 0; path = "Historic Earth.app"; sourceTree = BUILT_PRODUCTS_DIR; };
		1DF5F4DF0D08C38300B7A737 /* UIKit.framework */ = {isa = PBXFileReference; lastKnownFileType = wrapper.framework; name = UIKit.framework; path = System/Library/Frameworks/UIKit.framework; sourceTree = SDKROOT; };
		288765A40DF7441C002DB57D /* CoreGraphics.framework */ = {isa = PBXFileReference; lastKnownFileType = wrapper.framework; name = CoreGraphics.framework; path = System/Library/Frameworks/CoreGraphics.framework; sourceTree = SDKROOT; };
		2899E5210DE3E06400AC0155 /* HistoryViewController.xib */ = {isa = PBXFileReference; lastKnownFileType = file.xib; path = HistoryViewController.xib; sourceTree = "<group>"; };
		28AD733E0D9D9553002E5188 /* MainWindow.xib */ = {isa = PBXFileReference; lastKnownFileType = file.xib; path = MainWindow.xib; sourceTree = "<group>"; };
		28D7ACF60DDB3853001CB0EB /* AbstractMapListController.h */ = {isa = PBXFileReference; fileEncoding = 4; lastKnownFileType = sourcecode.c.h; path = AbstractMapListController.h; sourceTree = "<group>"; };
		28D7ACF70DDB3853001CB0EB /* AbstractMapListController.m */ = {isa = PBXFileReference; fileEncoding = 4; lastKnownFileType = sourcecode.c.objc; path = AbstractMapListController.m; sourceTree = "<group>"; };
		29B97316FDCFA39411CA2CEA /* main.m */ = {isa = PBXFileReference; fileEncoding = 4; lastKnownFileType = sourcecode.c.objc; path = main.m; sourceTree = "<group>"; };
		32CA4F630368D1EE00C91783 /* History_Prefix.pch */ = {isa = PBXFileReference; fileEncoding = 4; lastKnownFileType = sourcecode.c.h; path = History_Prefix.pch; sourceTree = "<group>"; };
		5B03BCD110390DBD00D6E9DD /* LocationController.h */ = {isa = PBXFileReference; fileEncoding = 4; lastKnownFileType = sourcecode.c.h; path = LocationController.h; sourceTree = "<group>"; };
		5B03BCD210390DBD00D6E9DD /* LocationController.m */ = {isa = PBXFileReference; fileEncoding = 4; lastKnownFileType = sourcecode.c.objc; path = LocationController.m; sourceTree = "<group>"; };
		5B03BCD610390E2B00D6E9DD /* SearchController.h */ = {isa = PBXFileReference; fileEncoding = 4; lastKnownFileType = sourcecode.c.h; path = SearchController.h; sourceTree = "<group>"; };
		5B03BCD710390E2B00D6E9DD /* SearchController.m */ = {isa = PBXFileReference; fileEncoding = 4; lastKnownFileType = sourcecode.c.objc; path = SearchController.m; sourceTree = "<group>"; };
		5B0405D81039A82400F7C25B /* Map.h */ = {isa = PBXFileReference; fileEncoding = 4; lastKnownFileType = sourcecode.c.h; path = Map.h; sourceTree = "<group>"; };
		5B0405D91039A82400F7C25B /* Map.m */ = {isa = PBXFileReference; fileEncoding = 4; lastKnownFileType = sourcecode.c.objc; path = Map.m; sourceTree = "<group>"; };
		5B040852103A4D2900F7C25B /* Reachability.h */ = {isa = PBXFileReference; fileEncoding = 4; lastKnownFileType = sourcecode.c.h; path = Reachability.h; sourceTree = "<group>"; };
		5B040853103A4D2900F7C25B /* Reachability.m */ = {isa = PBXFileReference; fileEncoding = 4; lastKnownFileType = sourcecode.c.objc; path = Reachability.m; sourceTree = "<group>"; };
		5B040872103A5AD700F7C25B /* SystemConfiguration.framework */ = {isa = PBXFileReference; lastKnownFileType = wrapper.framework; name = SystemConfiguration.framework; path = System/Library/Frameworks/SystemConfiguration.framework; sourceTree = SDKROOT; };
		5B11934E103B80E100A71E72 /* up.png */ = {isa = PBXFileReference; lastKnownFileType = image.png; path = up.png; sourceTree = "<group>"; };
		5B11934F103B80E100A71E72 /* down.png */ = {isa = PBXFileReference; lastKnownFileType = image.png; path = down.png; sourceTree = "<group>"; };
		5B1193AC103BB81A00A71E72 /* InfoController.h */ = {isa = PBXFileReference; fileEncoding = 4; lastKnownFileType = sourcecode.c.h; path = InfoController.h; sourceTree = "<group>"; };
		5B1193AD103BB81A00A71E72 /* InfoController.m */ = {isa = PBXFileReference; fileEncoding = 4; lastKnownFileType = sourcecode.c.objc; path = InfoController.m; sourceTree = "<group>"; };
		5B1193CA103BBA7E00A71E72 /* InfoView.xib */ = {isa = PBXFileReference; lastKnownFileType = file.xib; name = InfoView.xib; path = ../InfoView.xib; sourceTree = "<group>"; };
		5B11941E103BC21F00A71E72 /* 01-refresh.png */ = {isa = PBXFileReference; lastKnownFileType = image.png; name = "01-refresh.png"; path = "Images/01-refresh.png"; sourceTree = "<group>"; };
		5B11941F103BC21F00A71E72 /* 02-redo.png */ = {isa = PBXFileReference; lastKnownFileType = image.png; name = "02-redo.png"; path = "Images/02-redo.png"; sourceTree = "<group>"; };
		5B119420103BC21F00A71E72 /* 06-magnifying-glass.png */ = {isa = PBXFileReference; lastKnownFileType = image.png; name = "06-magnifying-glass.png"; path = "Images/06-magnifying-glass.png"; sourceTree = "<group>"; };
		5B119421103BC21F00A71E72 /* 07-map-marker.png */ = {isa = PBXFileReference; lastKnownFileType = image.png; name = "07-map-marker.png"; path = "Images/07-map-marker.png"; sourceTree = "<group>"; };
		5B119422103BC21F00A71E72 /* 11-clock.png */ = {isa = PBXFileReference; lastKnownFileType = image.png; name = "11-clock.png"; path = "Images/11-clock.png"; sourceTree = "<group>"; };
		5B119423103BC21F00A71E72 /* 12-eye.png */ = {isa = PBXFileReference; lastKnownFileType = image.png; name = "12-eye.png"; path = "Images/12-eye.png"; sourceTree = "<group>"; };
		5B119424103BC21F00A71E72 /* 13-target.png */ = {isa = PBXFileReference; lastKnownFileType = image.png; name = "13-target.png"; path = "Images/13-target.png"; sourceTree = "<group>"; };
		5B119425103BC21F00A71E72 /* 19-gear.png */ = {isa = PBXFileReference; lastKnownFileType = image.png; name = "19-gear.png"; path = "Images/19-gear.png"; sourceTree = "<group>"; };
		5B119426103BC21F00A71E72 /* 20-gear2.png */ = {isa = PBXFileReference; lastKnownFileType = image.png; name = "20-gear2.png"; path = "Images/20-gear2.png"; sourceTree = "<group>"; };
		5B119427103BC21F00A71E72 /* 24-gift.png */ = {isa = PBXFileReference; lastKnownFileType = image.png; name = "24-gift.png"; path = "Images/24-gift.png"; sourceTree = "<group>"; };
		5B119428103BC21F00A71E72 /* 28-star.png */ = {isa = PBXFileReference; lastKnownFileType = image.png; name = "28-star.png"; path = "Images/28-star.png"; sourceTree = "<group>"; };
		5B119429103BC21F00A71E72 /* 30-key.png */ = {isa = PBXFileReference; lastKnownFileType = image.png; name = "30-key.png"; path = "Images/30-key.png"; sourceTree = "<group>"; };
		5B11942A103BC21F00A71E72 /* 54-lock.png */ = {isa = PBXFileReference; lastKnownFileType = image.png; name = "54-lock.png"; path = "Images/54-lock.png"; sourceTree = "<group>"; };
		5B11942B103BC21F00A71E72 /* 71-compass.png */ = {isa = PBXFileReference; lastKnownFileType = image.png; name = "71-compass.png"; path = "Images/71-compass.png"; sourceTree = "<group>"; };
		5B11942C103BC21F00A71E72 /* 73-radar.png */ = {isa = PBXFileReference; lastKnownFileType = image.png; name = "73-radar.png"; path = "Images/73-radar.png"; sourceTree = "<group>"; };
		5B11942D103BC21F00A71E72 /* 74-location.png */ = {isa = PBXFileReference; lastKnownFileType = image.png; name = "74-location.png"; path = "Images/74-location.png"; sourceTree = "<group>"; };
		5B11942E103BC21F00A71E72 /* 80-shopping-cart.png */ = {isa = PBXFileReference; lastKnownFileType = image.png; name = "80-shopping-cart.png"; path = "Images/80-shopping-cart.png"; sourceTree = "<group>"; };
		5B11942F103BC21F00A71E72 /* backarrow.png */ = {isa = PBXFileReference; lastKnownFileType = image.png; name = backarrow.png; path = Images/backarrow.png; sourceTree = "<group>"; };
		5B119430103BC21F00A71E72 /* forwardarrow.png */ = {isa = PBXFileReference; lastKnownFileType = image.png; name = forwardarrow.png; path = Images/forwardarrow.png; sourceTree = "<group>"; };
		5B20C8D71022BBC90003FE62 /* paperbackground.png */ = {isa = PBXFileReference; lastKnownFileType = image.png; path = paperbackground.png; sourceTree = "<group>"; };
		5B20C8EA1022BCE60003FE62 /* CustomButton.h */ = {isa = PBXFileReference; fileEncoding = 4; lastKnownFileType = sourcecode.c.h; path = CustomButton.h; sourceTree = "<group>"; };
		5B20C8EB1022BCE60003FE62 /* CustomButton.m */ = {isa = PBXFileReference; fileEncoding = 4; lastKnownFileType = sourcecode.c.objc; path = CustomButton.m; sourceTree = "<group>"; };
		5B20C8F11022BD600003FE62 /* custombuttonpressed.png */ = {isa = PBXFileReference; lastKnownFileType = image.png; path = custombuttonpressed.png; sourceTree = "<group>"; };
		5B20C8F21022BD600003FE62 /* custombuttonnormal.png */ = {isa = PBXFileReference; lastKnownFileType = image.png; path = custombuttonnormal.png; sourceTree = "<group>"; };
		5B22B5F9103CB5BF0026281D /* FeaturedController.h */ = {isa = PBXFileReference; fileEncoding = 4; lastKnownFileType = sourcecode.c.h; path = FeaturedController.h; sourceTree = "<group>"; };
		5B22B5FA103CB5BF0026281D /* FeaturedController.m */ = {isa = PBXFileReference; fileEncoding = 4; lastKnownFileType = sourcecode.c.objc; path = FeaturedController.m; sourceTree = "<group>"; };
		5B22B603103CB6EE0026281D /* FeaturedLocationController.h */ = {isa = PBXFileReference; fileEncoding = 4; lastKnownFileType = sourcecode.c.h; path = FeaturedLocationController.h; sourceTree = "<group>"; };
		5B22B604103CB6EE0026281D /* FeaturedLocationController.m */ = {isa = PBXFileReference; fileEncoding = 4; lastKnownFileType = sourcecode.c.objc; path = FeaturedLocationController.m; sourceTree = "<group>"; };
		5B22B608103CB91D0026281D /* Location.h */ = {isa = PBXFileReference; fileEncoding = 4; lastKnownFileType = sourcecode.c.h; path = Location.h; sourceTree = "<group>"; };
		5B22B609103CB91D0026281D /* Location.m */ = {isa = PBXFileReference; fileEncoding = 4; lastKnownFileType = sourcecode.c.objc; path = Location.m; sourceTree = "<group>"; };
		5B22B8CB103E0DA20026281D /* NSDataBase64.h */ = {isa = PBXFileReference; fileEncoding = 4; lastKnownFileType = sourcecode.c.h; path = NSDataBase64.h; sourceTree = "<group>"; };
		5B22B8CC103E0DA20026281D /* NSDataBase64.m */ = {isa = PBXFileReference; fileEncoding = 4; lastKnownFileType = sourcecode.c.objc; path = NSDataBase64.m; sourceTree = "<group>"; };
		5B2F722C10268EE100676DBD /* JSON.h */ = {isa = PBXFileReference; fileEncoding = 4; lastKnownFileType = sourcecode.c.h; path = JSON.h; sourceTree = "<group>"; };
		5B2F722D10268EE100676DBD /* NSObject+SBJSON.h */ = {isa = PBXFileReference; fileEncoding = 4; lastKnownFileType = sourcecode.c.h; path = "NSObject+SBJSON.h"; sourceTree = "<group>"; };
		5B2F722E10268EE100676DBD /* NSObject+SBJSON.m */ = {isa = PBXFileReference; fileEncoding = 4; lastKnownFileType = sourcecode.c.objc; path = "NSObject+SBJSON.m"; sourceTree = "<group>"; };
		5B2F722F10268EE100676DBD /* NSString+SBJSON.h */ = {isa = PBXFileReference; fileEncoding = 4; lastKnownFileType = sourcecode.c.h; path = "NSString+SBJSON.h"; sourceTree = "<group>"; };
		5B2F723010268EE100676DBD /* NSString+SBJSON.m */ = {isa = PBXFileReference; fileEncoding = 4; lastKnownFileType = sourcecode.c.objc; path = "NSString+SBJSON.m"; sourceTree = "<group>"; };
		5B2F723110268EE100676DBD /* SBJSON.h */ = {isa = PBXFileReference; fileEncoding = 4; lastKnownFileType = sourcecode.c.h; path = SBJSON.h; sourceTree = "<group>"; };
		5B2F723210268EE100676DBD /* SBJSON.m */ = {isa = PBXFileReference; fileEncoding = 4; lastKnownFileType = sourcecode.c.objc; path = SBJSON.m; sourceTree = "<group>"; };
		5B2F723310268EE100676DBD /* SBJsonBase.h */ = {isa = PBXFileReference; fileEncoding = 4; lastKnownFileType = sourcecode.c.h; path = SBJsonBase.h; sourceTree = "<group>"; };
		5B2F723410268EE100676DBD /* SBJsonBase.m */ = {isa = PBXFileReference; fileEncoding = 4; lastKnownFileType = sourcecode.c.objc; path = SBJsonBase.m; sourceTree = "<group>"; };
		5B2F723510268EE100676DBD /* SBJsonParser.h */ = {isa = PBXFileReference; fileEncoding = 4; lastKnownFileType = sourcecode.c.h; path = SBJsonParser.h; sourceTree = "<group>"; };
		5B2F723610268EE100676DBD /* SBJsonParser.m */ = {isa = PBXFileReference; fileEncoding = 4; lastKnownFileType = sourcecode.c.objc; path = SBJsonParser.m; sourceTree = "<group>"; };
		5B2F723710268EE100676DBD /* SBJsonWriter.h */ = {isa = PBXFileReference; fileEncoding = 4; lastKnownFileType = sourcecode.c.h; path = SBJsonWriter.h; sourceTree = "<group>"; };
		5B2F723810268EE100676DBD /* SBJsonWriter.m */ = {isa = PBXFileReference; fileEncoding = 4; lastKnownFileType = sourcecode.c.objc; path = SBJsonWriter.m; sourceTree = "<group>"; };
		5B2F72791026C59C00676DBD /* Three20.xcodeproj */ = {isa = PBXFileReference; lastKnownFileType = "wrapper.pb-project"; name = Three20.xcodeproj; path = ../three20/src/Three20.xcodeproj; sourceTree = SOURCE_ROOT; };
		5B2F728E1026C98000676DBD /* Three20.bundle */ = {isa = PBXFileReference; lastKnownFileType = "wrapper.plug-in"; name = Three20.bundle; path = ../three20/src/Three20.bundle; sourceTree = SOURCE_ROOT; };
		5B37B548103B1B12008CF2FC /* marker-crosshair.png */ = {isa = PBXFileReference; lastKnownFileType = image.png; path = "marker-crosshair.png"; sourceTree = "<group>"; };
		5B37B577103B1D1F008CF2FC /* marker-blue.png */ = {isa = PBXFileReference; lastKnownFileType = image.png; path = "marker-blue.png"; sourceTree = "<group>"; };
		5B652E21103E63F900E3B3A4 /* SettingsController.h */ = {isa = PBXFileReference; fileEncoding = 4; lastKnownFileType = sourcecode.c.h; path = SettingsController.h; sourceTree = "<group>"; };
		5B652E22103E63F900E3B3A4 /* SettingsController.m */ = {isa = PBXFileReference; fileEncoding = 4; lastKnownFileType = sourcecode.c.objc; path = SettingsController.m; sourceTree = "<group>"; };
		5B652E23103E63F900E3B3A4 /* SettingsController.xib */ = {isa = PBXFileReference; lastKnownFileType = file.xib; path = SettingsController.xib; sourceTree = "<group>"; };
		5B7F3E1910360CE500114D2D /* StoreKit.framework */ = {isa = PBXFileReference; lastKnownFileType = wrapper.framework; name = StoreKit.framework; path = System/Library/Frameworks/StoreKit.framework; sourceTree = SDKROOT; };
		5B7F3E2110360D2600114D2D /* UnlockController.h */ = {isa = PBXFileReference; fileEncoding = 4; lastKnownFileType = sourcecode.c.h; path = UnlockController.h; sourceTree = "<group>"; };
		5B7F3E2210360D2600114D2D /* UnlockController.m */ = {isa = PBXFileReference; fileEncoding = 4; lastKnownFileType = sourcecode.c.objc; path = UnlockController.m; sourceTree = "<group>"; };
		5B8D614C10477D2F00208F64 /* 14-tag.png */ = {isa = PBXFileReference; lastKnownFileType = image.png; name = "14-tag.png"; path = "Images/14-tag.png"; sourceTree = "<group>"; };
		5B8D615C10477E5D00208F64 /* AboutController.h */ = {isa = PBXFileReference; fileEncoding = 4; lastKnownFileType = sourcecode.c.h; path = AboutController.h; sourceTree = "<group>"; };
		5B8D615D10477E5D00208F64 /* AboutController.m */ = {isa = PBXFileReference; fileEncoding = 4; lastKnownFileType = sourcecode.c.objc; path = AboutController.m; sourceTree = "<group>"; };
		5B8D615E10477E5D00208F64 /* AboutController.xib */ = {isa = PBXFileReference; lastKnownFileType = file.xib; path = AboutController.xib; sourceTree = "<group>"; };
		5B8D61891047806C00208F64 /* Default.png */ = {isa = PBXFileReference; lastKnownFileType = image.png; path = Default.png; sourceTree = "<group>"; };
		5B8D620510479B4500208F64 /* about.html */ = {isa = PBXFileReference; fileEncoding = 4; lastKnownFileType = text.html; name = about.html; path = ../about.html; sourceTree = "<group>"; };
		5B8D62691047A67D00208F64 /* LenientUISlider.h */ = {isa = PBXFileReference; fileEncoding = 4; lastKnownFileType = sourcecode.c.h; path = LenientUISlider.h; sourceTree = "<group>"; };
		5B8D626A1047A67D00208F64 /* LenientUISlider.m */ = {isa = PBXFileReference; fileEncoding = 4; lastKnownFileType = sourcecode.c.objc; path = LenientUISlider.m; sourceTree = "<group>"; };
		5B8D62BF10487F9C00208F64 /* CoverageController.h */ = {isa = PBXFileReference; fileEncoding = 4; lastKnownFileType = sourcecode.c.h; path = CoverageController.h; sourceTree = "<group>"; };
		5B8D62C010487F9C00208F64 /* CoverageController.m */ = {isa = PBXFileReference; fileEncoding = 4; lastKnownFileType = sourcecode.c.objc; path = CoverageController.m; sourceTree = "<group>"; };
		5B8D6344104896BD00208F64 /* CXMLDocument_PrivateExtensions.h */ = {isa = PBXFileReference; fileEncoding = 4; lastKnownFileType = sourcecode.c.h; name = CXMLDocument_PrivateExtensions.h; path = ../TouchXML/Common/Source/CXMLDocument_PrivateExtensions.h; sourceTree = SOURCE_ROOT; };
		5B8D6345104896BD00208F64 /* CXMLDocument_PrivateExtensions.m */ = {isa = PBXFileReference; fileEncoding = 4; lastKnownFileType = sourcecode.c.objc; name = CXMLDocument_PrivateExtensions.m; path = ../TouchXML/Common/Source/CXMLDocument_PrivateExtensions.m; sourceTree = SOURCE_ROOT; };
		5B8D6346104896BD00208F64 /* CXMLDocument.h */ = {isa = PBXFileReference; fileEncoding = 4; lastKnownFileType = sourcecode.c.h; name = CXMLDocument.h; path = ../TouchXML/Common/Source/CXMLDocument.h; sourceTree = SOURCE_ROOT; };
		5B8D6347104896BD00208F64 /* CXMLDocument.m */ = {isa = PBXFileReference; fileEncoding = 4; lastKnownFileType = sourcecode.c.objc; name = CXMLDocument.m; path = ../TouchXML/Common/Source/CXMLDocument.m; sourceTree = SOURCE_ROOT; };
		5B8D6348104896BD00208F64 /* CXMLElement_CreationExtensions.h */ = {isa = PBXFileReference; fileEncoding = 4; lastKnownFileType = sourcecode.c.h; name = CXMLElement_CreationExtensions.h; path = ../TouchXML/Common/Source/CXMLElement_CreationExtensions.h; sourceTree = SOURCE_ROOT; };
		5B8D6349104896BD00208F64 /* CXMLElement_CreationExtensions.m */ = {isa = PBXFileReference; fileEncoding = 4; lastKnownFileType = sourcecode.c.objc; name = CXMLElement_CreationExtensions.m; path = ../TouchXML/Common/Source/CXMLElement_CreationExtensions.m; sourceTree = SOURCE_ROOT; };
		5B8D634A104896BD00208F64 /* CXMLElement_ElementTreeExtensions.h */ = {isa = PBXFileReference; fileEncoding = 4; lastKnownFileType = sourcecode.c.h; name = CXMLElement_ElementTreeExtensions.h; path = ../TouchXML/Common/Source/CXMLElement_ElementTreeExtensions.h; sourceTree = SOURCE_ROOT; };
		5B8D634B104896BD00208F64 /* CXMLElement_ElementTreeExtensions.m */ = {isa = PBXFileReference; fileEncoding = 4; lastKnownFileType = sourcecode.c.objc; name = CXMLElement_ElementTreeExtensions.m; path = ../TouchXML/Common/Source/CXMLElement_ElementTreeExtensions.m; sourceTree = SOURCE_ROOT; };
		5B8D634C104896BD00208F64 /* CXMLElement.h */ = {isa = PBXFileReference; fileEncoding = 4; lastKnownFileType = sourcecode.c.h; name = CXMLElement.h; path = ../TouchXML/Common/Source/CXMLElement.h; sourceTree = SOURCE_ROOT; };
		5B8D634D104896BD00208F64 /* CXMLElement.m */ = {isa = PBXFileReference; fileEncoding = 4; lastKnownFileType = sourcecode.c.objc; name = CXMLElement.m; path = ../TouchXML/Common/Source/CXMLElement.m; sourceTree = SOURCE_ROOT; };
		5B8D634E104896BD00208F64 /* CXMLNode_PrivateExtensions.h */ = {isa = PBXFileReference; fileEncoding = 4; lastKnownFileType = sourcecode.c.h; name = CXMLNode_PrivateExtensions.h; path = ../TouchXML/Common/Source/CXMLNode_PrivateExtensions.h; sourceTree = SOURCE_ROOT; };
		5B8D634F104896BD00208F64 /* CXMLNode_PrivateExtensions.m */ = {isa = PBXFileReference; fileEncoding = 4; lastKnownFileType = sourcecode.c.objc; name = CXMLNode_PrivateExtensions.m; path = ../TouchXML/Common/Source/CXMLNode_PrivateExtensions.m; sourceTree = SOURCE_ROOT; };
		5B8D6350104896BD00208F64 /* CXMLNode_XPathExtensions.h */ = {isa = PBXFileReference; fileEncoding = 4; lastKnownFileType = sourcecode.c.h; name = CXMLNode_XPathExtensions.h; path = ../TouchXML/Common/Source/CXMLNode_XPathExtensions.h; sourceTree = SOURCE_ROOT; };
		5B8D6351104896BD00208F64 /* CXMLNode_XPathExtensions.m */ = {isa = PBXFileReference; fileEncoding = 4; lastKnownFileType = sourcecode.c.objc; name = CXMLNode_XPathExtensions.m; path = ../TouchXML/Common/Source/CXMLNode_XPathExtensions.m; sourceTree = SOURCE_ROOT; };
		5B8D6352104896BD00208F64 /* CXMLNode.h */ = {isa = PBXFileReference; fileEncoding = 4; lastKnownFileType = sourcecode.c.h; name = CXMLNode.h; path = ../TouchXML/Common/Source/CXMLNode.h; sourceTree = SOURCE_ROOT; };
		5B8D6353104896BD00208F64 /* CXMLNode.m */ = {isa = PBXFileReference; fileEncoding = 4; lastKnownFileType = sourcecode.c.objc; name = CXMLNode.m; path = ../TouchXML/Common/Source/CXMLNode.m; sourceTree = SOURCE_ROOT; };
		5B8D6357104896BD00208F64 /* TouchXML.h */ = {isa = PBXFileReference; fileEncoding = 4; lastKnownFileType = sourcecode.c.h; name = TouchXML.h; path = ../TouchXML/Common/Source/TouchXML.h; sourceTree = SOURCE_ROOT; };
		5B8D636E1048978300208F64 /* libxml2.dylib */ = {isa = PBXFileReference; lastKnownFileType = "compiled.mach-o.dylib"; name = libxml2.dylib; path = usr/lib/libxml2.dylib; sourceTree = SDKROOT; };
		5B8D6375104897FC00208F64 /* CXMLDocument_CreationExtensions.h */ = {isa = PBXFileReference; fileEncoding = 4; lastKnownFileType = sourcecode.c.h; path = CXMLDocument_CreationExtensions.h; sourceTree = "<group>"; };
		5B8D6376104897FC00208F64 /* CXMLDocument_CreationExtensions.m */ = {isa = PBXFileReference; fileEncoding = 4; lastKnownFileType = sourcecode.c.objc; path = CXMLDocument_CreationExtensions.m; sourceTree = "<group>"; };
		5B8D6377104897FC00208F64 /* CXMLNode_CreationExtensions.h */ = {isa = PBXFileReference; fileEncoding = 4; lastKnownFileType = sourcecode.c.h; path = CXMLNode_CreationExtensions.h; sourceTree = "<group>"; };
		5B8D6378104897FC00208F64 /* CXMLNode_CreationExtensions.m */ = {isa = PBXFileReference; fileEncoding = 4; lastKnownFileType = sourcecode.c.objc; path = CXMLNode_CreationExtensions.m; sourceTree = "<group>"; };
		5B8D637A104897FC00208F64 /* CTidy.h */ = {isa = PBXFileReference; fileEncoding = 4; lastKnownFileType = sourcecode.c.h; path = CTidy.h; sourceTree = "<group>"; };
		5B8D637B104897FC00208F64 /* CTidy.m */ = {isa = PBXFileReference; fileEncoding = 4; lastKnownFileType = sourcecode.c.objc; path = CTidy.m; sourceTree = "<group>"; };
		5B8D638B1048991400208F64 /* buffio.h */ = {isa = PBXFileReference; fileEncoding = 4; lastKnownFileType = sourcecode.c.h; path = buffio.h; sourceTree = "<group>"; };
		5B8D638C1048991400208F64 /* platform.h */ = {isa = PBXFileReference; fileEncoding = 4; lastKnownFileType = sourcecode.c.h; path = platform.h; sourceTree = "<group>"; };
		5B8D638D1048991400208F64 /* tidy.h */ = {isa = PBXFileReference; fileEncoding = 4; lastKnownFileType = sourcecode.c.h; path = tidy.h; sourceTree = "<group>"; };
		5B8D638E1048991400208F64 /* tidyenum.h */ = {isa = PBXFileReference; fileEncoding = 4; lastKnownFileType = sourcecode.c.h; path = tidyenum.h; sourceTree = "<group>"; };
		5B8D63901048991400208F64 /* access.c */ = {isa = PBXFileReference; fileEncoding = 4; lastKnownFileType = sourcecode.c.c; path = access.c; sourceTree = "<group>"; };
		5B8D63911048991400208F64 /* access.h */ = {isa = PBXFileReference; fileEncoding = 4; lastKnownFileType = sourcecode.c.h; path = access.h; sourceTree = "<group>"; };
		5B8D63921048991400208F64 /* alloc.c */ = {isa = PBXFileReference; fileEncoding = 4; lastKnownFileType = sourcecode.c.c; path = alloc.c; sourceTree = "<group>"; };
		5B8D63931048991400208F64 /* attrask.c */ = {isa = PBXFileReference; fileEncoding = 4; lastKnownFileType = sourcecode.c.c; path = attrask.c; sourceTree = "<group>"; };
		5B8D63941048991400208F64 /* attrdict.c */ = {isa = PBXFileReference; fileEncoding = 4; lastKnownFileType = sourcecode.c.c; path = attrdict.c; sourceTree = "<group>"; };
		5B8D63951048991400208F64 /* attrdict.h */ = {isa = PBXFileReference; fileEncoding = 4; lastKnownFileType = sourcecode.c.h; path = attrdict.h; sourceTree = "<group>"; };
		5B8D63961048991400208F64 /* attrget.c */ = {isa = PBXFileReference; fileEncoding = 4; lastKnownFileType = sourcecode.c.c; path = attrget.c; sourceTree = "<group>"; };
		5B8D63971048991400208F64 /* attrs.c */ = {isa = PBXFileReference; fileEncoding = 4; lastKnownFileType = sourcecode.c.c; path = attrs.c; sourceTree = "<group>"; };
		5B8D63981048991400208F64 /* attrs.h */ = {isa = PBXFileReference; fileEncoding = 4; lastKnownFileType = sourcecode.c.h; path = attrs.h; sourceTree = "<group>"; };
		5B8D63991048991400208F64 /* buffio.c */ = {isa = PBXFileReference; fileEncoding = 4; lastKnownFileType = sourcecode.c.c; path = buffio.c; sourceTree = "<group>"; };
		5B8D639A1048991400208F64 /* charsets.c */ = {isa = PBXFileReference; fileEncoding = 4; lastKnownFileType = sourcecode.c.c; path = charsets.c; sourceTree = "<group>"; };
		5B8D639B1048991400208F64 /* charsets.h */ = {isa = PBXFileReference; fileEncoding = 4; lastKnownFileType = sourcecode.c.h; path = charsets.h; sourceTree = "<group>"; };
		5B8D639C1048991400208F64 /* clean.c */ = {isa = PBXFileReference; fileEncoding = 4; lastKnownFileType = sourcecode.c.c; path = clean.c; sourceTree = "<group>"; };
		5B8D639D1048991400208F64 /* clean.h */ = {isa = PBXFileReference; fileEncoding = 4; lastKnownFileType = sourcecode.c.h; path = clean.h; sourceTree = "<group>"; };
		5B8D639E1048991400208F64 /* config.c */ = {isa = PBXFileReference; fileEncoding = 4; lastKnownFileType = sourcecode.c.c; path = config.c; sourceTree = "<group>"; };
		5B8D639F1048991400208F64 /* config.h */ = {isa = PBXFileReference; fileEncoding = 4; lastKnownFileType = sourcecode.c.h; path = config.h; sourceTree = "<group>"; };
		5B8D63A01048991400208F64 /* entities.c */ = {isa = PBXFileReference; fileEncoding = 4; lastKnownFileType = sourcecode.c.c; path = entities.c; sourceTree = "<group>"; };
		5B8D63A11048991400208F64 /* entities.h */ = {isa = PBXFileReference; fileEncoding = 4; lastKnownFileType = sourcecode.c.h; path = entities.h; sourceTree = "<group>"; };
		5B8D63A21048991400208F64 /* fileio.c */ = {isa = PBXFileReference; fileEncoding = 4; lastKnownFileType = sourcecode.c.c; path = fileio.c; sourceTree = "<group>"; };
		5B8D63A31048991400208F64 /* fileio.h */ = {isa = PBXFileReference; fileEncoding = 4; lastKnownFileType = sourcecode.c.h; path = fileio.h; sourceTree = "<group>"; };
		5B8D63A41048991400208F64 /* forward.h */ = {isa = PBXFileReference; fileEncoding = 4; lastKnownFileType = sourcecode.c.h; path = forward.h; sourceTree = "<group>"; };
		5B8D63A51048991400208F64 /* iconvtc.c */ = {isa = PBXFileReference; fileEncoding = 4; lastKnownFileType = sourcecode.c.c; path = iconvtc.c; sourceTree = "<group>"; };
		5B8D63A61048991400208F64 /* iconvtc.h */ = {isa = PBXFileReference; fileEncoding = 4; lastKnownFileType = sourcecode.c.h; path = iconvtc.h; sourceTree = "<group>"; };
		5B8D63A71048991400208F64 /* istack.c */ = {isa = PBXFileReference; fileEncoding = 4; lastKnownFileType = sourcecode.c.c; path = istack.c; sourceTree = "<group>"; };
		5B8D63A81048991400208F64 /* lexer.c */ = {isa = PBXFileReference; fileEncoding = 4; lastKnownFileType = sourcecode.c.c; path = lexer.c; sourceTree = "<group>"; };
		5B8D63A91048991400208F64 /* lexer.h */ = {isa = PBXFileReference; fileEncoding = 4; lastKnownFileType = sourcecode.c.h; path = lexer.h; sourceTree = "<group>"; };
		5B8D63AA1048991400208F64 /* localize.c */ = {isa = PBXFileReference; fileEncoding = 4; lastKnownFileType = sourcecode.c.c; path = localize.c; sourceTree = "<group>"; };
		5B8D63AB1048991400208F64 /* mappedio.c */ = {isa = PBXFileReference; fileEncoding = 4; lastKnownFileType = sourcecode.c.c; path = mappedio.c; sourceTree = "<group>"; };
		5B8D63AC1048991400208F64 /* mappedio.h */ = {isa = PBXFileReference; fileEncoding = 4; lastKnownFileType = sourcecode.c.h; path = mappedio.h; sourceTree = "<group>"; };
		5B8D63AD1048991400208F64 /* message.h */ = {isa = PBXFileReference; fileEncoding = 4; lastKnownFileType = sourcecode.c.h; path = message.h; sourceTree = "<group>"; };
		5B8D63AE1048991400208F64 /* parser.c */ = {isa = PBXFileReference; fileEncoding = 4; lastKnownFileType = sourcecode.c.c; path = parser.c; sourceTree = "<group>"; };
		5B8D63AF1048991400208F64 /* parser.h */ = {isa = PBXFileReference; fileEncoding = 4; lastKnownFileType = sourcecode.c.h; path = parser.h; sourceTree = "<group>"; };
		5B8D63B01048991400208F64 /* pprint.c */ = {isa = PBXFileReference; fileEncoding = 4; lastKnownFileType = sourcecode.c.c; path = pprint.c; sourceTree = "<group>"; };
		5B8D63B11048991400208F64 /* pprint.h */ = {isa = PBXFileReference; fileEncoding = 4; lastKnownFileType = sourcecode.c.h; path = pprint.h; sourceTree = "<group>"; };
		5B8D63B21048991400208F64 /* streamio.c */ = {isa = PBXFileReference; fileEncoding = 4; lastKnownFileType = sourcecode.c.c; path = streamio.c; sourceTree = "<group>"; };
		5B8D63B31048991400208F64 /* streamio.h */ = {isa = PBXFileReference; fileEncoding = 4; lastKnownFileType = sourcecode.c.h; path = streamio.h; sourceTree = "<group>"; };
		5B8D63B41048991400208F64 /* tagask.c */ = {isa = PBXFileReference; fileEncoding = 4; lastKnownFileType = sourcecode.c.c; path = tagask.c; sourceTree = "<group>"; };
		5B8D63B51048991400208F64 /* tags.c */ = {isa = PBXFileReference; fileEncoding = 4; lastKnownFileType = sourcecode.c.c; path = tags.c; sourceTree = "<group>"; };
		5B8D63B61048991400208F64 /* tags.h */ = {isa = PBXFileReference; fileEncoding = 4; lastKnownFileType = sourcecode.c.h; path = tags.h; sourceTree = "<group>"; };
		5B8D63B71048991400208F64 /* tidy-int.h */ = {isa = PBXFileReference; fileEncoding = 4; lastKnownFileType = sourcecode.c.h; path = "tidy-int.h"; sourceTree = "<group>"; };
		5B8D63B81048991400208F64 /* tidylib.c */ = {isa = PBXFileReference; fileEncoding = 4; lastKnownFileType = sourcecode.c.c; path = tidylib.c; sourceTree = "<group>"; };
		5B8D63B91048991400208F64 /* tmbstr.c */ = {isa = PBXFileReference; fileEncoding = 4; lastKnownFileType = sourcecode.c.c; path = tmbstr.c; sourceTree = "<group>"; };
		5B8D63BA1048991400208F64 /* tmbstr.h */ = {isa = PBXFileReference; fileEncoding = 4; lastKnownFileType = sourcecode.c.h; path = tmbstr.h; sourceTree = "<group>"; };
		5B8D63BB1048991400208F64 /* utf8.c */ = {isa = PBXFileReference; fileEncoding = 4; lastKnownFileType = sourcecode.c.c; path = utf8.c; sourceTree = "<group>"; };
		5B8D63BC1048991400208F64 /* utf8.h */ = {isa = PBXFileReference; fileEncoding = 4; lastKnownFileType = sourcecode.c.h; path = utf8.h; sourceTree = "<group>"; };
		5B8D63BD1048991400208F64 /* version.h */ = {isa = PBXFileReference; fileEncoding = 4; lastKnownFileType = sourcecode.c.h; path = version.h; sourceTree = "<group>"; };
		5B8D63BE1048991400208F64 /* win32tc.c */ = {isa = PBXFileReference; fileEncoding = 4; lastKnownFileType = sourcecode.c.c; path = win32tc.c; sourceTree = "<group>"; };
		5B8D63BF1048991400208F64 /* win32tc.h */ = {isa = PBXFileReference; fileEncoding = 4; lastKnownFileType = sourcecode.c.h; path = win32tc.h; sourceTree = "<group>"; };
		5B8F1D2A10448E3E00DF8D8E /* he_large.png */ = {isa = PBXFileReference; lastKnownFileType = image.png; name = he_large.png; path = Images/he_large.png; sourceTree = "<group>"; };
		5B8F1D2B10448E3E00DF8D8E /* he_mainmenu.png */ = {isa = PBXFileReference; lastKnownFileType = image.png; name = he_mainmenu.png; path = Images/he_mainmenu.png; sourceTree = "<group>"; };
		5B8F1D2C10448E3E00DF8D8E /* he_small.png */ = {isa = PBXFileReference; lastKnownFileType = image.png; name = he_small.png; path = Images/he_small.png; sourceTree = "<group>"; };
		5B8F1D531044A29B00DF8D8E /* LocationGroup.h */ = {isa = PBXFileReference; fileEncoding = 4; lastKnownFileType = sourcecode.c.h; path = LocationGroup.h; sourceTree = "<group>"; };
		5B8F1D541044A29B00DF8D8E /* LocationGroup.m */ = {isa = PBXFileReference; fileEncoding = 4; lastKnownFileType = sourcecode.c.objc; path = LocationGroup.m; sourceTree = "<group>"; };
		5BBD53331048FC56001AB004 /* 03-loopback.png */ = {isa = PBXFileReference; lastKnownFileType = image.png; name = "03-loopback.png"; path = "Images/03-loopback.png"; sourceTree = "<group>"; };
		5BCD483C1025538D0066772E /* QuartzCore.framework */ = {isa = PBXFileReference; lastKnownFileType = wrapper.framework; name = QuartzCore.framework; path = System/Library/Frameworks/QuartzCore.framework; sourceTree = SDKROOT; };
		5BCD502A102554840066772E /* MapView.xcodeproj */ = {isa = PBXFileReference; lastKnownFileType = "wrapper.pb-project"; name = MapView.xcodeproj; path = ../routemeNT/MapView/MapView.xcodeproj; sourceTree = SOURCE_ROOT; };
		5BCD503E102554980066772E /* CoreLocation.framework */ = {isa = PBXFileReference; lastKnownFileType = wrapper.framework; name = CoreLocation.framework; path = System/Library/Frameworks/CoreLocation.framework; sourceTree = SDKROOT; };
		5BCD5048102555D00066772E /* MapViewController.h */ = {isa = PBXFileReference; fileEncoding = 4; lastKnownFileType = sourcecode.c.h; path = MapViewController.h; sourceTree = "<group>"; };
		5BCD5049102555D00066772E /* MapViewController.m */ = {isa = PBXFileReference; fileEncoding = 4; lastKnownFileType = sourcecode.c.objc; path = MapViewController.m; sourceTree = "<group>"; };
		5BCD51B9102570360066772E /* MainMenuController.h */ = {isa = PBXFileReference; fileEncoding = 4; lastKnownFileType = sourcecode.c.h; path = MainMenuController.h; sourceTree = "<group>"; };
		5BCD51BA102570360066772E /* MainMenuController.m */ = {isa = PBXFileReference; fileEncoding = 4; lastKnownFileType = sourcecode.c.objc; path = MainMenuController.m; sourceTree = "<group>"; };
		5BF87E5910366A3800787B2A /* PurchaseController.h */ = {isa = PBXFileReference; fileEncoding = 4; lastKnownFileType = sourcecode.c.h; path = PurchaseController.h; sourceTree = "<group>"; };
		5BF87E5A10366A3800787B2A /* PurchaseController.m */ = {isa = PBXFileReference; fileEncoding = 4; lastKnownFileType = sourcecode.c.objc; path = PurchaseController.m; sourceTree = "<group>"; };
		5BF87E891036783300787B2A /* StoreObserver.h */ = {isa = PBXFileReference; fileEncoding = 4; lastKnownFileType = sourcecode.c.h; path = StoreObserver.h; sourceTree = "<group>"; };
		5BF87E8A1036783300787B2A /* StoreObserver.m */ = {isa = PBXFileReference; fileEncoding = 4; lastKnownFileType = sourcecode.c.objc; path = StoreObserver.m; sourceTree = "<group>"; };
		8D1107310486CEB800E47090 /* History-Info.plist */ = {isa = PBXFileReference; fileEncoding = 4; lastKnownFileType = text.plist.xml; path = "History-Info.plist"; plistStructureDefinitionIdentifier = "com.apple.xcode.plist.structure-definition.iphone.info-plist"; sourceTree = "<group>"; };
/* End PBXFileReference section */

/* Begin PBXFrameworksBuildPhase section */
		1D60588F0D05DD3D006BFB54 /* Frameworks */ = {
			isa = PBXFrameworksBuildPhase;
			buildActionMask = 2147483647;
			files = (
				1D60589F0D05DD5A006BFB54 /* Foundation.framework in Frameworks */,
				1DF5F4E00D08C38300B7A737 /* UIKit.framework in Frameworks */,
				288765A50DF7441C002DB57D /* CoreGraphics.framework in Frameworks */,
				5BCD483D1025538D0066772E /* QuartzCore.framework in Frameworks */,
				5BCD503F102554980066772E /* CoreLocation.framework in Frameworks */,
				5BCD507110255B880066772E /* libMapView.a in Frameworks */,
				5B2F727F1026C5A500676DBD /* libThree20.a in Frameworks */,
				5B7F3E1A10360CE500114D2D /* StoreKit.framework in Frameworks */,
				5B040873103A5AD700F7C25B /* SystemConfiguration.framework in Frameworks */,
				5B8D636F1048978300208F64 /* libxml2.dylib in Frameworks */,
			);
			runOnlyForDeploymentPostprocessing = 0;
		};
/* End PBXFrameworksBuildPhase section */

/* Begin PBXGroup section */
		080E96DDFE201D6D7F000001 /* Classes */ = {
			isa = PBXGroup;
			children = (
				5B98EB98103929A400079D2F /* Core Application */,
				5B98EB971039298E00079D2F /* Maps */,
				5B98EB961039296B00079D2F /* In-App-Purchase */,
				5B98EB0E10390FF700079D2F /* Search Results */,
			);
			path = Classes;
			sourceTree = "<group>";
		};
		19C28FACFE9D520D11CA2CBB /* Products */ = {
			isa = PBXGroup;
			children = (
				1D6058910D05DD3D006BFB54 /* Historic Earth.app */,
			);
			name = Products;
			sourceTree = "<group>";
		};
		29B97314FDCFA39411CA2CEA /* CustomTemplate */ = {
			isa = PBXGroup;
			children = (
				5B8D6363104896C700208F64 /* TouchXML */,
				5B8D61891047806C00208F64 /* Default.png */,
				5B2F728E1026C98000676DBD /* Three20.bundle */,
				5B2F72791026C59C00676DBD /* Three20.xcodeproj */,
				5B2F723F10268EE500676DBD /* JSON */,
				5BCD502A102554840066772E /* MapView.xcodeproj */,
				5B20C8D71022BBC90003FE62 /* paperbackground.png */,
				5B20C8EA1022BCE60003FE62 /* CustomButton.h */,
				5B11934E103B80E100A71E72 /* up.png */,
				5B11934F103B80E100A71E72 /* down.png */,
				5B20C8EB1022BCE60003FE62 /* CustomButton.m */,
				5B20C8CF1022BA500003FE62 /* Images */,
				080E96DDFE201D6D7F000001 /* Classes */,
				29B97315FDCFA39411CA2CEA /* Other Sources */,
				29B97317FDCFA39411CA2CEA /* Resources */,
				29B97323FDCFA39411CA2CEA /* Frameworks */,
				19C28FACFE9D520D11CA2CBB /* Products */,
				5BCD483C1025538D0066772E /* QuartzCore.framework */,
				5BCD503E102554980066772E /* CoreLocation.framework */,
				5B7F3E1910360CE500114D2D /* StoreKit.framework */,
				5B040872103A5AD700F7C25B /* SystemConfiguration.framework */,
				5B8D636E1048978300208F64 /* libxml2.dylib */,
			);
			name = CustomTemplate;
			sourceTree = "<group>";
		};
		29B97315FDCFA39411CA2CEA /* Other Sources */ = {
			isa = PBXGroup;
			children = (
				32CA4F630368D1EE00C91783 /* History_Prefix.pch */,
				29B97316FDCFA39411CA2CEA /* main.m */,
			);
			name = "Other Sources";
			sourceTree = "<group>";
		};
		29B97317FDCFA39411CA2CEA /* Resources */ = {
			isa = PBXGroup;
			children = (
				2899E5210DE3E06400AC0155 /* HistoryViewController.xib */,
				28AD733E0D9D9553002E5188 /* MainWindow.xib */,
				8D1107310486CEB800E47090 /* History-Info.plist */,
			);
			name = Resources;
			sourceTree = "<group>";
		};
		29B97323FDCFA39411CA2CEA /* Frameworks */ = {
			isa = PBXGroup;
			children = (
				1DF5F4DF0D08C38300B7A737 /* UIKit.framework */,
				1D30AB110D05D00D00671497 /* Foundation.framework */,
				288765A40DF7441C002DB57D /* CoreGraphics.framework */,
			);
			name = Frameworks;
			sourceTree = "<group>";
		};
		5B20C8CF1022BA500003FE62 /* Images */ = {
			isa = PBXGroup;
			children = (
				5BBD53331048FC56001AB004 /* 03-loopback.png */,
				5B8D614C10477D2F00208F64 /* 14-tag.png */,
				5B8F1D2A10448E3E00DF8D8E /* he_large.png */,
				5B8F1D2B10448E3E00DF8D8E /* he_mainmenu.png */,
				5B8F1D2C10448E3E00DF8D8E /* he_small.png */,
				5B11941E103BC21F00A71E72 /* 01-refresh.png */,
				5B11941F103BC21F00A71E72 /* 02-redo.png */,
				5B119420103BC21F00A71E72 /* 06-magnifying-glass.png */,
				5B119421103BC21F00A71E72 /* 07-map-marker.png */,
				5B119422103BC21F00A71E72 /* 11-clock.png */,
				5B119423103BC21F00A71E72 /* 12-eye.png */,
				5B119424103BC21F00A71E72 /* 13-target.png */,
				5B119425103BC21F00A71E72 /* 19-gear.png */,
				5B119426103BC21F00A71E72 /* 20-gear2.png */,
				5B119427103BC21F00A71E72 /* 24-gift.png */,
				5B119428103BC21F00A71E72 /* 28-star.png */,
				5B119429103BC21F00A71E72 /* 30-key.png */,
				5B11942A103BC21F00A71E72 /* 54-lock.png */,
				5B11942B103BC21F00A71E72 /* 71-compass.png */,
				5B11942C103BC21F00A71E72 /* 73-radar.png */,
				5B11942D103BC21F00A71E72 /* 74-location.png */,
				5B11942E103BC21F00A71E72 /* 80-shopping-cart.png */,
				5B11942F103BC21F00A71E72 /* backarrow.png */,
				5B119430103BC21F00A71E72 /* forwardarrow.png */,
				5B37B577103B1D1F008CF2FC /* marker-blue.png */,
				5B37B548103B1B12008CF2FC /* marker-crosshair.png */,
				5B20C8F11022BD600003FE62 /* custombuttonpressed.png */,
				5B20C8F21022BD600003FE62 /* custombuttonnormal.png */,
			);
			name = Images;
			sourceTree = "<group>";
		};
		5B22B676103D06780026281D /* Featured Locations */ = {
			isa = PBXGroup;
			children = (
				5B22B5F9103CB5BF0026281D /* FeaturedController.h */,
				5B22B5FA103CB5BF0026281D /* FeaturedController.m */,
				5B22B603103CB6EE0026281D /* FeaturedLocationController.h */,
				5B22B604103CB6EE0026281D /* FeaturedLocationController.m */,
				5B22B608103CB91D0026281D /* Location.h */,
				5B22B609103CB91D0026281D /* Location.m */,
				5B8F1D531044A29B00DF8D8E /* LocationGroup.h */,
				5B8F1D541044A29B00DF8D8E /* LocationGroup.m */,
			);
			name = "Featured Locations";
			sourceTree = "<group>";
		};
		5B22B677103D068E0026281D /* Search by address */ = {
			isa = PBXGroup;
			children = (
				5B03BCD610390E2B00D6E9DD /* SearchController.h */,
				5B03BCD710390E2B00D6E9DD /* SearchController.m */,
			);
			name = "Search by address";
			sourceTree = "<group>";
		};
		5B22B678103D06AE0026281D /* Search by latlong */ = {
			isa = PBXGroup;
			children = (
				5B03BCD110390DBD00D6E9DD /* LocationController.h */,
				5B03BCD210390DBD00D6E9DD /* LocationController.m */,
			);
			name = "Search by latlong";
			sourceTree = "<group>";
		};
		5B2F723F10268EE500676DBD /* JSON */ = {
			isa = PBXGroup;
			children = (
				5B2F722C10268EE100676DBD /* JSON.h */,
				5B2F722D10268EE100676DBD /* NSObject+SBJSON.h */,
				5B2F722E10268EE100676DBD /* NSObject+SBJSON.m */,
				5B2F722F10268EE100676DBD /* NSString+SBJSON.h */,
				5B2F723010268EE100676DBD /* NSString+SBJSON.m */,
				5B2F723110268EE100676DBD /* SBJSON.h */,
				5B2F723210268EE100676DBD /* SBJSON.m */,
				5B2F723310268EE100676DBD /* SBJsonBase.h */,
				5B2F723410268EE100676DBD /* SBJsonBase.m */,
				5B2F723510268EE100676DBD /* SBJsonParser.h */,
				5B2F723610268EE100676DBD /* SBJsonParser.m */,
				5B2F723710268EE100676DBD /* SBJsonWriter.h */,
				5B2F723810268EE100676DBD /* SBJsonWriter.m */,
			);
			name = JSON;
			sourceTree = "<group>";
		};
		5B2F727A1026C59C00676DBD /* Products */ = {
			isa = PBXGroup;
			children = (
				5B2F727E1026C59C00676DBD /* libThree20.a */,
			);
			name = Products;
			sourceTree = "<group>";
		};
		5B8D6363104896C700208F64 /* TouchXML */ = {
			isa = PBXGroup;
			children = (
				5B8D638A1048991400208F64 /* include */,
				5B8D638F1048991400208F64 /* src */,
				5B8D6374104897FC00208F64 /* Creation */,
				5B8D6379104897FC00208F64 /* Tidy */,
				5B8D6344104896BD00208F64 /* CXMLDocument_PrivateExtensions.h */,
				5B8D6345104896BD00208F64 /* CXMLDocument_PrivateExtensions.m */,
				5B8D6346104896BD00208F64 /* CXMLDocument.h */,
				5B8D6347104896BD00208F64 /* CXMLDocument.m */,
				5B8D6348104896BD00208F64 /* CXMLElement_CreationExtensions.h */,
				5B8D6349104896BD00208F64 /* CXMLElement_CreationExtensions.m */,
				5B8D634A104896BD00208F64 /* CXMLElement_ElementTreeExtensions.h */,
				5B8D634B104896BD00208F64 /* CXMLElement_ElementTreeExtensions.m */,
				5B8D634C104896BD00208F64 /* CXMLElement.h */,
				5B8D634D104896BD00208F64 /* CXMLElement.m */,
				5B8D634E104896BD00208F64 /* CXMLNode_PrivateExtensions.h */,
				5B8D634F104896BD00208F64 /* CXMLNode_PrivateExtensions.m */,
				5B8D6350104896BD00208F64 /* CXMLNode_XPathExtensions.h */,
				5B8D6351104896BD00208F64 /* CXMLNode_XPathExtensions.m */,
				5B8D6352104896BD00208F64 /* CXMLNode.h */,
				5B8D6353104896BD00208F64 /* CXMLNode.m */,
				5B8D6357104896BD00208F64 /* TouchXML.h */,
			);
			name = TouchXML;
			sourceTree = "<group>";
		};
		5B8D6374104897FC00208F64 /* Creation */ = {
			isa = PBXGroup;
			children = (
				5B8D6375104897FC00208F64 /* CXMLDocument_CreationExtensions.h */,
				5B8D6376104897FC00208F64 /* CXMLDocument_CreationExtensions.m */,
				5B8D6377104897FC00208F64 /* CXMLNode_CreationExtensions.h */,
				5B8D6378104897FC00208F64 /* CXMLNode_CreationExtensions.m */,
			);
			name = Creation;
			path = ../TouchXML/Common/Source/Creation;
			sourceTree = SOURCE_ROOT;
		};
		5B8D6379104897FC00208F64 /* Tidy */ = {
			isa = PBXGroup;
			children = (
				5B8D637A104897FC00208F64 /* CTidy.h */,
				5B8D637B104897FC00208F64 /* CTidy.m */,
			);
			name = Tidy;
			path = ../TouchXML/Common/Source/Tidy;
			sourceTree = SOURCE_ROOT;
		};
		5B8D638A1048991400208F64 /* include */ = {
			isa = PBXGroup;
			children = (
				5B8D638B1048991400208F64 /* buffio.h */,
				5B8D638C1048991400208F64 /* platform.h */,
				5B8D638D1048991400208F64 /* tidy.h */,
				5B8D638E1048991400208F64 /* tidyenum.h */,
			);
			name = include;
			path = ../TouchXML/Externals/tidy/include;
			sourceTree = SOURCE_ROOT;
		};
		5B8D638F1048991400208F64 /* src */ = {
			isa = PBXGroup;
			children = (
				5B8D63901048991400208F64 /* access.c */,
				5B8D63911048991400208F64 /* access.h */,
				5B8D63921048991400208F64 /* alloc.c */,
				5B8D63931048991400208F64 /* attrask.c */,
				5B8D63941048991400208F64 /* attrdict.c */,
				5B8D63951048991400208F64 /* attrdict.h */,
				5B8D63961048991400208F64 /* attrget.c */,
				5B8D63971048991400208F64 /* attrs.c */,
				5B8D63981048991400208F64 /* attrs.h */,
				5B8D63991048991400208F64 /* buffio.c */,
				5B8D639A1048991400208F64 /* charsets.c */,
				5B8D639B1048991400208F64 /* charsets.h */,
				5B8D639C1048991400208F64 /* clean.c */,
				5B8D639D1048991400208F64 /* clean.h */,
				5B8D639E1048991400208F64 /* config.c */,
				5B8D639F1048991400208F64 /* config.h */,
				5B8D63A01048991400208F64 /* entities.c */,
				5B8D63A11048991400208F64 /* entities.h */,
				5B8D63A21048991400208F64 /* fileio.c */,
				5B8D63A31048991400208F64 /* fileio.h */,
				5B8D63A41048991400208F64 /* forward.h */,
				5B8D63A51048991400208F64 /* iconvtc.c */,
				5B8D63A61048991400208F64 /* iconvtc.h */,
				5B8D63A71048991400208F64 /* istack.c */,
				5B8D63A81048991400208F64 /* lexer.c */,
				5B8D63A91048991400208F64 /* lexer.h */,
				5B8D63AA1048991400208F64 /* localize.c */,
				5B8D63AB1048991400208F64 /* mappedio.c */,
				5B8D63AC1048991400208F64 /* mappedio.h */,
				5B8D63AD1048991400208F64 /* message.h */,
				5B8D63AE1048991400208F64 /* parser.c */,
				5B8D63AF1048991400208F64 /* parser.h */,
				5B8D63B01048991400208F64 /* pprint.c */,
				5B8D63B11048991400208F64 /* pprint.h */,
				5B8D63B21048991400208F64 /* streamio.c */,
				5B8D63B31048991400208F64 /* streamio.h */,
				5B8D63B41048991400208F64 /* tagask.c */,
				5B8D63B51048991400208F64 /* tags.c */,
				5B8D63B61048991400208F64 /* tags.h */,
				5B8D63B71048991400208F64 /* tidy-int.h */,
				5B8D63B81048991400208F64 /* tidylib.c */,
				5B8D63B91048991400208F64 /* tmbstr.c */,
				5B8D63BA1048991400208F64 /* tmbstr.h */,
				5B8D63BB1048991400208F64 /* utf8.c */,
				5B8D63BC1048991400208F64 /* utf8.h */,
				5B8D63BD1048991400208F64 /* version.h */,
				5B8D63BE1048991400208F64 /* win32tc.c */,
				5B8D63BF1048991400208F64 /* win32tc.h */,
			);
			name = src;
			path = ../TouchXML/Externals/tidy/src;
			sourceTree = SOURCE_ROOT;
		};
		5B98EB0E10390FF700079D2F /* Search Results */ = {
			isa = PBXGroup;
			children = (
				28D7ACF60DDB3853001CB0EB /* AbstractMapListController.h */,
				28D7ACF70DDB3853001CB0EB /* AbstractMapListController.m */,
				5B22B678103D06AE0026281D /* Search by latlong */,
				5B22B677103D068E0026281D /* Search by address */,
				5B22B676103D06780026281D /* Featured Locations */,
			);
			name = "Search Results";
			sourceTree = "<group>";
		};
		5B98EB961039296B00079D2F /* In-App-Purchase */ = {
			isa = PBXGroup;
			children = (
				5B7F3E2110360D2600114D2D /* UnlockController.h */,
				5B7F3E2210360D2600114D2D /* UnlockController.m */,
				5BF87E5910366A3800787B2A /* PurchaseController.h */,
				5BF87E5A10366A3800787B2A /* PurchaseController.m */,
				5BF87E891036783300787B2A /* StoreObserver.h */,
				5BF87E8A1036783300787B2A /* StoreObserver.m */,
				5B22B8CB103E0DA20026281D /* NSDataBase64.h */,
				5B22B8CC103E0DA20026281D /* NSDataBase64.m */,
			);
			name = "In-App-Purchase";
			sourceTree = "<group>";
		};
		5B98EB971039298E00079D2F /* Maps */ = {
			isa = PBXGroup;
			children = (
				5B8D62691047A67D00208F64 /* LenientUISlider.h */,
				5B8D626A1047A67D00208F64 /* LenientUISlider.m */,
				5B1193AC103BB81A00A71E72 /* InfoController.h */,
				5B1193AD103BB81A00A71E72 /* InfoController.m */,
				5B1193CA103BBA7E00A71E72 /* InfoView.xib */,
				5B0405D81039A82400F7C25B /* Map.h */,
				5B0405D91039A82400F7C25B /* Map.m */,
				5BCD5048102555D00066772E /* MapViewController.h */,
				5BCD5049102555D00066772E /* MapViewController.m */,
				5B8D62BF10487F9C00208F64 /* CoverageController.h */,
				5B8D62C010487F9C00208F64 /* CoverageController.m */,
			);
			name = Maps;
			sourceTree = "<group>";
		};
		5B98EB98103929A400079D2F /* Core Application */ = {
			isa = PBXGroup;
			children = (
				5B040852103A4D2900F7C25B /* Reachability.h */,
				5B040853103A4D2900F7C25B /* Reachability.m */,
				5BCD51B9102570360066772E /* MainMenuController.h */,
				5BCD51BA102570360066772E /* MainMenuController.m */,
				1D3623240D0F684500981E51 /* HistoryAppDelegate.h */,
				1D3623250D0F684500981E51 /* HistoryAppDelegate.m */,
				5B652E21103E63F900E3B3A4 /* SettingsController.h */,
				5B652E22103E63F900E3B3A4 /* SettingsController.m */,
				5B652E23103E63F900E3B3A4 /* SettingsController.xib */,
				5B8D615C10477E5D00208F64 /* AboutController.h */,
				5B8D615D10477E5D00208F64 /* AboutController.m */,
				5B8D615E10477E5D00208F64 /* AboutController.xib */,
				5B8D620510479B4500208F64 /* about.html */,
			);
			name = "Core Application";
			sourceTree = "<group>";
		};
		5BCD502B102554840066772E /* Products */ = {
			isa = PBXGroup;
			children = (
				5BCD5039102554840066772E /* libMapView.a */,
				5BCD503B102554840066772E /* RM Unit Tests.app */,
			);
			name = Products;
			sourceTree = "<group>";
		};
/* End PBXGroup section */

/* Begin PBXNativeTarget section */
		1D6058900D05DD3D006BFB54 /* Historic Earth */ = {
			isa = PBXNativeTarget;
			buildConfigurationList = 1D6058960D05DD3E006BFB54 /* Build configuration list for PBXNativeTarget "Historic Earth" */;
			buildPhases = (
				1D60588D0D05DD3D006BFB54 /* Resources */,
				1D60588E0D05DD3D006BFB54 /* Sources */,
				1D60588F0D05DD3D006BFB54 /* Frameworks */,
			);
			buildRules = (
			);
			dependencies = (
				5BCD503D1025548F0066772E /* PBXTargetDependency */,
				5B2F72811026C5B400676DBD /* PBXTargetDependency */,
			);
			name = "Historic Earth";
			productName = History;
			productReference = 1D6058910D05DD3D006BFB54 /* Historic Earth.app */;
			productType = "com.apple.product-type.application";
		};
/* End PBXNativeTarget section */

/* Begin PBXProject section */
		29B97313FDCFA39411CA2CEA /* Project object */ = {
			isa = PBXProject;
			buildConfigurationList = C01FCF4E08A954540054247B /* Build configuration list for PBXProject "History" */;
			compatibilityVersion = "Xcode 3.1";
			hasScannedForEncodings = 1;
			mainGroup = 29B97314FDCFA39411CA2CEA /* CustomTemplate */;
			projectDirPath = "";
			projectReferences = (
				{
					ProductGroup = 5BCD502B102554840066772E /* Products */;
					ProjectRef = 5BCD502A102554840066772E /* MapView.xcodeproj */;
				},
				{
					ProductGroup = 5B2F727A1026C59C00676DBD /* Products */;
					ProjectRef = 5B2F72791026C59C00676DBD /* Three20.xcodeproj */;
				},
			);
			projectRoot = "";
			targets = (
				1D6058900D05DD3D006BFB54 /* Historic Earth */,
			);
		};
/* End PBXProject section */

/* Begin PBXReferenceProxy section */
		5B2F727E1026C59C00676DBD /* libThree20.a */ = {
			isa = PBXReferenceProxy;
			fileType = archive.ar;
			path = libThree20.a;
			remoteRef = 5B2F727D1026C59C00676DBD /* PBXContainerItemProxy */;
			sourceTree = BUILT_PRODUCTS_DIR;
		};
		5BCD5039102554840066772E /* libMapView.a */ = {
			isa = PBXReferenceProxy;
			fileType = archive.ar;
			path = libMapView.a;
			remoteRef = 5BCD5038102554840066772E /* PBXContainerItemProxy */;
			sourceTree = BUILT_PRODUCTS_DIR;
		};
		5BCD503B102554840066772E /* RM Unit Tests.app */ = {
			isa = PBXReferenceProxy;
			fileType = wrapper.application;
			path = "RM Unit Tests.app";
			remoteRef = 5BCD503A102554840066772E /* PBXContainerItemProxy */;
			sourceTree = BUILT_PRODUCTS_DIR;
		};
/* End PBXReferenceProxy section */

/* Begin PBXResourcesBuildPhase section */
		1D60588D0D05DD3D006BFB54 /* Resources */ = {
			isa = PBXResourcesBuildPhase;
			buildActionMask = 2147483647;
			files = (
				28AD733F0D9D9553002E5188 /* MainWindow.xib in Resources */,
				2899E5220DE3E06400AC0155 /* HistoryViewController.xib in Resources */,
				5B20C8D81022BBC90003FE62 /* paperbackground.png in Resources */,
				5B20C8F31022BD600003FE62 /* custombuttonpressed.png in Resources */,
				5B20C8F41022BD600003FE62 /* custombuttonnormal.png in Resources */,
				5B2F728F1026C98000676DBD /* Three20.bundle in Resources */,
				5B37B549103B1B12008CF2FC /* marker-crosshair.png in Resources */,
				5B37B578103B1D1F008CF2FC /* marker-blue.png in Resources */,
				5B119350103B80E100A71E72 /* up.png in Resources */,
				5B119351103B80E100A71E72 /* down.png in Resources */,
				5B1193CB103BBA7E00A71E72 /* InfoView.xib in Resources */,
				5B119431103BC21F00A71E72 /* 01-refresh.png in Resources */,
				5B119432103BC21F00A71E72 /* 02-redo.png in Resources */,
				5B119433103BC21F00A71E72 /* 06-magnifying-glass.png in Resources */,
				5B119434103BC21F00A71E72 /* 07-map-marker.png in Resources */,
				5B119435103BC21F00A71E72 /* 11-clock.png in Resources */,
				5B119436103BC21F00A71E72 /* 12-eye.png in Resources */,
				5B119437103BC21F00A71E72 /* 13-target.png in Resources */,
				5B119438103BC21F00A71E72 /* 19-gear.png in Resources */,
				5B119439103BC21F00A71E72 /* 20-gear2.png in Resources */,
				5B11943A103BC21F00A71E72 /* 24-gift.png in Resources */,
				5B11943B103BC21F00A71E72 /* 28-star.png in Resources */,
				5B11943C103BC21F00A71E72 /* 30-key.png in Resources */,
				5B11943D103BC21F00A71E72 /* 54-lock.png in Resources */,
				5B11943E103BC21F00A71E72 /* 71-compass.png in Resources */,
				5B11943F103BC21F00A71E72 /* 73-radar.png in Resources */,
				5B119440103BC21F00A71E72 /* 74-location.png in Resources */,
				5B119441103BC21F00A71E72 /* 80-shopping-cart.png in Resources */,
				5B119442103BC21F00A71E72 /* backarrow.png in Resources */,
				5B119443103BC21F00A71E72 /* forwardarrow.png in Resources */,
				5B652E25103E63F900E3B3A4 /* SettingsController.xib in Resources */,
				5B8F1D2D10448E3E00DF8D8E /* he_large.png in Resources */,
				5B8F1D2E10448E3E00DF8D8E /* he_mainmenu.png in Resources */,
				5B8F1D2F10448E3E00DF8D8E /* he_small.png in Resources */,
				5B8D614D10477D2F00208F64 /* 14-tag.png in Resources */,
				5B8D616010477E5D00208F64 /* AboutController.xib in Resources */,
				5B8D618A1047806C00208F64 /* Default.png in Resources */,
				5B8D620610479B4500208F64 /* about.html in Resources */,
				5BBD53341048FC56001AB004 /* 03-loopback.png in Resources */,
			);
			runOnlyForDeploymentPostprocessing = 0;
		};
/* End PBXResourcesBuildPhase section */

/* Begin PBXSourcesBuildPhase section */
		1D60588E0D05DD3D006BFB54 /* Sources */ = {
			isa = PBXSourcesBuildPhase;
			buildActionMask = 2147483647;
			files = (
				1D60589B0D05DD56006BFB54 /* main.m in Sources */,
				1D3623260D0F684500981E51 /* HistoryAppDelegate.m in Sources */,
				28D7ACF80DDB3853001CB0EB /* AbstractMapListController.m in Sources */,
				5B20C8EC1022BCE60003FE62 /* CustomButton.m in Sources */,
				5BCD504A102555D00066772E /* MapViewController.m in Sources */,
				5BCD51BB102570360066772E /* MainMenuController.m in Sources */,
				5B2F723910268EE100676DBD /* NSObject+SBJSON.m in Sources */,
				5B2F723A10268EE100676DBD /* NSString+SBJSON.m in Sources */,
				5B2F723B10268EE100676DBD /* SBJSON.m in Sources */,
				5B2F723C10268EE100676DBD /* SBJsonBase.m in Sources */,
				5B2F723D10268EE100676DBD /* SBJsonParser.m in Sources */,
				5B2F723E10268EE100676DBD /* SBJsonWriter.m in Sources */,
				5B7F3E2310360D2600114D2D /* UnlockController.m in Sources */,
				5BF87E5B10366A3800787B2A /* PurchaseController.m in Sources */,
				5BF87E8B1036783300787B2A /* StoreObserver.m in Sources */,
				5B03BCD310390DBD00D6E9DD /* LocationController.m in Sources */,
				5B03BCD810390E2B00D6E9DD /* SearchController.m in Sources */,
				5B0405DA1039A82400F7C25B /* Map.m in Sources */,
				5B040854103A4D2900F7C25B /* Reachability.m in Sources */,
				5B1193AE103BB81A00A71E72 /* InfoController.m in Sources */,
				5B22B5FB103CB5BF0026281D /* FeaturedController.m in Sources */,
				5B22B605103CB6EE0026281D /* FeaturedLocationController.m in Sources */,
				5B22B60A103CB91D0026281D /* Location.m in Sources */,
				5B22B8CD103E0DA20026281D /* NSDataBase64.m in Sources */,
				5B652E24103E63F900E3B3A4 /* SettingsController.m in Sources */,
				5B8F1D551044A29B00DF8D8E /* LocationGroup.m in Sources */,
				5B8D615F10477E5D00208F64 /* AboutController.m in Sources */,
				5B8D626B1047A67D00208F64 /* LenientUISlider.m in Sources */,
				5B8D62C110487F9C00208F64 /* CoverageController.m in Sources */,
				5B8D635A104896BD00208F64 /* CXMLDocument_PrivateExtensions.m in Sources */,
				5B8D635B104896BD00208F64 /* CXMLDocument.m in Sources */,
				5B8D635C104896BD00208F64 /* CXMLElement_CreationExtensions.m in Sources */,
				5B8D635D104896BD00208F64 /* CXMLElement_ElementTreeExtensions.m in Sources */,
				5B8D635E104896BD00208F64 /* CXMLElement.m in Sources */,
				5B8D635F104896BD00208F64 /* CXMLNode_PrivateExtensions.m in Sources */,
				5B8D6360104896BD00208F64 /* CXMLNode_XPathExtensions.m in Sources */,
				5B8D6361104896BD00208F64 /* CXMLNode.m in Sources */,
				5B8D637C104897FC00208F64 /* CXMLDocument_CreationExtensions.m in Sources */,
				5B8D637D104897FC00208F64 /* CXMLNode_CreationExtensions.m in Sources */,
				5B8D637E104897FC00208F64 /* CTidy.m in Sources */,
				5B8D63C01048991400208F64 /* access.c in Sources */,
				5B8D63C11048991400208F64 /* alloc.c in Sources */,
				5B8D63C21048991400208F64 /* attrask.c in Sources */,
				5B8D63C31048991400208F64 /* attrdict.c in Sources */,
				5B8D63C41048991400208F64 /* attrget.c in Sources */,
				5B8D63C51048991400208F64 /* attrs.c in Sources */,
				5B8D63C61048991400208F64 /* buffio.c in Sources */,
				5B8D63C71048991400208F64 /* charsets.c in Sources */,
				5B8D63C81048991400208F64 /* clean.c in Sources */,
				5B8D63C91048991400208F64 /* config.c in Sources */,
				5B8D63CA1048991400208F64 /* entities.c in Sources */,
				5B8D63CB1048991400208F64 /* fileio.c in Sources */,
				5B8D63CC1048991400208F64 /* iconvtc.c in Sources */,
				5B8D63CD1048991400208F64 /* istack.c in Sources */,
				5B8D63CE1048991400208F64 /* lexer.c in Sources */,
				5B8D63CF1048991400208F64 /* localize.c in Sources */,
				5B8D63D01048991400208F64 /* mappedio.c in Sources */,
				5B8D63D11048991400208F64 /* parser.c in Sources */,
				5B8D63D21048991400208F64 /* pprint.c in Sources */,
				5B8D63D31048991400208F64 /* streamio.c in Sources */,
				5B8D63D41048991400208F64 /* tagask.c in Sources */,
				5B8D63D51048991400208F64 /* tags.c in Sources */,
				5B8D63D61048991400208F64 /* tidylib.c in Sources */,
				5B8D63D71048991400208F64 /* tmbstr.c in Sources */,
				5B8D63D81048991400208F64 /* utf8.c in Sources */,
				5B8D63D91048991400208F64 /* win32tc.c in Sources */,
			);
			runOnlyForDeploymentPostprocessing = 0;
		};
/* End PBXSourcesBuildPhase section */

/* Begin PBXTargetDependency section */
		5B2F72811026C5B400676DBD /* PBXTargetDependency */ = {
			isa = PBXTargetDependency;
			name = Three20;
			targetProxy = 5B2F72801026C5B400676DBD /* PBXContainerItemProxy */;
		};
		5BCD503D1025548F0066772E /* PBXTargetDependency */ = {
			isa = PBXTargetDependency;
			name = MapView;
			targetProxy = 5BCD503C1025548F0066772E /* PBXContainerItemProxy */;
		};
/* End PBXTargetDependency section */

/* Begin XCBuildConfiguration section */
		1D6058940D05DD3E006BFB54 /* Debug */ = {
			isa = XCBuildConfiguration;
			buildSettings = {
				ALWAYS_SEARCH_USER_PATHS = NO;
				COPY_PHASE_STRIP = NO;
				GCC_DYNAMIC_NO_PIC = NO;
				GCC_OPTIMIZATION_LEVEL = 0;
				GCC_PRECOMPILE_PREFIX_HEADER = YES;
				GCC_PREFIX_HEADER = History_Prefix.pch;
				HEADER_SEARCH_PATHS = (
					../three20/src,
					"../routemeNT/MapView/**",
					"/usr/include/libxml2/**",
				);
				INFOPLIST_FILE = "History-Info.plist";
				LIBRARY_SEARCH_PATHS = (
					"$(inherited)",
					"\"$(SRCROOT)/../routemeNT/MapView/build/Debug-iphoneos\"",
					"\"$(SRCROOT)/../routemeNT/MapView/build/Debug-iphonesimulator\"",
					"\"$(SRCROOT)/../routemeNT/Proj4/build/Debug-iphoneos\"",
					"\"$(SRCROOT)/../routemeNT/Proj4/build/Debug-iphonesimulator\"",
				);
				PRODUCT_NAME = "Historic Earth";
			};
			name = Debug;
		};
		1D6058950D05DD3E006BFB54 /* Release */ = {
			isa = XCBuildConfiguration;
			buildSettings = {
				ALWAYS_SEARCH_USER_PATHS = NO;
				COPY_PHASE_STRIP = YES;
				GCC_PRECOMPILE_PREFIX_HEADER = YES;
				GCC_PREFIX_HEADER = History_Prefix.pch;
				HEADER_SEARCH_PATHS = (
					../three20/src,
					"../routemeNT/MapView/**",
					"/usr/include/libxml2/**",
				);
				INFOPLIST_FILE = "History-Info.plist";
				LIBRARY_SEARCH_PATHS = (
					"$(inherited)",
					"\"$(SRCROOT)/../routemeNT/MapView/build/Debug-iphoneos\"",
					"\"$(SRCROOT)/../routemeNT/MapView/build/Debug-iphonesimulator\"",
					"\"$(SRCROOT)/../routemeNT/Proj4/build/Debug-iphoneos\"",
					"\"$(SRCROOT)/../routemeNT/Proj4/build/Debug-iphonesimulator\"",
				);
				PRODUCT_NAME = "Historic Earth";
			};
			name = Release;
		};
		C01FCF4F08A954540054247B /* Debug */ = {
			isa = XCBuildConfiguration;
			buildSettings = {
				ARCHS = "$(ARCHS_STANDARD_32_BIT)";
				CODE_SIGN_IDENTITY = "iPhone Developer: Charles Carpenter (5A8YNUQFJA)";
				"CODE_SIGN_IDENTITY[sdk=iphoneos*]" = "iPhone Developer: Charles Carpenter (5A8YNUQFJA)";
				GCC_C_LANGUAGE_STANDARD = c99;
				GCC_WARN_ABOUT_RETURN_TYPE = YES;
				GCC_WARN_UNUSED_VARIABLE = YES;
				HEADER_SEARCH_PATHS = (
					"../three20/src/**",
					"../routemeNT/MapView/**",
					"/usr/include/libxml2/**",
					"../TouchXML/Externals/tidy/src/**",
					"../TouchXML/Externals/tidy/include/**",
				);
				OTHER_LDFLAGS = (
					"-lxml2",
					"-ObjC",
					"-all_load",
				);
				PREBINDING = NO;
				PROVISIONING_PROFILE = "3209CD61-D172-4EEE-9160-55C486291BCE";
				"PROVISIONING_PROFILE[sdk=iphoneos*]" = "3209CD61-D172-4EEE-9160-55C486291BCE";
				SDKROOT = iphoneos3.0;
			};
			name = Debug;
		};
		C01FCF5008A954540054247B /* Release */ = {
			isa = XCBuildConfiguration;
			buildSettings = {
				ARCHS = "$(ARCHS_STANDARD_32_BIT)";
				CODE_SIGN_IDENTITY = "iPhone Developer: Charles Carpenter (5A8YNUQFJA)";
				"CODE_SIGN_IDENTITY[sdk=iphoneos*]" = "iPhone Developer: Charles Carpenter (5A8YNUQFJA)";
				GCC_C_LANGUAGE_STANDARD = c99;
				GCC_WARN_ABOUT_RETURN_TYPE = YES;
				GCC_WARN_UNUSED_VARIABLE = YES;
				HEADER_SEARCH_PATHS = (
					"../three20/src/**",
					"../routemeNT/MapView/**",
					"/usr/include/libxml2/**",
					"../TouchXML/Externals/tidy/src/**",
					"../TouchXML/Externals/tidy/include/**",
				);
				OTHER_LDFLAGS = (
					"-lxml2",
					"-ObjC",
					"-all_load",
				);
				PREBINDING = NO;
				PROVISIONING_PROFILE = "3209CD61-D172-4EEE-9160-55C486291BCE";
				"PROVISIONING_PROFILE[sdk=iphoneos*]" = "3209CD61-D172-4EEE-9160-55C486291BCE";
				SDKROOT = iphoneos3.0;
			};
			name = Release;
		};
/* End XCBuildConfiguration section */

/* Begin XCConfigurationList section */
		1D6058960D05DD3E006BFB54 /* Build configuration list for PBXNativeTarget "Historic Earth" */ = {
			isa = XCConfigurationList;
			buildConfigurations = (
				1D6058940D05DD3E006BFB54 /* Debug */,
				1D6058950D05DD3E006BFB54 /* Release */,
			);
			defaultConfigurationIsVisible = 0;
			defaultConfigurationName = Release;
		};
		C01FCF4E08A954540054247B /* Build configuration list for PBXProject "History" */ = {
			isa = XCConfigurationList;
			buildConfigurations = (
				C01FCF4F08A954540054247B /* Debug */,
				C01FCF5008A954540054247B /* Release */,
			);
			defaultConfigurationIsVisible = 0;
			defaultConfigurationName = Release;
		};
/* End XCConfigurationList section */
	};
	rootObject = 29B97313FDCFA39411CA2CEA /* Project object */;
}
