// !$*UTF8*$!
{
	archiveVersion = 1;
	classes = {
	};
	objectVersion = 45;
	objects = {

/* Begin PBXBuildFile section */
		1D3623260D0F684500981E51 /* HistoryAppDelegate.m in Sources */ = {isa = PBXBuildFile; fileRef = 1D3623250D0F684500981E51 /* HistoryAppDelegate.m */; };
		1D60589B0D05DD56006BFB54 /* main.m in Sources */ = {isa = PBXBuildFile; fileRef = 29B97316FDCFA39411CA2CEA /* main.m */; };
		1D60589F0D05DD5A006BFB54 /* Foundation.framework in Frameworks */ = {isa = PBXBuildFile; fileRef = 1D30AB110D05D00D00671497 /* Foundation.framework */; };
		1DF5F4E00D08C38300B7A737 /* UIKit.framework in Frameworks */ = {isa = PBXBuildFile; fileRef = 1DF5F4DF0D08C38300B7A737 /* UIKit.framework */; };
		288765A50DF7441C002DB57D /* CoreGraphics.framework in Frameworks */ = {isa = PBXBuildFile; fileRef = 288765A40DF7441C002DB57D /* CoreGraphics.framework */; };
		2899E5220DE3E06400AC0155 /* HistoryViewController.xib in Resources */ = {isa = PBXBuildFile; fileRef = 2899E5210DE3E06400AC0155 /* HistoryViewController.xib */; };
		28AD733F0D9D9553002E5188 /* MainWindow.xib in Resources */ = {isa = PBXBuildFile; fileRef = 28AD733E0D9D9553002E5188 /* MainWindow.xib */; };
		28D7ACF80DDB3853001CB0EB /* AbstractMapListController.m in Sources */ = {isa = PBXBuildFile; fileRef = 28D7ACF70DDB3853001CB0EB /* AbstractMapListController.m */; };
		5B03BCD310390DBD00D6E9DD /* LocationController.m in Sources */ = {isa = PBXBuildFile; fileRef = 5B03BCD210390DBD00D6E9DD /* LocationController.m */; };
		5B03BCD810390E2B00D6E9DD /* SearchController.m in Sources */ = {isa = PBXBuildFile; fileRef = 5B03BCD710390E2B00D6E9DD /* SearchController.m */; };
		5B0405DA1039A82400F7C25B /* Map.m in Sources */ = {isa = PBXBuildFile; fileRef = 5B0405D91039A82400F7C25B /* Map.m */; };
		5B0406E31039F8A000F7C25B /* HMWSource.m in Sources */ = {isa = PBXBuildFile; fileRef = 5B0406E21039F8A000F7C25B /* HMWSource.m */; };
		5B040854103A4D2900F7C25B /* Reachability.m in Sources */ = {isa = PBXBuildFile; fileRef = 5B040853103A4D2900F7C25B /* Reachability.m */; };
		5B040873103A5AD700F7C25B /* SystemConfiguration.framework in Frameworks */ = {isa = PBXBuildFile; fileRef = 5B040872103A5AD700F7C25B /* SystemConfiguration.framework */; };
		5B20C8D81022BBC90003FE62 /* paperbackground.png in Resources */ = {isa = PBXBuildFile; fileRef = 5B20C8D71022BBC90003FE62 /* paperbackground.png */; };
		5B20C8EC1022BCE60003FE62 /* CustomButton.m in Sources */ = {isa = PBXBuildFile; fileRef = 5B20C8EB1022BCE60003FE62 /* CustomButton.m */; };
		5B20C8F31022BD600003FE62 /* custombuttonpressed.png in Resources */ = {isa = PBXBuildFile; fileRef = 5B20C8F11022BD600003FE62 /* custombuttonpressed.png */; };
		5B20C8F41022BD600003FE62 /* custombuttonnormal.png in Resources */ = {isa = PBXBuildFile; fileRef = 5B20C8F21022BD600003FE62 /* custombuttonnormal.png */; };
		5B2F723910268EE100676DBD /* NSObject+SBJSON.m in Sources */ = {isa = PBXBuildFile; fileRef = 5B2F722E10268EE100676DBD /* NSObject+SBJSON.m */; };
		5B2F723A10268EE100676DBD /* NSString+SBJSON.m in Sources */ = {isa = PBXBuildFile; fileRef = 5B2F723010268EE100676DBD /* NSString+SBJSON.m */; };
		5B2F723B10268EE100676DBD /* SBJSON.m in Sources */ = {isa = PBXBuildFile; fileRef = 5B2F723210268EE100676DBD /* SBJSON.m */; };
		5B2F723C10268EE100676DBD /* SBJsonBase.m in Sources */ = {isa = PBXBuildFile; fileRef = 5B2F723410268EE100676DBD /* SBJsonBase.m */; };
		5B2F723D10268EE100676DBD /* SBJsonParser.m in Sources */ = {isa = PBXBuildFile; fileRef = 5B2F723610268EE100676DBD /* SBJsonParser.m */; };
		5B2F723E10268EE100676DBD /* SBJsonWriter.m in Sources */ = {isa = PBXBuildFile; fileRef = 5B2F723810268EE100676DBD /* SBJsonWriter.m */; };
		5B2F727F1026C5A500676DBD /* libThree20.a in Frameworks */ = {isa = PBXBuildFile; fileRef = 5B2F727E1026C59C00676DBD /* libThree20.a */; };
		5B2F728F1026C98000676DBD /* Three20.bundle in Resources */ = {isa = PBXBuildFile; fileRef = 5B2F728E1026C98000676DBD /* Three20.bundle */; };
		5B63EF0B103480CD005E4CA7 /* Images in Resources */ = {isa = PBXBuildFile; fileRef = 5B63EF07103480CD005E4CA7 /* Images */; };
		5B7F3E1A10360CE500114D2D /* StoreKit.framework in Frameworks */ = {isa = PBXBuildFile; fileRef = 5B7F3E1910360CE500114D2D /* StoreKit.framework */; };
		5B7F3E2310360D2600114D2D /* UnlockController.m in Sources */ = {isa = PBXBuildFile; fileRef = 5B7F3E2210360D2600114D2D /* UnlockController.m */; };
		5BCD483D1025538D0066772E /* QuartzCore.framework in Frameworks */ = {isa = PBXBuildFile; fileRef = 5BCD483C1025538D0066772E /* QuartzCore.framework */; };
		5BCD503F102554980066772E /* CoreLocation.framework in Frameworks */ = {isa = PBXBuildFile; fileRef = 5BCD503E102554980066772E /* CoreLocation.framework */; };
		5BCD504A102555D00066772E /* MapViewController.m in Sources */ = {isa = PBXBuildFile; fileRef = 5BCD5049102555D00066772E /* MapViewController.m */; };
		5BCD507110255B880066772E /* libMapView.a in Frameworks */ = {isa = PBXBuildFile; fileRef = 5BCD5039102554840066772E /* libMapView.a */; };
		5BCD51BB102570360066772E /* MainMenuController.m in Sources */ = {isa = PBXBuildFile; fileRef = 5BCD51BA102570360066772E /* MainMenuController.m */; };
		5BF87E5B10366A3800787B2A /* PurchaseController.m in Sources */ = {isa = PBXBuildFile; fileRef = 5BF87E5A10366A3800787B2A /* PurchaseController.m */; };
		5BF87E8B1036783300787B2A /* StoreObserver.m in Sources */ = {isa = PBXBuildFile; fileRef = 5BF87E8A1036783300787B2A /* StoreObserver.m */; };
/* End PBXBuildFile section */

/* Begin PBXContainerItemProxy section */
		5B2F727D1026C59C00676DBD /* PBXContainerItemProxy */ = {
			isa = PBXContainerItemProxy;
			containerPortal = 5B2F72791026C59C00676DBD /* Three20.xcodeproj */;
			proxyType = 2;
			remoteGlobalIDString = BEF31F3A0F352DF5000DE5D2;
			remoteInfo = Three20;
		};
		5B2F72801026C5B400676DBD /* PBXContainerItemProxy */ = {
			isa = PBXContainerItemProxy;
			containerPortal = 5B2F72791026C59C00676DBD /* Three20.xcodeproj */;
			proxyType = 1;
			remoteGlobalIDString = BEF31F390F352DF5000DE5D2;
			remoteInfo = Three20;
		};
		5BCD5038102554840066772E /* PBXContainerItemProxy */ = {
			isa = PBXContainerItemProxy;
			containerPortal = 5BCD502A102554840066772E /* MapView.xcodeproj */;
			proxyType = 2;
			remoteGlobalIDString = B8C974590E8A19B2007D16AD;
			remoteInfo = MapView;
		};
		5BCD503A102554840066772E /* PBXContainerItemProxy */ = {
			isa = PBXContainerItemProxy;
			containerPortal = 5BCD502A102554840066772E /* MapView.xcodeproj */;
			proxyType = 2;
			remoteGlobalIDString = 2BF3078F0F8AC5C0007014EE;
			remoteInfo = "Unit Tests";
		};
		5BCD503C1025548F0066772E /* PBXContainerItemProxy */ = {
			isa = PBXContainerItemProxy;
			containerPortal = 5BCD502A102554840066772E /* MapView.xcodeproj */;
			proxyType = 1;
			remoteGlobalIDString = B8C974130E8A19B2007D16AD;
			remoteInfo = MapView;
		};
/* End PBXContainerItemProxy section */

/* Begin PBXFileReference section */
		1D30AB110D05D00D00671497 /* Foundation.framework */ = {isa = PBXFileReference; lastKnownFileType = wrapper.framework; name = Foundation.framework; path = System/Library/Frameworks/Foundation.framework; sourceTree = SDKROOT; };
		1D3623240D0F684500981E51 /* HistoryAppDelegate.h */ = {isa = PBXFileReference; fileEncoding = 4; lastKnownFileType = sourcecode.c.h; path = HistoryAppDelegate.h; sourceTree = "<group>"; };
		1D3623250D0F684500981E51 /* HistoryAppDelegate.m */ = {isa = PBXFileReference; fileEncoding = 4; lastKnownFileType = sourcecode.c.objc; path = HistoryAppDelegate.m; sourceTree = "<group>"; };
		1D6058910D05DD3D006BFB54 /* History.app */ = {isa = PBXFileReference; explicitFileType = wrapper.application; includeInIndex = 0; path = History.app; sourceTree = BUILT_PRODUCTS_DIR; };
		1DF5F4DF0D08C38300B7A737 /* UIKit.framework */ = {isa = PBXFileReference; lastKnownFileType = wrapper.framework; name = UIKit.framework; path = System/Library/Frameworks/UIKit.framework; sourceTree = SDKROOT; };
		288765A40DF7441C002DB57D /* CoreGraphics.framework */ = {isa = PBXFileReference; lastKnownFileType = wrapper.framework; name = CoreGraphics.framework; path = System/Library/Frameworks/CoreGraphics.framework; sourceTree = SDKROOT; };
		2899E5210DE3E06400AC0155 /* HistoryViewController.xib */ = {isa = PBXFileReference; lastKnownFileType = file.xib; path = HistoryViewController.xib; sourceTree = "<group>"; };
		28AD733E0D9D9553002E5188 /* MainWindow.xib */ = {isa = PBXFileReference; lastKnownFileType = file.xib; path = MainWindow.xib; sourceTree = "<group>"; };
		28D7ACF60DDB3853001CB0EB /* AbstractMapListController.h */ = {isa = PBXFileReference; fileEncoding = 4; lastKnownFileType = sourcecode.c.h; path = AbstractMapListController.h; sourceTree = "<group>"; };
		28D7ACF70DDB3853001CB0EB /* AbstractMapListController.m */ = {isa = PBXFileReference; fileEncoding = 4; lastKnownFileType = sourcecode.c.objc; path = AbstractMapListController.m; sourceTree = "<group>"; };
		29B97316FDCFA39411CA2CEA /* main.m */ = {isa = PBXFileReference; fileEncoding = 4; lastKnownFileType = sourcecode.c.objc; path = main.m; sourceTree = "<group>"; };
		32CA4F630368D1EE00C91783 /* History_Prefix.pch */ = {isa = PBXFileReference; fileEncoding = 4; lastKnownFileType = sourcecode.c.h; path = History_Prefix.pch; sourceTree = "<group>"; };
		5B03BCD110390DBD00D6E9DD /* LocationController.h */ = {isa = PBXFileReference; fileEncoding = 4; lastKnownFileType = sourcecode.c.h; path = LocationController.h; sourceTree = "<group>"; };
		5B03BCD210390DBD00D6E9DD /* LocationController.m */ = {isa = PBXFileReference; fileEncoding = 4; lastKnownFileType = sourcecode.c.objc; path = LocationController.m; sourceTree = "<group>"; };
		5B03BCD610390E2B00D6E9DD /* SearchController.h */ = {isa = PBXFileReference; fileEncoding = 4; lastKnownFileType = sourcecode.c.h; path = SearchController.h; sourceTree = "<group>"; };
		5B03BCD710390E2B00D6E9DD /* SearchController.m */ = {isa = PBXFileReference; fileEncoding = 4; lastKnownFileType = sourcecode.c.objc; path = SearchController.m; sourceTree = "<group>"; };
		5B0405D81039A82400F7C25B /* Map.h */ = {isa = PBXFileReference; fileEncoding = 4; lastKnownFileType = sourcecode.c.h; path = Map.h; sourceTree = "<group>"; };
		5B0405D91039A82400F7C25B /* Map.m */ = {isa = PBXFileReference; fileEncoding = 4; lastKnownFileType = sourcecode.c.objc; path = Map.m; sourceTree = "<group>"; };
		5B0406E11039F8A000F7C25B /* HMWSource.h */ = {isa = PBXFileReference; fileEncoding = 4; lastKnownFileType = sourcecode.c.h; path = HMWSource.h; sourceTree = "<group>"; };
		5B0406E21039F8A000F7C25B /* HMWSource.m */ = {isa = PBXFileReference; fileEncoding = 4; lastKnownFileType = sourcecode.c.objc; path = HMWSource.m; sourceTree = "<group>"; };
		5B040852103A4D2900F7C25B /* Reachability.h */ = {isa = PBXFileReference; fileEncoding = 4; lastKnownFileType = sourcecode.c.h; path = Reachability.h; sourceTree = "<group>"; };
		5B040853103A4D2900F7C25B /* Reachability.m */ = {isa = PBXFileReference; fileEncoding = 4; lastKnownFileType = sourcecode.c.objc; path = Reachability.m; sourceTree = "<group>"; };
		5B040872103A5AD700F7C25B /* SystemConfiguration.framework */ = {isa = PBXFileReference; lastKnownFileType = wrapper.framework; name = SystemConfiguration.framework; path = System/Library/Frameworks/SystemConfiguration.framework; sourceTree = SDKROOT; };
		5B20C8D71022BBC90003FE62 /* paperbackground.png */ = {isa = PBXFileReference; lastKnownFileType = image.png; path = paperbackground.png; sourceTree = "<group>"; };
		5B20C8EA1022BCE60003FE62 /* CustomButton.h */ = {isa = PBXFileReference; fileEncoding = 4; lastKnownFileType = sourcecode.c.h; path = CustomButton.h; sourceTree = "<group>"; };
		5B20C8EB1022BCE60003FE62 /* CustomButton.m */ = {isa = PBXFileReference; fileEncoding = 4; lastKnownFileType = sourcecode.c.objc; path = CustomButton.m; sourceTree = "<group>"; };
		5B20C8F11022BD600003FE62 /* custombuttonpressed.png */ = {isa = PBXFileReference; lastKnownFileType = image.png; path = custombuttonpressed.png; sourceTree = "<group>"; };
		5B20C8F21022BD600003FE62 /* custombuttonnormal.png */ = {isa = PBXFileReference; lastKnownFileType = image.png; path = custombuttonnormal.png; sourceTree = "<group>"; };
		5B2F722C10268EE100676DBD /* JSON.h */ = {isa = PBXFileReference; fileEncoding = 4; lastKnownFileType = sourcecode.c.h; path = JSON.h; sourceTree = "<group>"; };
		5B2F722D10268EE100676DBD /* NSObject+SBJSON.h */ = {isa = PBXFileReference; fileEncoding = 4; lastKnownFileType = sourcecode.c.h; path = "NSObject+SBJSON.h"; sourceTree = "<group>"; };
		5B2F722E10268EE100676DBD /* NSObject+SBJSON.m */ = {isa = PBXFileReference; fileEncoding = 4; lastKnownFileType = sourcecode.c.objc; path = "NSObject+SBJSON.m"; sourceTree = "<group>"; };
		5B2F722F10268EE100676DBD /* NSString+SBJSON.h */ = {isa = PBXFileReference; fileEncoding = 4; lastKnownFileType = sourcecode.c.h; path = "NSString+SBJSON.h"; sourceTree = "<group>"; };
		5B2F723010268EE100676DBD /* NSString+SBJSON.m */ = {isa = PBXFileReference; fileEncoding = 4; lastKnownFileType = sourcecode.c.objc; path = "NSString+SBJSON.m"; sourceTree = "<group>"; };
		5B2F723110268EE100676DBD /* SBJSON.h */ = {isa = PBXFileReference; fileEncoding = 4; lastKnownFileType = sourcecode.c.h; path = SBJSON.h; sourceTree = "<group>"; };
		5B2F723210268EE100676DBD /* SBJSON.m */ = {isa = PBXFileReference; fileEncoding = 4; lastKnownFileType = sourcecode.c.objc; path = SBJSON.m; sourceTree = "<group>"; };
		5B2F723310268EE100676DBD /* SBJsonBase.h */ = {isa = PBXFileReference; fileEncoding = 4; lastKnownFileType = sourcecode.c.h; path = SBJsonBase.h; sourceTree = "<group>"; };
		5B2F723410268EE100676DBD /* SBJsonBase.m */ = {isa = PBXFileReference; fileEncoding = 4; lastKnownFileType = sourcecode.c.objc; path = SBJsonBase.m; sourceTree = "<group>"; };
		5B2F723510268EE100676DBD /* SBJsonParser.h */ = {isa = PBXFileReference; fileEncoding = 4; lastKnownFileType = sourcecode.c.h; path = SBJsonParser.h; sourceTree = "<group>"; };
		5B2F723610268EE100676DBD /* SBJsonParser.m */ = {isa = PBXFileReference; fileEncoding = 4; lastKnownFileType = sourcecode.c.objc; path = SBJsonParser.m; sourceTree = "<group>"; };
		5B2F723710268EE100676DBD /* SBJsonWriter.h */ = {isa = PBXFileReference; fileEncoding = 4; lastKnownFileType = sourcecode.c.h; path = SBJsonWriter.h; sourceTree = "<group>"; };
		5B2F723810268EE100676DBD /* SBJsonWriter.m */ = {isa = PBXFileReference; fileEncoding = 4; lastKnownFileType = sourcecode.c.objc; path = SBJsonWriter.m; sourceTree = "<group>"; };
		5B2F72791026C59C00676DBD /* Three20.xcodeproj */ = {isa = PBXFileReference; lastKnownFileType = "wrapper.pb-project"; name = Three20.xcodeproj; path = ../three20/src/Three20.xcodeproj; sourceTree = SOURCE_ROOT; };
		5B2F728E1026C98000676DBD /* Three20.bundle */ = {isa = PBXFileReference; lastKnownFileType = "wrapper.plug-in"; name = Three20.bundle; path = ../three20/src/Three20.bundle; sourceTree = SOURCE_ROOT; };
		5B63EF07103480CD005E4CA7 /* Images */ = {isa = PBXFileReference; lastKnownFileType = folder; path = Images; sourceTree = "<group>"; };
		5B7F3E1910360CE500114D2D /* StoreKit.framework */ = {isa = PBXFileReference; lastKnownFileType = wrapper.framework; name = StoreKit.framework; path = System/Library/Frameworks/StoreKit.framework; sourceTree = SDKROOT; };
		5B7F3E2110360D2600114D2D /* UnlockController.h */ = {isa = PBXFileReference; fileEncoding = 4; lastKnownFileType = sourcecode.c.h; path = UnlockController.h; sourceTree = "<group>"; };
		5B7F3E2210360D2600114D2D /* UnlockController.m */ = {isa = PBXFileReference; fileEncoding = 4; lastKnownFileType = sourcecode.c.objc; path = UnlockController.m; sourceTree = "<group>"; };
		5BCD483C1025538D0066772E /* QuartzCore.framework */ = {isa = PBXFileReference; lastKnownFileType = wrapper.framework; name = QuartzCore.framework; path = System/Library/Frameworks/QuartzCore.framework; sourceTree = SDKROOT; };
		5BCD502A102554840066772E /* MapView.xcodeproj */ = {isa = PBXFileReference; lastKnownFileType = "wrapper.pb-project"; name = MapView.xcodeproj; path = ../routemeNT/MapView/MapView.xcodeproj; sourceTree = SOURCE_ROOT; };
		5BCD503E102554980066772E /* CoreLocation.framework */ = {isa = PBXFileReference; lastKnownFileType = wrapper.framework; name = CoreLocation.framework; path = System/Library/Frameworks/CoreLocation.framework; sourceTree = SDKROOT; };
		5BCD5048102555D00066772E /* MapViewController.h */ = {isa = PBXFileReference; fileEncoding = 4; lastKnownFileType = sourcecode.c.h; path = MapViewController.h; sourceTree = "<group>"; };
		5BCD5049102555D00066772E /* MapViewController.m */ = {isa = PBXFileReference; fileEncoding = 4; lastKnownFileType = sourcecode.c.objc; path = MapViewController.m; sourceTree = "<group>"; };
		5BCD51B9102570360066772E /* MainMenuController.h */ = {isa = PBXFileReference; fileEncoding = 4; lastKnownFileType = sourcecode.c.h; path = MainMenuController.h; sourceTree = "<group>"; };
		5BCD51BA102570360066772E /* MainMenuController.m */ = {isa = PBXFileReference; fileEncoding = 4; lastKnownFileType = sourcecode.c.objc; path = MainMenuController.m; sourceTree = "<group>"; };
		5BF87E5910366A3800787B2A /* PurchaseController.h */ = {isa = PBXFileReference; fileEncoding = 4; lastKnownFileType = sourcecode.c.h; path = PurchaseController.h; sourceTree = "<group>"; };
		5BF87E5A10366A3800787B2A /* PurchaseController.m */ = {isa = PBXFileReference; fileEncoding = 4; lastKnownFileType = sourcecode.c.objc; path = PurchaseController.m; sourceTree = "<group>"; };
		5BF87E891036783300787B2A /* StoreObserver.h */ = {isa = PBXFileReference; fileEncoding = 4; lastKnownFileType = sourcecode.c.h; path = StoreObserver.h; sourceTree = "<group>"; };
		5BF87E8A1036783300787B2A /* StoreObserver.m */ = {isa = PBXFileReference; fileEncoding = 4; lastKnownFileType = sourcecode.c.objc; path = StoreObserver.m; sourceTree = "<group>"; };
		8D1107310486CEB800E47090 /* History-Info.plist */ = {isa = PBXFileReference; fileEncoding = 4; lastKnownFileType = text.plist.xml; path = "History-Info.plist"; plistStructureDefinitionIdentifier = "com.apple.xcode.plist.structure-definition.iphone.info-plist"; sourceTree = "<group>"; };
/* End PBXFileReference section */

/* Begin PBXFrameworksBuildPhase section */
		1D60588F0D05DD3D006BFB54 /* Frameworks */ = {
			isa = PBXFrameworksBuildPhase;
			buildActionMask = 2147483647;
			files = (
				1D60589F0D05DD5A006BFB54 /* Foundation.framework in Frameworks */,
				1DF5F4E00D08C38300B7A737 /* UIKit.framework in Frameworks */,
				288765A50DF7441C002DB57D /* CoreGraphics.framework in Frameworks */,
				5BCD483D1025538D0066772E /* QuartzCore.framework in Frameworks */,
				5BCD503F102554980066772E /* CoreLocation.framework in Frameworks */,
				5BCD507110255B880066772E /* libMapView.a in Frameworks */,
				5B2F727F1026C5A500676DBD /* libThree20.a in Frameworks */,
				5B7F3E1A10360CE500114D2D /* StoreKit.framework in Frameworks */,
				5B040873103A5AD700F7C25B /* SystemConfiguration.framework in Frameworks */,
			);
			runOnlyForDeploymentPostprocessing = 0;
		};
/* End PBXFrameworksBuildPhase section */

/* Begin PBXGroup section */
		080E96DDFE201D6D7F000001 /* Classes */ = {
			isa = PBXGroup;
			children = (
				5B98EB98103929A400079D2F /* Core Application */,
				5B98EB971039298E00079D2F /* Maps */,
				5B98EB961039296B00079D2F /* In-App-Purchase */,
				5B98EB0E10390FF700079D2F /* Search Results */,
			);
			path = Classes;
			sourceTree = "<group>";
		};
		19C28FACFE9D520D11CA2CBB /* Products */ = {
			isa = PBXGroup;
			children = (
				1D6058910D05DD3D006BFB54 /* History.app */,
			);
			name = Products;
			sourceTree = "<group>";
		};
		29B97314FDCFA39411CA2CEA /* CustomTemplate */ = {
			isa = PBXGroup;
			children = (
				5B63EF07103480CD005E4CA7 /* Images */,
				5B2F728E1026C98000676DBD /* Three20.bundle */,
				5B2F72791026C59C00676DBD /* Three20.xcodeproj */,
				5B2F723F10268EE500676DBD /* JSON */,
				5BCD502A102554840066772E /* MapView.xcodeproj */,
				5B20C8D71022BBC90003FE62 /* paperbackground.png */,
				5B20C8EA1022BCE60003FE62 /* CustomButton.h */,
				5B20C8EB1022BCE60003FE62 /* CustomButton.m */,
				5B20C8CF1022BA500003FE62 /* Images */,
				080E96DDFE201D6D7F000001 /* Classes */,
				29B97315FDCFA39411CA2CEA /* Other Sources */,
				29B97317FDCFA39411CA2CEA /* Resources */,
				29B97323FDCFA39411CA2CEA /* Frameworks */,
				19C28FACFE9D520D11CA2CBB /* Products */,
				5BCD483C1025538D0066772E /* QuartzCore.framework */,
				5BCD503E102554980066772E /* CoreLocation.framework */,
				5B7F3E1910360CE500114D2D /* StoreKit.framework */,
				5B040872103A5AD700F7C25B /* SystemConfiguration.framework */,
			);
			name = CustomTemplate;
			sourceTree = "<group>";
		};
		29B97315FDCFA39411CA2CEA /* Other Sources */ = {
			isa = PBXGroup;
			children = (
				32CA4F630368D1EE00C91783 /* History_Prefix.pch */,
				29B97316FDCFA39411CA2CEA /* main.m */,
			);
			name = "Other Sources";
			sourceTree = "<group>";
		};
		29B97317FDCFA39411CA2CEA /* Resources */ = {
			isa = PBXGroup;
			children = (
				2899E5210DE3E06400AC0155 /* HistoryViewController.xib */,
				28AD733E0D9D9553002E5188 /* MainWindow.xib */,
				8D1107310486CEB800E47090 /* History-Info.plist */,
			);
			name = Resources;
			sourceTree = "<group>";
		};
		29B97323FDCFA39411CA2CEA /* Frameworks */ = {
			isa = PBXGroup;
			children = (
				1DF5F4DF0D08C38300B7A737 /* UIKit.framework */,
				1D30AB110D05D00D00671497 /* Foundation.framework */,
				288765A40DF7441C002DB57D /* CoreGraphics.framework */,
			);
			name = Frameworks;
			sourceTree = "<group>";
		};
		5B20C8CF1022BA500003FE62 /* Images */ = {
			isa = PBXGroup;
			children = (
				5B20C8F11022BD600003FE62 /* custombuttonpressed.png */,
				5B20C8F21022BD600003FE62 /* custombuttonnormal.png */,
			);
			name = Images;
			sourceTree = "<group>";
		};
		5B2F723F10268EE500676DBD /* JSON */ = {
			isa = PBXGroup;
			children = (
				5B2F722C10268EE100676DBD /* JSON.h */,
				5B2F722D10268EE100676DBD /* NSObject+SBJSON.h */,
				5B2F722E10268EE100676DBD /* NSObject+SBJSON.m */,
				5B2F722F10268EE100676DBD /* NSString+SBJSON.h */,
				5B2F723010268EE100676DBD /* NSString+SBJSON.m */,
				5B2F723110268EE100676DBD /* SBJSON.h */,
				5B2F723210268EE100676DBD /* SBJSON.m */,
				5B2F723310268EE100676DBD /* SBJsonBase.h */,
				5B2F723410268EE100676DBD /* SBJsonBase.m */,
				5B2F723510268EE100676DBD /* SBJsonParser.h */,
				5B2F723610268EE100676DBD /* SBJsonParser.m */,
				5B2F723710268EE100676DBD /* SBJsonWriter.h */,
				5B2F723810268EE100676DBD /* SBJsonWriter.m */,
			);
			name = JSON;
			sourceTree = "<group>";
		};
		5B2F727A1026C59C00676DBD /* Products */ = {
			isa = PBXGroup;
			children = (
				5B2F727E1026C59C00676DBD /* libThree20.a */,
			);
			name = Products;
			sourceTree = "<group>";
		};
		5B98EB0E10390FF700079D2F /* Search Results */ = {
			isa = PBXGroup;
			children = (
				5B03BCD110390DBD00D6E9DD /* LocationController.h */,
				5B03BCD210390DBD00D6E9DD /* LocationController.m */,
				5B03BCD610390E2B00D6E9DD /* SearchController.h */,
				5B03BCD710390E2B00D6E9DD /* SearchController.m */,
				28D7ACF60DDB3853001CB0EB /* AbstractMapListController.h */,
				28D7ACF70DDB3853001CB0EB /* AbstractMapListController.m */,
			);
			name = "Search Results";
			sourceTree = "<group>";
		};
		5B98EB961039296B00079D2F /* In-App-Purchase */ = {
			isa = PBXGroup;
			children = (
				5B7F3E2110360D2600114D2D /* UnlockController.h */,
				5B7F3E2210360D2600114D2D /* UnlockController.m */,
				5BF87E5910366A3800787B2A /* PurchaseController.h */,
				5BF87E5A10366A3800787B2A /* PurchaseController.m */,
				5BF87E891036783300787B2A /* StoreObserver.h */,
				5BF87E8A1036783300787B2A /* StoreObserver.m */,
			);
			name = "In-App-Purchase";
			sourceTree = "<group>";
		};
		5B98EB971039298E00079D2F /* Maps */ = {
			isa = PBXGroup;
			children = (
				5BCD5048102555D00066772E /* MapViewController.h */,
				5BCD5049102555D00066772E /* MapViewController.m */,
				5B0405D81039A82400F7C25B /* Map.h */,
				5B0405D91039A82400F7C25B /* Map.m */,
				5B0406E11039F8A000F7C25B /* HMWSource.h */,
				5B0406E21039F8A000F7C25B /* HMWSource.m */,
			);
			name = Maps;
			sourceTree = "<group>";
		};
		5B98EB98103929A400079D2F /* Core Application */ = {
			isa = PBXGroup;
			children = (
				5B040852103A4D2900F7C25B /* Reachability.h */,
				5B040853103A4D2900F7C25B /* Reachability.m */,
				5BCD51B9102570360066772E /* MainMenuController.h */,
				5BCD51BA102570360066772E /* MainMenuController.m */,
				1D3623240D0F684500981E51 /* HistoryAppDelegate.h */,
				1D3623250D0F684500981E51 /* HistoryAppDelegate.m */,
			);
			name = "Core Application";
			sourceTree = "<group>";
		};
		5BCD502B102554840066772E /* Products */ = {
			isa = PBXGroup;
			children = (
				5BCD5039102554840066772E /* libMapView.a */,
				5BCD503B102554840066772E /* RM Unit Tests.app */,
			);
			name = Products;
			sourceTree = "<group>";
		};
/* End PBXGroup section */

/* Begin PBXNativeTarget section */
		1D6058900D05DD3D006BFB54 /* Historic Earth */ = {
			isa = PBXNativeTarget;
			buildConfigurationList = 1D6058960D05DD3E006BFB54 /* Build configuration list for PBXNativeTarget "Historic Earth" */;
			buildPhases = (
				1D60588D0D05DD3D006BFB54 /* Resources */,
				1D60588E0D05DD3D006BFB54 /* Sources */,
				1D60588F0D05DD3D006BFB54 /* Frameworks */,
			);
			buildRules = (
			);
			dependencies = (
				5BCD503D1025548F0066772E /* PBXTargetDependency */,
				5B2F72811026C5B400676DBD /* PBXTargetDependency */,
			);
			name = "Historic Earth";
			productName = History;
			productReference = 1D6058910D05DD3D006BFB54 /* History.app */;
			productType = "com.apple.product-type.application";
		};
/* End PBXNativeTarget section */

/* Begin PBXProject section */
		29B97313FDCFA39411CA2CEA /* Project object */ = {
			isa = PBXProject;
			buildConfigurationList = C01FCF4E08A954540054247B /* Build configuration list for PBXProject "History" */;
			compatibilityVersion = "Xcode 3.1";
			hasScannedForEncodings = 1;
			mainGroup = 29B97314FDCFA39411CA2CEA /* CustomTemplate */;
			projectDirPath = "";
			projectReferences = (
				{
					ProductGroup = 5BCD502B102554840066772E /* Products */;
					ProjectRef = 5BCD502A102554840066772E /* MapView.xcodeproj */;
				},
				{
					ProductGroup = 5B2F727A1026C59C00676DBD /* Products */;
					ProjectRef = 5B2F72791026C59C00676DBD /* Three20.xcodeproj */;
				},
			);
			projectRoot = "";
			targets = (
				1D6058900D05DD3D006BFB54 /* Historic Earth */,
			);
		};
/* End PBXProject section */

/* Begin PBXReferenceProxy section */
		5B2F727E1026C59C00676DBD /* libThree20.a */ = {
			isa = PBXReferenceProxy;
			fileType = archive.ar;
			path = libThree20.a;
			remoteRef = 5B2F727D1026C59C00676DBD /* PBXContainerItemProxy */;
			sourceTree = BUILT_PRODUCTS_DIR;
		};
		5BCD5039102554840066772E /* libMapView.a */ = {
			isa = PBXReferenceProxy;
			fileType = archive.ar;
			path = libMapView.a;
			remoteRef = 5BCD5038102554840066772E /* PBXContainerItemProxy */;
			sourceTree = BUILT_PRODUCTS_DIR;
		};
		5BCD503B102554840066772E /* RM Unit Tests.app */ = {
			isa = PBXReferenceProxy;
			fileType = wrapper.application;
			path = "RM Unit Tests.app";
			remoteRef = 5BCD503A102554840066772E /* PBXContainerItemProxy */;
			sourceTree = BUILT_PRODUCTS_DIR;
		};
/* End PBXReferenceProxy section */

/* Begin PBXResourcesBuildPhase section */
		1D60588D0D05DD3D006BFB54 /* Resources */ = {
			isa = PBXResourcesBuildPhase;
			buildActionMask = 2147483647;
			files = (
				28AD733F0D9D9553002E5188 /* MainWindow.xib in Resources */,
				2899E5220DE3E06400AC0155 /* HistoryViewController.xib in Resources */,
				5B20C8D81022BBC90003FE62 /* paperbackground.png in Resources */,
				5B20C8F31022BD600003FE62 /* custombuttonpressed.png in Resources */,
				5B20C8F41022BD600003FE62 /* custombuttonnormal.png in Resources */,
				5B2F728F1026C98000676DBD /* Three20.bundle in Resources */,
				5B63EF0B103480CD005E4CA7 /* Images in Resources */,
			);
			runOnlyForDeploymentPostprocessing = 0;
		};
/* End PBXResourcesBuildPhase section */

/* Begin PBXSourcesBuildPhase section */
		1D60588E0D05DD3D006BFB54 /* Sources */ = {
			isa = PBXSourcesBuildPhase;
			buildActionMask = 2147483647;
			files = (
				1D60589B0D05DD56006BFB54 /* main.m in Sources */,
				1D3623260D0F684500981E51 /* HistoryAppDelegate.m in Sources */,
				28D7ACF80DDB3853001CB0EB /* AbstractMapListController.m in Sources */,
				5B20C8EC1022BCE60003FE62 /* CustomButton.m in Sources */,
				5BCD504A102555D00066772E /* MapViewController.m in Sources */,
				5BCD51BB102570360066772E /* MainMenuController.m in Sources */,
				5B2F723910268EE100676DBD /* NSObject+SBJSON.m in Sources */,
				5B2F723A10268EE100676DBD /* NSString+SBJSON.m in Sources */,
				5B2F723B10268EE100676DBD /* SBJSON.m in Sources */,
				5B2F723C10268EE100676DBD /* SBJsonBase.m in Sources */,
				5B2F723D10268EE100676DBD /* SBJsonParser.m in Sources */,
				5B2F723E10268EE100676DBD /* SBJsonWriter.m in Sources */,
				5B7F3E2310360D2600114D2D /* UnlockController.m in Sources */,
				5BF87E5B10366A3800787B2A /* PurchaseController.m in Sources */,
				5BF87E8B1036783300787B2A /* StoreObserver.m in Sources */,
				5B03BCD310390DBD00D6E9DD /* LocationController.m in Sources */,
				5B03BCD810390E2B00D6E9DD /* SearchController.m in Sources */,
				5B0405DA1039A82400F7C25B /* Map.m in Sources */,
				5B0406E31039F8A000F7C25B /* HMWSource.m in Sources */,
				5B040854103A4D2900F7C25B /* Reachability.m in Sources */,
			);
			runOnlyForDeploymentPostprocessing = 0;
		};
/* End PBXSourcesBuildPhase section */

/* Begin PBXTargetDependency section */
		5B2F72811026C5B400676DBD /* PBXTargetDependency */ = {
			isa = PBXTargetDependency;
			name = Three20;
			targetProxy = 5B2F72801026C5B400676DBD /* PBXContainerItemProxy */;
		};
		5BCD503D1025548F0066772E /* PBXTargetDependency */ = {
			isa = PBXTargetDependency;
			name = MapView;
			targetProxy = 5BCD503C1025548F0066772E /* PBXContainerItemProxy */;
		};
/* End PBXTargetDependency section */

/* Begin XCBuildConfiguration section */
		1D6058940D05DD3E006BFB54 /* Debug */ = {
			isa = XCBuildConfiguration;
			buildSettings = {
				ALWAYS_SEARCH_USER_PATHS = NO;
				COPY_PHASE_STRIP = NO;
				GCC_DYNAMIC_NO_PIC = NO;
				GCC_OPTIMIZATION_LEVEL = 0;
				GCC_PRECOMPILE_PREFIX_HEADER = YES;
				GCC_PREFIX_HEADER = History_Prefix.pch;
				HEADER_SEARCH_PATHS = (
					../three20/src,
					"../routemeNT/MapView/**",
				);
				INFOPLIST_FILE = "History-Info.plist";
				LIBRARY_SEARCH_PATHS = (
					"$(inherited)",
					"\"$(SRCROOT)/../routemeNT/MapView/build/Debug-iphoneos\"",
					"\"$(SRCROOT)/../routemeNT/MapView/build/Debug-iphonesimulator\"",
					"\"$(SRCROOT)/../routemeNT/Proj4/build/Debug-iphoneos\"",
					"\"$(SRCROOT)/../routemeNT/Proj4/build/Debug-iphonesimulator\"",
				);
				PRODUCT_NAME = History;
			};
			name = Debug;
		};
		1D6058950D05DD3E006BFB54 /* Release */ = {
			isa = XCBuildConfiguration;
			buildSettings = {
				ALWAYS_SEARCH_USER_PATHS = NO;
				COPY_PHASE_STRIP = YES;
				GCC_PRECOMPILE_PREFIX_HEADER = YES;
				GCC_PREFIX_HEADER = History_Prefix.pch;
				HEADER_SEARCH_PATHS = (
					../three20/src,
					"../routemeNT/MapView/**",
				);
				INFOPLIST_FILE = "History-Info.plist";
				LIBRARY_SEARCH_PATHS = (
					"$(inherited)",
					"\"$(SRCROOT)/../routemeNT/MapView/build/Debug-iphoneos\"",
					"\"$(SRCROOT)/../routemeNT/MapView/build/Debug-iphonesimulator\"",
					"\"$(SRCROOT)/../routemeNT/Proj4/build/Debug-iphoneos\"",
					"\"$(SRCROOT)/../routemeNT/Proj4/build/Debug-iphonesimulator\"",
				);
				PRODUCT_NAME = History;
			};
			name = Release;
		};
		C01FCF4F08A954540054247B /* Debug */ = {
			isa = XCBuildConfiguration;
			buildSettings = {
				ARCHS = "$(ARCHS_STANDARD_32_BIT)";
				CODE_SIGN_IDENTITY = "iPhone Developer: Martin Ceperley (64RP86GBX7)";
				"CODE_SIGN_IDENTITY[sdk=iphoneos*]" = "iPhone Developer: Martin Ceperley (64RP86GBX7)";
				GCC_C_LANGUAGE_STANDARD = c99;
				GCC_WARN_ABOUT_RETURN_TYPE = YES;
				GCC_WARN_UNUSED_VARIABLE = YES;
				HEADER_SEARCH_PATHS = (
					"../three20/src/**",
					"../routemeNT/MapView/**",
				);
				OTHER_LDFLAGS = (
					"-ObjC",
					"-all_load",
				);
				PREBINDING = NO;
				PROVISIONING_PROFILE = "1CA9826C-2579-421A-B781-7DF01693F331";
				"PROVISIONING_PROFILE[sdk=iphoneos*]" = "1CA9826C-2579-421A-B781-7DF01693F331";
				SDKROOT = iphoneos3.0;
			};
			name = Debug;
		};
		C01FCF5008A954540054247B /* Release */ = {
			isa = XCBuildConfiguration;
			buildSettings = {
				ARCHS = "$(ARCHS_STANDARD_32_BIT)";
				CODE_SIGN_IDENTITY = "iPhone Developer: Martin Ceperley (64RP86GBX7)";
				"CODE_SIGN_IDENTITY[sdk=iphoneos*]" = "iPhone Developer: Martin Ceperley (64RP86GBX7)";
				GCC_C_LANGUAGE_STANDARD = c99;
				GCC_WARN_ABOUT_RETURN_TYPE = YES;
				GCC_WARN_UNUSED_VARIABLE = YES;
				HEADER_SEARCH_PATHS = (
					"../three20/src/**",
					"../routemeNT/MapView/**",
				);
				OTHER_LDFLAGS = (
					"-ObjC",
					"-all_load",
				);
				PREBINDING = NO;
				PROVISIONING_PROFILE = "1CA9826C-2579-421A-B781-7DF01693F331";
				"PROVISIONING_PROFILE[sdk=iphoneos*]" = "1CA9826C-2579-421A-B781-7DF01693F331";
				SDKROOT = iphoneos3.0;
			};
			name = Release;
		};
/* End XCBuildConfiguration section */

/* Begin XCConfigurationList section */
		1D6058960D05DD3E006BFB54 /* Build configuration list for PBXNativeTarget "Historic Earth" */ = {
			isa = XCConfigurationList;
			buildConfigurations = (
				1D6058940D05DD3E006BFB54 /* Debug */,
				1D6058950D05DD3E006BFB54 /* Release */,
			);
			defaultConfigurationIsVisible = 0;
			defaultConfigurationName = Release;
		};
		C01FCF4E08A954540054247B /* Build configuration list for PBXProject "History" */ = {
			isa = XCConfigurationList;
			buildConfigurations = (
				C01FCF4F08A954540054247B /* Debug */,
				C01FCF5008A954540054247B /* Release */,
			);
			defaultConfigurationIsVisible = 0;
			defaultConfigurationName = Release;
		};
/* End XCConfigurationList section */
	};
	rootObject = 29B97313FDCFA39411CA2CEA /* Project object */;
}
