// !$*UTF8*$!
{
	archiveVersion = 1;
	classes = {
	};
	objectVersion = 45;
	objects = {

/* Begin PBXBuildFile section */
		1D3623260D0F684500981E51 /* HistoryAppDelegate.m in Sources */ = {isa = PBXBuildFile; fileRef = 1D3623250D0F684500981E51 /* HistoryAppDelegate.m */; };
		1D60589B0D05DD56006BFB54 /* main.m in Sources */ = {isa = PBXBuildFile; fileRef = 29B97316FDCFA39411CA2CEA /* main.m */; };
		1D60589F0D05DD5A006BFB54 /* Foundation.framework in Frameworks */ = {isa = PBXBuildFile; fileRef = 1D30AB110D05D00D00671497 /* Foundation.framework */; };
		1DF5F4E00D08C38300B7A737 /* UIKit.framework in Frameworks */ = {isa = PBXBuildFile; fileRef = 1DF5F4DF0D08C38300B7A737 /* UIKit.framework */; };
		288765A50DF7441C002DB57D /* CoreGraphics.framework in Frameworks */ = {isa = PBXBuildFile; fileRef = 288765A40DF7441C002DB57D /* CoreGraphics.framework */; };
		2899E5220DE3E06400AC0155 /* HistoryViewController.xib in Resources */ = {isa = PBXBuildFile; fileRef = 2899E5210DE3E06400AC0155 /* HistoryViewController.xib */; };
		28AD733F0D9D9553002E5188 /* MainWindow.xib in Resources */ = {isa = PBXBuildFile; fileRef = 28AD733E0D9D9553002E5188 /* MainWindow.xib */; };
		28D7ACF80DDB3853001CB0EB /* AbstractMapListController.m in Sources */ = {isa = PBXBuildFile; fileRef = 28D7ACF70DDB3853001CB0EB /* AbstractMapListController.m */; };
		5B03BCD310390DBD00D6E9DD /* LocationController.m in Sources */ = {isa = PBXBuildFile; fileRef = 5B03BCD210390DBD00D6E9DD /* LocationController.m */; };
		5B03BCD810390E2B00D6E9DD /* SearchController.m in Sources */ = {isa = PBXBuildFile; fileRef = 5B03BCD710390E2B00D6E9DD /* SearchController.m */; };
		5B0405DA1039A82400F7C25B /* Map.m in Sources */ = {isa = PBXBuildFile; fileRef = 5B0405D91039A82400F7C25B /* Map.m */; };
		5B040854103A4D2900F7C25B /* Reachability.m in Sources */ = {isa = PBXBuildFile; fileRef = 5B040853103A4D2900F7C25B /* Reachability.m */; };
		5B040873103A5AD700F7C25B /* SystemConfiguration.framework in Frameworks */ = {isa = PBXBuildFile; fileRef = 5B040872103A5AD700F7C25B /* SystemConfiguration.framework */; };
		5B119350103B80E100A71E72 /* up.png in Resources */ = {isa = PBXBuildFile; fileRef = 5B11934E103B80E100A71E72 /* up.png */; };
		5B119351103B80E100A71E72 /* down.png in Resources */ = {isa = PBXBuildFile; fileRef = 5B11934F103B80E100A71E72 /* down.png */; };
		5B1193AE103BB81A00A71E72 /* InfoController.m in Sources */ = {isa = PBXBuildFile; fileRef = 5B1193AD103BB81A00A71E72 /* InfoController.m */; };
		5B1193CB103BBA7E00A71E72 /* InfoView.xib in Resources */ = {isa = PBXBuildFile; fileRef = 5B1193CA103BBA7E00A71E72 /* InfoView.xib */; };
		5B119431103BC21F00A71E72 /* 01-refresh.png in Resources */ = {isa = PBXBuildFile; fileRef = 5B11941E103BC21F00A71E72 /* 01-refresh.png */; };
		5B119432103BC21F00A71E72 /* 02-redo.png in Resources */ = {isa = PBXBuildFile; fileRef = 5B11941F103BC21F00A71E72 /* 02-redo.png */; };
		5B119433103BC21F00A71E72 /* 06-magnifying-glass.png in Resources */ = {isa = PBXBuildFile; fileRef = 5B119420103BC21F00A71E72 /* 06-magnifying-glass.png */; };
		5B119434103BC21F00A71E72 /* 07-map-marker.png in Resources */ = {isa = PBXBuildFile; fileRef = 5B119421103BC21F00A71E72 /* 07-map-marker.png */; };
		5B119435103BC21F00A71E72 /* 11-clock.png in Resources */ = {isa = PBXBuildFile; fileRef = 5B119422103BC21F00A71E72 /* 11-clock.png */; };
		5B119436103BC21F00A71E72 /* 12-eye.png in Resources */ = {isa = PBXBuildFile; fileRef = 5B119423103BC21F00A71E72 /* 12-eye.png */; };
		5B119437103BC21F00A71E72 /* 13-target.png in Resources */ = {isa = PBXBuildFile; fileRef = 5B119424103BC21F00A71E72 /* 13-target.png */; };
		5B119438103BC21F00A71E72 /* 19-gear.png in Resources */ = {isa = PBXBuildFile; fileRef = 5B119425103BC21F00A71E72 /* 19-gear.png */; };
		5B119439103BC21F00A71E72 /* 20-gear2.png in Resources */ = {isa = PBXBuildFile; fileRef = 5B119426103BC21F00A71E72 /* 20-gear2.png */; };
		5B11943A103BC21F00A71E72 /* 24-gift.png in Resources */ = {isa = PBXBuildFile; fileRef = 5B119427103BC21F00A71E72 /* 24-gift.png */; };
		5B11943B103BC21F00A71E72 /* 28-star.png in Resources */ = {isa = PBXBuildFile; fileRef = 5B119428103BC21F00A71E72 /* 28-star.png */; };
		5B11943C103BC21F00A71E72 /* 30-key.png in Resources */ = {isa = PBXBuildFile; fileRef = 5B119429103BC21F00A71E72 /* 30-key.png */; };
		5B11943D103BC21F00A71E72 /* 54-lock.png in Resources */ = {isa = PBXBuildFile; fileRef = 5B11942A103BC21F00A71E72 /* 54-lock.png */; };
		5B11943E103BC21F00A71E72 /* 71-compass.png in Resources */ = {isa = PBXBuildFile; fileRef = 5B11942B103BC21F00A71E72 /* 71-compass.png */; };
		5B11943F103BC21F00A71E72 /* 73-radar.png in Resources */ = {isa = PBXBuildFile; fileRef = 5B11942C103BC21F00A71E72 /* 73-radar.png */; };
		5B119440103BC21F00A71E72 /* 74-location.png in Resources */ = {isa = PBXBuildFile; fileRef = 5B11942D103BC21F00A71E72 /* 74-location.png */; };
		5B119441103BC21F00A71E72 /* 80-shopping-cart.png in Resources */ = {isa = PBXBuildFile; fileRef = 5B11942E103BC21F00A71E72 /* 80-shopping-cart.png */; };
		5B119442103BC21F00A71E72 /* backarrow.png in Resources */ = {isa = PBXBuildFile; fileRef = 5B11942F103BC21F00A71E72 /* backarrow.png */; };
		5B119443103BC21F00A71E72 /* forwardarrow.png in Resources */ = {isa = PBXBuildFile; fileRef = 5B119430103BC21F00A71E72 /* forwardarrow.png */; };
		5B20C8D81022BBC90003FE62 /* paperbackground.png in Resources */ = {isa = PBXBuildFile; fileRef = 5B20C8D71022BBC90003FE62 /* paperbackground.png */; };
		5B20C8EC1022BCE60003FE62 /* CustomButton.m in Sources */ = {isa = PBXBuildFile; fileRef = 5B20C8EB1022BCE60003FE62 /* CustomButton.m */; };
		5B20C8F31022BD600003FE62 /* custombuttonpressed.png in Resources */ = {isa = PBXBuildFile; fileRef = 5B20C8F11022BD600003FE62 /* custombuttonpressed.png */; };
		5B20C8F41022BD600003FE62 /* custombuttonnormal.png in Resources */ = {isa = PBXBuildFile; fileRef = 5B20C8F21022BD600003FE62 /* custombuttonnormal.png */; };
		5B22B5FB103CB5BF0026281D /* FeaturedController.m in Sources */ = {isa = PBXBuildFile; fileRef = 5B22B5FA103CB5BF0026281D /* FeaturedController.m */; };
		5B22B605103CB6EE0026281D /* FeaturedLocationController.m in Sources */ = {isa = PBXBuildFile; fileRef = 5B22B604103CB6EE0026281D /* FeaturedLocationController.m */; };
		5B22B60A103CB91D0026281D /* Location.m in Sources */ = {isa = PBXBuildFile; fileRef = 5B22B609103CB91D0026281D /* Location.m */; };
		5B22B8CD103E0DA20026281D /* NSDataBase64.m in Sources */ = {isa = PBXBuildFile; fileRef = 5B22B8CC103E0DA20026281D /* NSDataBase64.m */; };
		5B2F723910268EE100676DBD /* NSObject+SBJSON.m in Sources */ = {isa = PBXBuildFile; fileRef = 5B2F722E10268EE100676DBD /* NSObject+SBJSON.m */; };
		5B2F723A10268EE100676DBD /* NSString+SBJSON.m in Sources */ = {isa = PBXBuildFile; fileRef = 5B2F723010268EE100676DBD /* NSString+SBJSON.m */; };
		5B2F723B10268EE100676DBD /* SBJSON.m in Sources */ = {isa = PBXBuildFile; fileRef = 5B2F723210268EE100676DBD /* SBJSON.m */; };
		5B2F723C10268EE100676DBD /* SBJsonBase.m in Sources */ = {isa = PBXBuildFile; fileRef = 5B2F723410268EE100676DBD /* SBJsonBase.m */; };
		5B2F723D10268EE100676DBD /* SBJsonParser.m in Sources */ = {isa = PBXBuildFile; fileRef = 5B2F723610268EE100676DBD /* SBJsonParser.m */; };
		5B2F723E10268EE100676DBD /* SBJsonWriter.m in Sources */ = {isa = PBXBuildFile; fileRef = 5B2F723810268EE100676DBD /* SBJsonWriter.m */; };
		5B2F727F1026C5A500676DBD /* libThree20.a in Frameworks */ = {isa = PBXBuildFile; fileRef = 5B2F727E1026C59C00676DBD /* libThree20.a */; };
		5B2F728F1026C98000676DBD /* Three20.bundle in Resources */ = {isa = PBXBuildFile; fileRef = 5B2F728E1026C98000676DBD /* Three20.bundle */; };
		5B37B549103B1B12008CF2FC /* marker-crosshair.png in Resources */ = {isa = PBXBuildFile; fileRef = 5B37B548103B1B12008CF2FC /* marker-crosshair.png */; };
		5B37B578103B1D1F008CF2FC /* marker-blue.png in Resources */ = {isa = PBXBuildFile; fileRef = 5B37B577103B1D1F008CF2FC /* marker-blue.png */; };
		5B652E24103E63F900E3B3A4 /* SettingsController.m in Sources */ = {isa = PBXBuildFile; fileRef = 5B652E22103E63F900E3B3A4 /* SettingsController.m */; };
		5B652E25103E63F900E3B3A4 /* SettingsController.xib in Resources */ = {isa = PBXBuildFile; fileRef = 5B652E23103E63F900E3B3A4 /* SettingsController.xib */; };
		5B7F3E1A10360CE500114D2D /* StoreKit.framework in Frameworks */ = {isa = PBXBuildFile; fileRef = 5B7F3E1910360CE500114D2D /* StoreKit.framework */; };
		5B7F3E2310360D2600114D2D /* UnlockController.m in Sources */ = {isa = PBXBuildFile; fileRef = 5B7F3E2210360D2600114D2D /* UnlockController.m */; };
		5B8F1D2D10448E3E00DF8D8E /* he_large.png in Resources */ = {isa = PBXBuildFile; fileRef = 5B8F1D2A10448E3E00DF8D8E /* he_large.png */; };
		5B8F1D2E10448E3E00DF8D8E /* he_mainmenu.png in Resources */ = {isa = PBXBuildFile; fileRef = 5B8F1D2B10448E3E00DF8D8E /* he_mainmenu.png */; };
		5B8F1D2F10448E3E00DF8D8E /* he_small.png in Resources */ = {isa = PBXBuildFile; fileRef = 5B8F1D2C10448E3E00DF8D8E /* he_small.png */; };
		5B8F1D551044A29B00DF8D8E /* LocationGroup.m in Sources */ = {isa = PBXBuildFile; fileRef = 5B8F1D541044A29B00DF8D8E /* LocationGroup.m */; };
		5BCD483D1025538D0066772E /* QuartzCore.framework in Frameworks */ = {isa = PBXBuildFile; fileRef = 5BCD483C1025538D0066772E /* QuartzCore.framework */; };
		5BCD503F102554980066772E /* CoreLocation.framework in Frameworks */ = {isa = PBXBuildFile; fileRef = 5BCD503E102554980066772E /* CoreLocation.framework */; };
		5BCD504A102555D00066772E /* MapViewController.m in Sources */ = {isa = PBXBuildFile; fileRef = 5BCD5049102555D00066772E /* MapViewController.m */; };
		5BCD507110255B880066772E /* libMapView.a in Frameworks */ = {isa = PBXBuildFile; fileRef = 5BCD5039102554840066772E /* libMapView.a */; };
		5BCD51BB102570360066772E /* MainMenuController.m in Sources */ = {isa = PBXBuildFile; fileRef = 5BCD51BA102570360066772E /* MainMenuController.m */; };
		5BF87E5B10366A3800787B2A /* PurchaseController.m in Sources */ = {isa = PBXBuildFile; fileRef = 5BF87E5A10366A3800787B2A /* PurchaseController.m */; };
		5BF87E8B1036783300787B2A /* StoreObserver.m in Sources */ = {isa = PBXBuildFile; fileRef = 5BF87E8A1036783300787B2A /* StoreObserver.m */; };
/* End PBXBuildFile section */

/* Begin PBXContainerItemProxy section */
		5B2F727D1026C59C00676DBD /* PBXContainerItemProxy */ = {
			isa = PBXContainerItemProxy;
			containerPortal = 5B2F72791026C59C00676DBD /* Three20.xcodeproj */;
			proxyType = 2;
			remoteGlobalIDString = BEF31F3A0F352DF5000DE5D2;
			remoteInfo = Three20;
		};
		5B2F72801026C5B400676DBD /* PBXContainerItemProxy */ = {
			isa = PBXContainerItemProxy;
			containerPortal = 5B2F72791026C59C00676DBD /* Three20.xcodeproj */;
			proxyType = 1;
			remoteGlobalIDString = BEF31F390F352DF5000DE5D2;
			remoteInfo = Three20;
		};
		5BCD5038102554840066772E /* PBXContainerItemProxy */ = {
			isa = PBXContainerItemProxy;
			containerPortal = 5BCD502A102554840066772E /* MapView.xcodeproj */;
			proxyType = 2;
			remoteGlobalIDString = B8C974590E8A19B2007D16AD;
			remoteInfo = MapView;
		};
		5BCD503A102554840066772E /* PBXContainerItemProxy */ = {
			isa = PBXContainerItemProxy;
			containerPortal = 5BCD502A102554840066772E /* MapView.xcodeproj */;
			proxyType = 2;
			remoteGlobalIDString = 2BF3078F0F8AC5C0007014EE;
			remoteInfo = "Unit Tests";
		};
		5BCD503C1025548F0066772E /* PBXContainerItemProxy */ = {
			isa = PBXContainerItemProxy;
			containerPortal = 5BCD502A102554840066772E /* MapView.xcodeproj */;
			proxyType = 1;
			remoteGlobalIDString = B8C974130E8A19B2007D16AD;
			remoteInfo = MapView;
		};
/* End PBXContainerItemProxy section */

/* Begin PBXFileReference section */
		1D30AB110D05D00D00671497 /* Foundation.framework */ = {isa = PBXFileReference; lastKnownFileType = wrapper.framework; name = Foundation.framework; path = System/Library/Frameworks/Foundation.framework; sourceTree = SDKROOT; };
		1D3623240D0F684500981E51 /* HistoryAppDelegate.h */ = {isa = PBXFileReference; fileEncoding = 4; lastKnownFileType = sourcecode.c.h; path = HistoryAppDelegate.h; sourceTree = "<group>"; };
		1D3623250D0F684500981E51 /* HistoryAppDelegate.m */ = {isa = PBXFileReference; fileEncoding = 4; lastKnownFileType = sourcecode.c.objc; path = HistoryAppDelegate.m; sourceTree = "<group>"; };
		1D6058910D05DD3D006BFB54 /* Historic Earth.app */ = {isa = PBXFileReference; explicitFileType = wrapper.application; includeInIndex = 0; path = "Historic Earth.app"; sourceTree = BUILT_PRODUCTS_DIR; };
		1DF5F4DF0D08C38300B7A737 /* UIKit.framework */ = {isa = PBXFileReference; lastKnownFileType = wrapper.framework; name = UIKit.framework; path = System/Library/Frameworks/UIKit.framework; sourceTree = SDKROOT; };
		288765A40DF7441C002DB57D /* CoreGraphics.framework */ = {isa = PBXFileReference; lastKnownFileType = wrapper.framework; name = CoreGraphics.framework; path = System/Library/Frameworks/CoreGraphics.framework; sourceTree = SDKROOT; };
		2899E5210DE3E06400AC0155 /* HistoryViewController.xib */ = {isa = PBXFileReference; lastKnownFileType = file.xib; path = HistoryViewController.xib; sourceTree = "<group>"; };
		28AD733E0D9D9553002E5188 /* MainWindow.xib */ = {isa = PBXFileReference; lastKnownFileType = file.xib; path = MainWindow.xib; sourceTree = "<group>"; };
		28D7ACF60DDB3853001CB0EB /* AbstractMapListController.h */ = {isa = PBXFileReference; fileEncoding = 4; lastKnownFileType = sourcecode.c.h; path = AbstractMapListController.h; sourceTree = "<group>"; };
		28D7ACF70DDB3853001CB0EB /* AbstractMapListController.m */ = {isa = PBXFileReference; fileEncoding = 4; lastKnownFileType = sourcecode.c.objc; path = AbstractMapListController.m; sourceTree = "<group>"; };
		29B97316FDCFA39411CA2CEA /* main.m */ = {isa = PBXFileReference; fileEncoding = 4; lastKnownFileType = sourcecode.c.objc; path = main.m; sourceTree = "<group>"; };
		32CA4F630368D1EE00C91783 /* History_Prefix.pch */ = {isa = PBXFileReference; fileEncoding = 4; lastKnownFileType = sourcecode.c.h; path = History_Prefix.pch; sourceTree = "<group>"; };
		5B03BCD110390DBD00D6E9DD /* LocationController.h */ = {isa = PBXFileReference; fileEncoding = 4; lastKnownFileType = sourcecode.c.h; path = LocationController.h; sourceTree = "<group>"; };
		5B03BCD210390DBD00D6E9DD /* LocationController.m */ = {isa = PBXFileReference; fileEncoding = 4; lastKnownFileType = sourcecode.c.objc; path = LocationController.m; sourceTree = "<group>"; };
		5B03BCD610390E2B00D6E9DD /* SearchController.h */ = {isa = PBXFileReference; fileEncoding = 4; lastKnownFileType = sourcecode.c.h; path = SearchController.h; sourceTree = "<group>"; };
		5B03BCD710390E2B00D6E9DD /* SearchController.m */ = {isa = PBXFileReference; fileEncoding = 4; lastKnownFileType = sourcecode.c.objc; path = SearchController.m; sourceTree = "<group>"; };
		5B0405D81039A82400F7C25B /* Map.h */ = {isa = PBXFileReference; fileEncoding = 4; lastKnownFileType = sourcecode.c.h; path = Map.h; sourceTree = "<group>"; };
		5B0405D91039A82400F7C25B /* Map.m */ = {isa = PBXFileReference; fileEncoding = 4; lastKnownFileType = sourcecode.c.objc; path = Map.m; sourceTree = "<group>"; };
		5B040852103A4D2900F7C25B /* Reachability.h */ = {isa = PBXFileReference; fileEncoding = 4; lastKnownFileType = sourcecode.c.h; path = Reachability.h; sourceTree = "<group>"; };
		5B040853103A4D2900F7C25B /* Reachability.m */ = {isa = PBXFileReference; fileEncoding = 4; lastKnownFileType = sourcecode.c.objc; path = Reachability.m; sourceTree = "<group>"; };
		5B040872103A5AD700F7C25B /* SystemConfiguration.framework */ = {isa = PBXFileReference; lastKnownFileType = wrapper.framework; name = SystemConfiguration.framework; path = System/Library/Frameworks/SystemConfiguration.framework; sourceTree = SDKROOT; };
		5B11934E103B80E100A71E72 /* up.png */ = {isa = PBXFileReference; lastKnownFileType = image.png; path = up.png; sourceTree = "<group>"; };
		5B11934F103B80E100A71E72 /* down.png */ = {isa = PBXFileReference; lastKnownFileType = image.png; path = down.png; sourceTree = "<group>"; };
		5B1193AC103BB81A00A71E72 /* InfoController.h */ = {isa = PBXFileReference; fileEncoding = 4; lastKnownFileType = sourcecode.c.h; path = InfoController.h; sourceTree = "<group>"; };
		5B1193AD103BB81A00A71E72 /* InfoController.m */ = {isa = PBXFileReference; fileEncoding = 4; lastKnownFileType = sourcecode.c.objc; path = InfoController.m; sourceTree = "<group>"; };
		5B1193CA103BBA7E00A71E72 /* InfoView.xib */ = {isa = PBXFileReference; lastKnownFileType = file.xib; name = InfoView.xib; path = ../InfoView.xib; sourceTree = "<group>"; };
		5B11941E103BC21F00A71E72 /* 01-refresh.png */ = {isa = PBXFileReference; lastKnownFileType = image.png; name = "01-refresh.png"; path = "Images/01-refresh.png"; sourceTree = "<group>"; };
		5B11941F103BC21F00A71E72 /* 02-redo.png */ = {isa = PBXFileReference; lastKnownFileType = image.png; name = "02-redo.png"; path = "Images/02-redo.png"; sourceTree = "<group>"; };
		5B119420103BC21F00A71E72 /* 06-magnifying-glass.png */ = {isa = PBXFileReference; lastKnownFileType = image.png; name = "06-magnifying-glass.png"; path = "Images/06-magnifying-glass.png"; sourceTree = "<group>"; };
		5B119421103BC21F00A71E72 /* 07-map-marker.png */ = {isa = PBXFileReference; lastKnownFileType = image.png; name = "07-map-marker.png"; path = "Images/07-map-marker.png"; sourceTree = "<group>"; };
		5B119422103BC21F00A71E72 /* 11-clock.png */ = {isa = PBXFileReference; lastKnownFileType = image.png; name = "11-clock.png"; path = "Images/11-clock.png"; sourceTree = "<group>"; };
		5B119423103BC21F00A71E72 /* 12-eye.png */ = {isa = PBXFileReference; lastKnownFileType = image.png; name = "12-eye.png"; path = "Images/12-eye.png"; sourceTree = "<group>"; };
		5B119424103BC21F00A71E72 /* 13-target.png */ = {isa = PBXFileReference; lastKnownFileType = image.png; name = "13-target.png"; path = "Images/13-target.png"; sourceTree = "<group>"; };
		5B119425103BC21F00A71E72 /* 19-gear.png */ = {isa = PBXFileReference; lastKnownFileType = image.png; name = "19-gear.png"; path = "Images/19-gear.png"; sourceTree = "<group>"; };
		5B119426103BC21F00A71E72 /* 20-gear2.png */ = {isa = PBXFileReference; lastKnownFileType = image.png; name = "20-gear2.png"; path = "Images/20-gear2.png"; sourceTree = "<group>"; };
		5B119427103BC21F00A71E72 /* 24-gift.png */ = {isa = PBXFileReference; lastKnownFileType = image.png; name = "24-gift.png"; path = "Images/24-gift.png"; sourceTree = "<group>"; };
		5B119428103BC21F00A71E72 /* 28-star.png */ = {isa = PBXFileReference; lastKnownFileType = image.png; name = "28-star.png"; path = "Images/28-star.png"; sourceTree = "<group>"; };
		5B119429103BC21F00A71E72 /* 30-key.png */ = {isa = PBXFileReference; lastKnownFileType = image.png; name = "30-key.png"; path = "Images/30-key.png"; sourceTree = "<group>"; };
		5B11942A103BC21F00A71E72 /* 54-lock.png */ = {isa = PBXFileReference; lastKnownFileType = image.png; name = "54-lock.png"; path = "Images/54-lock.png"; sourceTree = "<group>"; };
		5B11942B103BC21F00A71E72 /* 71-compass.png */ = {isa = PBXFileReference; lastKnownFileType = image.png; name = "71-compass.png"; path = "Images/71-compass.png"; sourceTree = "<group>"; };
		5B11942C103BC21F00A71E72 /* 73-radar.png */ = {isa = PBXFileReference; lastKnownFileType = image.png; name = "73-radar.png"; path = "Images/73-radar.png"; sourceTree = "<group>"; };
		5B11942D103BC21F00A71E72 /* 74-location.png */ = {isa = PBXFileReference; lastKnownFileType = image.png; name = "74-location.png"; path = "Images/74-location.png"; sourceTree = "<group>"; };
		5B11942E103BC21F00A71E72 /* 80-shopping-cart.png */ = {isa = PBXFileReference; lastKnownFileType = image.png; name = "80-shopping-cart.png"; path = "Images/80-shopping-cart.png"; sourceTree = "<group>"; };
		5B11942F103BC21F00A71E72 /* backarrow.png */ = {isa = PBXFileReference; lastKnownFileType = image.png; name = backarrow.png; path = Images/backarrow.png; sourceTree = "<group>"; };
		5B119430103BC21F00A71E72 /* forwardarrow.png */ = {isa = PBXFileReference; lastKnownFileType = image.png; name = forwardarrow.png; path = Images/forwardarrow.png; sourceTree = "<group>"; };
		5B20C8D71022BBC90003FE62 /* paperbackground.png */ = {isa = PBXFileReference; lastKnownFileType = image.png; path = paperbackground.png; sourceTree = "<group>"; };
		5B20C8EA1022BCE60003FE62 /* CustomButton.h */ = {isa = PBXFileReference; fileEncoding = 4; lastKnownFileType = sourcecode.c.h; path = CustomButton.h; sourceTree = "<group>"; };
		5B20C8EB1022BCE60003FE62 /* CustomButton.m */ = {isa = PBXFileReference; fileEncoding = 4; lastKnownFileType = sourcecode.c.objc; path = CustomButton.m; sourceTree = "<group>"; };
		5B20C8F11022BD600003FE62 /* custombuttonpressed.png */ = {isa = PBXFileReference; lastKnownFileType = image.png; path = custombuttonpressed.png; sourceTree = "<group>"; };
		5B20C8F21022BD600003FE62 /* custombuttonnormal.png */ = {isa = PBXFileReference; lastKnownFileType = image.png; path = custombuttonnormal.png; sourceTree = "<group>"; };
		5B22B5F9103CB5BF0026281D /* FeaturedController.h */ = {isa = PBXFileReference; fileEncoding = 4; lastKnownFileType = sourcecode.c.h; path = FeaturedController.h; sourceTree = "<group>"; };
		5B22B5FA103CB5BF0026281D /* FeaturedController.m */ = {isa = PBXFileReference; fileEncoding = 4; lastKnownFileType = sourcecode.c.objc; path = FeaturedController.m; sourceTree = "<group>"; };
		5B22B603103CB6EE0026281D /* FeaturedLocationController.h */ = {isa = PBXFileReference; fileEncoding = 4; lastKnownFileType = sourcecode.c.h; path = FeaturedLocationController.h; sourceTree = "<group>"; };
		5B22B604103CB6EE0026281D /* FeaturedLocationController.m */ = {isa = PBXFileReference; fileEncoding = 4; lastKnownFileType = sourcecode.c.objc; path = FeaturedLocationController.m; sourceTree = "<group>"; };
		5B22B608103CB91D0026281D /* Location.h */ = {isa = PBXFileReference; fileEncoding = 4; lastKnownFileType = sourcecode.c.h; path = Location.h; sourceTree = "<group>"; };
		5B22B609103CB91D0026281D /* Location.m */ = {isa = PBXFileReference; fileEncoding = 4; lastKnownFileType = sourcecode.c.objc; path = Location.m; sourceTree = "<group>"; };
		5B22B8CB103E0DA20026281D /* NSDataBase64.h */ = {isa = PBXFileReference; fileEncoding = 4; lastKnownFileType = sourcecode.c.h; path = NSDataBase64.h; sourceTree = "<group>"; };
		5B22B8CC103E0DA20026281D /* NSDataBase64.m */ = {isa = PBXFileReference; fileEncoding = 4; lastKnownFileType = sourcecode.c.objc; path = NSDataBase64.m; sourceTree = "<group>"; };
		5B2F722C10268EE100676DBD /* JSON.h */ = {isa = PBXFileReference; fileEncoding = 4; lastKnownFileType = sourcecode.c.h; path = JSON.h; sourceTree = "<group>"; };
		5B2F722D10268EE100676DBD /* NSObject+SBJSON.h */ = {isa = PBXFileReference; fileEncoding = 4; lastKnownFileType = sourcecode.c.h; path = "NSObject+SBJSON.h"; sourceTree = "<group>"; };
		5B2F722E10268EE100676DBD /* NSObject+SBJSON.m */ = {isa = PBXFileReference; fileEncoding = 4; lastKnownFileType = sourcecode.c.objc; path = "NSObject+SBJSON.m"; sourceTree = "<group>"; };
		5B2F722F10268EE100676DBD /* NSString+SBJSON.h */ = {isa = PBXFileReference; fileEncoding = 4; lastKnownFileType = sourcecode.c.h; path = "NSString+SBJSON.h"; sourceTree = "<group>"; };
		5B2F723010268EE100676DBD /* NSString+SBJSON.m */ = {isa = PBXFileReference; fileEncoding = 4; lastKnownFileType = sourcecode.c.objc; path = "NSString+SBJSON.m"; sourceTree = "<group>"; };
		5B2F723110268EE100676DBD /* SBJSON.h */ = {isa = PBXFileReference; fileEncoding = 4; lastKnownFileType = sourcecode.c.h; path = SBJSON.h; sourceTree = "<group>"; };
		5B2F723210268EE100676DBD /* SBJSON.m */ = {isa = PBXFileReference; fileEncoding = 4; lastKnownFileType = sourcecode.c.objc; path = SBJSON.m; sourceTree = "<group>"; };
		5B2F723310268EE100676DBD /* SBJsonBase.h */ = {isa = PBXFileReference; fileEncoding = 4; lastKnownFileType = sourcecode.c.h; path = SBJsonBase.h; sourceTree = "<group>"; };
		5B2F723410268EE100676DBD /* SBJsonBase.m */ = {isa = PBXFileReference; fileEncoding = 4; lastKnownFileType = sourcecode.c.objc; path = SBJsonBase.m; sourceTree = "<group>"; };
		5B2F723510268EE100676DBD /* SBJsonParser.h */ = {isa = PBXFileReference; fileEncoding = 4; lastKnownFileType = sourcecode.c.h; path = SBJsonParser.h; sourceTree = "<group>"; };
		5B2F723610268EE100676DBD /* SBJsonParser.m */ = {isa = PBXFileReference; fileEncoding = 4; lastKnownFileType = sourcecode.c.objc; path = SBJsonParser.m; sourceTree = "<group>"; };
		5B2F723710268EE100676DBD /* SBJsonWriter.h */ = {isa = PBXFileReference; fileEncoding = 4; lastKnownFileType = sourcecode.c.h; path = SBJsonWriter.h; sourceTree = "<group>"; };
		5B2F723810268EE100676DBD /* SBJsonWriter.m */ = {isa = PBXFileReference; fileEncoding = 4; lastKnownFileType = sourcecode.c.objc; path = SBJsonWriter.m; sourceTree = "<group>"; };
		5B2F72791026C59C00676DBD /* Three20.xcodeproj */ = {isa = PBXFileReference; lastKnownFileType = "wrapper.pb-project"; name = Three20.xcodeproj; path = ../three20/src/Three20.xcodeproj; sourceTree = SOURCE_ROOT; };
		5B2F728E1026C98000676DBD /* Three20.bundle */ = {isa = PBXFileReference; lastKnownFileType = "wrapper.plug-in"; name = Three20.bundle; path = ../three20/src/Three20.bundle; sourceTree = SOURCE_ROOT; };
		5B37B548103B1B12008CF2FC /* marker-crosshair.png */ = {isa = PBXFileReference; lastKnownFileType = image.png; path = "marker-crosshair.png"; sourceTree = "<group>"; };
		5B37B577103B1D1F008CF2FC /* marker-blue.png */ = {isa = PBXFileReference; lastKnownFileType = image.png; path = "marker-blue.png"; sourceTree = "<group>"; };
		5B652E21103E63F900E3B3A4 /* SettingsController.h */ = {isa = PBXFileReference; fileEncoding = 4; lastKnownFileType = sourcecode.c.h; path = SettingsController.h; sourceTree = "<group>"; };
		5B652E22103E63F900E3B3A4 /* SettingsController.m */ = {isa = PBXFileReference; fileEncoding = 4; lastKnownFileType = sourcecode.c.objc; path = SettingsController.m; sourceTree = "<group>"; };
		5B652E23103E63F900E3B3A4 /* SettingsController.xib */ = {isa = PBXFileReference; lastKnownFileType = file.xib; path = SettingsController.xib; sourceTree = "<group>"; };
		5B7F3E1910360CE500114D2D /* StoreKit.framework */ = {isa = PBXFileReference; lastKnownFileType = wrapper.framework; name = StoreKit.framework; path = System/Library/Frameworks/StoreKit.framework; sourceTree = SDKROOT; };
		5B7F3E2110360D2600114D2D /* UnlockController.h */ = {isa = PBXFileReference; fileEncoding = 4; lastKnownFileType = sourcecode.c.h; path = UnlockController.h; sourceTree = "<group>"; };
		5B7F3E2210360D2600114D2D /* UnlockController.m */ = {isa = PBXFileReference; fileEncoding = 4; lastKnownFileType = sourcecode.c.objc; path = UnlockController.m; sourceTree = "<group>"; };
		5B8F1D2A10448E3E00DF8D8E /* he_large.png */ = {isa = PBXFileReference; lastKnownFileType = image.png; name = he_large.png; path = Images/he_large.png; sourceTree = "<group>"; };
		5B8F1D2B10448E3E00DF8D8E /* he_mainmenu.png */ = {isa = PBXFileReference; lastKnownFileType = image.png; name = he_mainmenu.png; path = Images/he_mainmenu.png; sourceTree = "<group>"; };
		5B8F1D2C10448E3E00DF8D8E /* he_small.png */ = {isa = PBXFileReference; lastKnownFileType = image.png; name = he_small.png; path = Images/he_small.png; sourceTree = "<group>"; };
		5B8F1D531044A29B00DF8D8E /* LocationGroup.h */ = {isa = PBXFileReference; fileEncoding = 4; lastKnownFileType = sourcecode.c.h; path = LocationGroup.h; sourceTree = "<group>"; };
		5B8F1D541044A29B00DF8D8E /* LocationGroup.m */ = {isa = PBXFileReference; fileEncoding = 4; lastKnownFileType = sourcecode.c.objc; path = LocationGroup.m; sourceTree = "<group>"; };
		5BCD483C1025538D0066772E /* QuartzCore.framework */ = {isa = PBXFileReference; lastKnownFileType = wrapper.framework; name = QuartzCore.framework; path = System/Library/Frameworks/QuartzCore.framework; sourceTree = SDKROOT; };
		5BCD502A102554840066772E /* MapView.xcodeproj */ = {isa = PBXFileReference; lastKnownFileType = "wrapper.pb-project"; name = MapView.xcodeproj; path = ../routemeNT/MapView/MapView.xcodeproj; sourceTree = SOURCE_ROOT; };
		5BCD503E102554980066772E /* CoreLocation.framework */ = {isa = PBXFileReference; lastKnownFileType = wrapper.framework; name = CoreLocation.framework; path = System/Library/Frameworks/CoreLocation.framework; sourceTree = SDKROOT; };
		5BCD5048102555D00066772E /* MapViewController.h */ = {isa = PBXFileReference; fileEncoding = 4; lastKnownFileType = sourcecode.c.h; path = MapViewController.h; sourceTree = "<group>"; };
		5BCD5049102555D00066772E /* MapViewController.m */ = {isa = PBXFileReference; fileEncoding = 4; lastKnownFileType = sourcecode.c.objc; path = MapViewController.m; sourceTree = "<group>"; };
		5BCD51B9102570360066772E /* MainMenuController.h */ = {isa = PBXFileReference; fileEncoding = 4; lastKnownFileType = sourcecode.c.h; path = MainMenuController.h; sourceTree = "<group>"; };
		5BCD51BA102570360066772E /* MainMenuController.m */ = {isa = PBXFileReference; fileEncoding = 4; lastKnownFileType = sourcecode.c.objc; path = MainMenuController.m; sourceTree = "<group>"; };
		5BF87E5910366A3800787B2A /* PurchaseController.h */ = {isa = PBXFileReference; fileEncoding = 4; lastKnownFileType = sourcecode.c.h; path = PurchaseController.h; sourceTree = "<group>"; };
		5BF87E5A10366A3800787B2A /* PurchaseController.m */ = {isa = PBXFileReference; fileEncoding = 4; lastKnownFileType = sourcecode.c.objc; path = PurchaseController.m; sourceTree = "<group>"; };
		5BF87E891036783300787B2A /* StoreObserver.h */ = {isa = PBXFileReference; fileEncoding = 4; lastKnownFileType = sourcecode.c.h; path = StoreObserver.h; sourceTree = "<group>"; };
		5BF87E8A1036783300787B2A /* StoreObserver.m */ = {isa = PBXFileReference; fileEncoding = 4; lastKnownFileType = sourcecode.c.objc; path = StoreObserver.m; sourceTree = "<group>"; };
		8D1107310486CEB800E47090 /* History-Info.plist */ = {isa = PBXFileReference; fileEncoding = 4; lastKnownFileType = text.plist.xml; path = "History-Info.plist"; plistStructureDefinitionIdentifier = "com.apple.xcode.plist.structure-definition.iphone.info-plist"; sourceTree = "<group>"; };
/* End PBXFileReference section */

/* Begin PBXFrameworksBuildPhase section */
		1D60588F0D05DD3D006BFB54 /* Frameworks */ = {
			isa = PBXFrameworksBuildPhase;
			buildActionMask = 2147483647;
			files = (
				1D60589F0D05DD5A006BFB54 /* Foundation.framework in Frameworks */,
				1DF5F4E00D08C38300B7A737 /* UIKit.framework in Frameworks */,
				288765A50DF7441C002DB57D /* CoreGraphics.framework in Frameworks */,
				5BCD483D1025538D0066772E /* QuartzCore.framework in Frameworks */,
				5BCD503F102554980066772E /* CoreLocation.framework in Frameworks */,
				5BCD507110255B880066772E /* libMapView.a in Frameworks */,
				5B2F727F1026C5A500676DBD /* libThree20.a in Frameworks */,
				5B7F3E1A10360CE500114D2D /* StoreKit.framework in Frameworks */,
				5B040873103A5AD700F7C25B /* SystemConfiguration.framework in Frameworks */,
			);
			runOnlyForDeploymentPostprocessing = 0;
		};
/* End PBXFrameworksBuildPhase section */

/* Begin PBXGroup section */
		080E96DDFE201D6D7F000001 /* Classes */ = {
			isa = PBXGroup;
			children = (
				5B98EB98103929A400079D2F /* Core Application */,
				5B98EB971039298E00079D2F /* Maps */,
				5B98EB961039296B00079D2F /* In-App-Purchase */,
				5B98EB0E10390FF700079D2F /* Search Results */,
			);
			path = Classes;
			sourceTree = "<group>";
		};
		19C28FACFE9D520D11CA2CBB /* Products */ = {
			isa = PBXGroup;
			children = (
				1D6058910D05DD3D006BFB54 /* Historic Earth.app */,
			);
			name = Products;
			sourceTree = "<group>";
		};
		29B97314FDCFA39411CA2CEA /* CustomTemplate */ = {
			isa = PBXGroup;
			children = (
				5B2F728E1026C98000676DBD /* Three20.bundle */,
				5B2F72791026C59C00676DBD /* Three20.xcodeproj */,
				5B2F723F10268EE500676DBD /* JSON */,
				5BCD502A102554840066772E /* MapView.xcodeproj */,
				5B20C8D71022BBC90003FE62 /* paperbackground.png */,
				5B20C8EA1022BCE60003FE62 /* CustomButton.h */,
				5B11934E103B80E100A71E72 /* up.png */,
				5B11934F103B80E100A71E72 /* down.png */,
				5B20C8EB1022BCE60003FE62 /* CustomButton.m */,
				5B20C8CF1022BA500003FE62 /* Images */,
				080E96DDFE201D6D7F000001 /* Classes */,
				29B97315FDCFA39411CA2CEA /* Other Sources */,
				29B97317FDCFA39411CA2CEA /* Resources */,
				29B97323FDCFA39411CA2CEA /* Frameworks */,
				19C28FACFE9D520D11CA2CBB /* Products */,
				5BCD483C1025538D0066772E /* QuartzCore.framework */,
				5BCD503E102554980066772E /* CoreLocation.framework */,
				5B7F3E1910360CE500114D2D /* StoreKit.framework */,
				5B040872103A5AD700F7C25B /* SystemConfiguration.framework */,
			);
			name = CustomTemplate;
			sourceTree = "<group>";
		};
		29B97315FDCFA39411CA2CEA /* Other Sources */ = {
			isa = PBXGroup;
			children = (
				32CA4F630368D1EE00C91783 /* History_Prefix.pch */,
				29B97316FDCFA39411CA2CEA /* main.m */,
			);
			name = "Other Sources";
			sourceTree = "<group>";
		};
		29B97317FDCFA39411CA2CEA /* Resources */ = {
			isa = PBXGroup;
			children = (
				2899E5210DE3E06400AC0155 /* HistoryViewController.xib */,
				28AD733E0D9D9553002E5188 /* MainWindow.xib */,
				8D1107310486CEB800E47090 /* History-Info.plist */,
			);
			name = Resources;
			sourceTree = "<group>";
		};
		29B97323FDCFA39411CA2CEA /* Frameworks */ = {
			isa = PBXGroup;
			children = (
				1DF5F4DF0D08C38300B7A737 /* UIKit.framework */,
				1D30AB110D05D00D00671497 /* Foundation.framework */,
				288765A40DF7441C002DB57D /* CoreGraphics.framework */,
			);
			name = Frameworks;
			sourceTree = "<group>";
		};
		5B20C8CF1022BA500003FE62 /* Images */ = {
			isa = PBXGroup;
			children = (
				5B8F1D2A10448E3E00DF8D8E /* he_large.png */,
				5B8F1D2B10448E3E00DF8D8E /* he_mainmenu.png */,
				5B8F1D2C10448E3E00DF8D8E /* he_small.png */,
				5B11941E103BC21F00A71E72 /* 01-refresh.png */,
				5B11941F103BC21F00A71E72 /* 02-redo.png */,
				5B119420103BC21F00A71E72 /* 06-magnifying-glass.png */,
				5B119421103BC21F00A71E72 /* 07-map-marker.png */,
				5B119422103BC21F00A71E72 /* 11-clock.png */,
				5B119423103BC21F00A71E72 /* 12-eye.png */,
				5B119424103BC21F00A71E72 /* 13-target.png */,
				5B119425103BC21F00A71E72 /* 19-gear.png */,
				5B119426103BC21F00A71E72 /* 20-gear2.png */,
				5B119427103BC21F00A71E72 /* 24-gift.png */,
				5B119428103BC21F00A71E72 /* 28-star.png */,
				5B119429103BC21F00A71E72 /* 30-key.png */,
				5B11942A103BC21F00A71E72 /* 54-lock.png */,
				5B11942B103BC21F00A71E72 /* 71-compass.png */,
				5B11942C103BC21F00A71E72 /* 73-radar.png */,
				5B11942D103BC21F00A71E72 /* 74-location.png */,
				5B11942E103BC21F00A71E72 /* 80-shopping-cart.png */,
				5B11942F103BC21F00A71E72 /* backarrow.png */,
				5B119430103BC21F00A71E72 /* forwardarrow.png */,
				5B37B577103B1D1F008CF2FC /* marker-blue.png */,
				5B37B548103B1B12008CF2FC /* marker-crosshair.png */,
				5B20C8F11022BD600003FE62 /* custombuttonpressed.png */,
				5B20C8F21022BD600003FE62 /* custombuttonnormal.png */,
			);
			name = Images;
			sourceTree = "<group>";
		};
		5B22B676103D06780026281D /* Featured Locations */ = {
			isa = PBXGroup;
			children = (
				5B22B5F9103CB5BF0026281D /* FeaturedController.h */,
				5B22B5FA103CB5BF0026281D /* FeaturedController.m */,
				5B22B603103CB6EE0026281D /* FeaturedLocationController.h */,
				5B22B604103CB6EE0026281D /* FeaturedLocationController.m */,
				5B22B608103CB91D0026281D /* Location.h */,
				5B22B609103CB91D0026281D /* Location.m */,
				5B8F1D531044A29B00DF8D8E /* LocationGroup.h */,
				5B8F1D541044A29B00DF8D8E /* LocationGroup.m */,
			);
			name = "Featured Locations";
			sourceTree = "<group>";
		};
		5B22B677103D068E0026281D /* Search by address */ = {
			isa = PBXGroup;
			children = (
				5B03BCD610390E2B00D6E9DD /* SearchController.h */,
				5B03BCD710390E2B00D6E9DD /* SearchController.m */,
			);
			name = "Search by address";
			sourceTree = "<group>";
		};
		5B22B678103D06AE0026281D /* Search by latlong */ = {
			isa = PBXGroup;
			children = (
				5B03BCD110390DBD00D6E9DD /* LocationController.h */,
				5B03BCD210390DBD00D6E9DD /* LocationController.m */,
			);
			name = "Search by latlong";
			sourceTree = "<group>";
		};
		5B2F723F10268EE500676DBD /* JSON */ = {
			isa = PBXGroup;
			children = (
				5B2F722C10268EE100676DBD /* JSON.h */,
				5B2F722D10268EE100676DBD /* NSObject+SBJSON.h */,
				5B2F722E10268EE100676DBD /* NSObject+SBJSON.m */,
				5B2F722F10268EE100676DBD /* NSString+SBJSON.h */,
				5B2F723010268EE100676DBD /* NSString+SBJSON.m */,
				5B2F723110268EE100676DBD /* SBJSON.h */,
				5B2F723210268EE100676DBD /* SBJSON.m */,
				5B2F723310268EE100676DBD /* SBJsonBase.h */,
				5B2F723410268EE100676DBD /* SBJsonBase.m */,
				5B2F723510268EE100676DBD /* SBJsonParser.h */,
				5B2F723610268EE100676DBD /* SBJsonParser.m */,
				5B2F723710268EE100676DBD /* SBJsonWriter.h */,
				5B2F723810268EE100676DBD /* SBJsonWriter.m */,
			);
			name = JSON;
			sourceTree = "<group>";
		};
		5B2F727A1026C59C00676DBD /* Products */ = {
			isa = PBXGroup;
			children = (
				5B2F727E1026C59C00676DBD /* libThree20.a */,
			);
			name = Products;
			sourceTree = "<group>";
		};
		5B98EB0E10390FF700079D2F /* Search Results */ = {
			isa = PBXGroup;
			children = (
				28D7ACF60DDB3853001CB0EB /* AbstractMapListController.h */,
				28D7ACF70DDB3853001CB0EB /* AbstractMapListController.m */,
				5B22B678103D06AE0026281D /* Search by latlong */,
				5B22B677103D068E0026281D /* Search by address */,
				5B22B676103D06780026281D /* Featured Locations */,
			);
			name = "Search Results";
			sourceTree = "<group>";
		};
		5B98EB961039296B00079D2F /* In-App-Purchase */ = {
			isa = PBXGroup;
			children = (
				5B7F3E2110360D2600114D2D /* UnlockController.h */,
				5B7F3E2210360D2600114D2D /* UnlockController.m */,
				5BF87E5910366A3800787B2A /* PurchaseController.h */,
				5BF87E5A10366A3800787B2A /* PurchaseController.m */,
				5BF87E891036783300787B2A /* StoreObserver.h */,
				5BF87E8A1036783300787B2A /* StoreObserver.m */,
				5B22B8CB103E0DA20026281D /* NSDataBase64.h */,
				5B22B8CC103E0DA20026281D /* NSDataBase64.m */,
			);
			name = "In-App-Purchase";
			sourceTree = "<group>";
		};
		5B98EB971039298E00079D2F /* Maps */ = {
			isa = PBXGroup;
			children = (
				5B1193AC103BB81A00A71E72 /* InfoController.h */,
				5B1193AD103BB81A00A71E72 /* InfoController.m */,
				5B1193CA103BBA7E00A71E72 /* InfoView.xib */,
				5B0405D81039A82400F7C25B /* Map.h */,
				5B0405D91039A82400F7C25B /* Map.m */,
				5BCD5048102555D00066772E /* MapViewController.h */,
				5BCD5049102555D00066772E /* MapViewController.m */,
			);
			name = Maps;
			sourceTree = "<group>";
		};
		5B98EB98103929A400079D2F /* Core Application */ = {
			isa = PBXGroup;
			children = (
				5B040852103A4D2900F7C25B /* Reachability.h */,
				5B040853103A4D2900F7C25B /* Reachability.m */,
				5BCD51B9102570360066772E /* MainMenuController.h */,
				5BCD51BA102570360066772E /* MainMenuController.m */,
				1D3623240D0F684500981E51 /* HistoryAppDelegate.h */,
				1D3623250D0F684500981E51 /* HistoryAppDelegate.m */,
				5B652E21103E63F900E3B3A4 /* SettingsController.h */,
				5B652E22103E63F900E3B3A4 /* SettingsController.m */,
				5B652E23103E63F900E3B3A4 /* SettingsController.xib */,
			);
			name = "Core Application";
			sourceTree = "<group>";
		};
		5BCD502B102554840066772E /* Products */ = {
			isa = PBXGroup;
			children = (
				5BCD5039102554840066772E /* libMapView.a */,
				5BCD503B102554840066772E /* RM Unit Tests.app */,
			);
			name = Products;
			sourceTree = "<group>";
		};
/* End PBXGroup section */

/* Begin PBXNativeTarget section */
		1D6058900D05DD3D006BFB54 /* Historic Earth */ = {
			isa = PBXNativeTarget;
			buildConfigurationList = 1D6058960D05DD3E006BFB54 /* Build configuration list for PBXNativeTarget "Historic Earth" */;
			buildPhases = (
				1D60588D0D05DD3D006BFB54 /* Resources */,
				1D60588E0D05DD3D006BFB54 /* Sources */,
				1D60588F0D05DD3D006BFB54 /* Frameworks */,
			);
			buildRules = (
			);
			dependencies = (
				5BCD503D1025548F0066772E /* PBXTargetDependency */,
				5B2F72811026C5B400676DBD /* PBXTargetDependency */,
			);
			name = "Historic Earth";
			productName = History;
			productReference = 1D6058910D05DD3D006BFB54 /* Historic Earth.app */;
			productType = "com.apple.product-type.application";
		};
/* End PBXNativeTarget section */

/* Begin PBXProject section */
		29B97313FDCFA39411CA2CEA /* Project object */ = {
			isa = PBXProject;
			buildConfigurationList = C01FCF4E08A954540054247B /* Build configuration list for PBXProject "History" */;
			compatibilityVersion = "Xcode 3.1";
			hasScannedForEncodings = 1;
			mainGroup = 29B97314FDCFA39411CA2CEA /* CustomTemplate */;
			projectDirPath = "";
			projectReferences = (
				{
					ProductGroup = 5BCD502B102554840066772E /* Products */;
					ProjectRef = 5BCD502A102554840066772E /* MapView.xcodeproj */;
				},
				{
					ProductGroup = 5B2F727A1026C59C00676DBD /* Products */;
					ProjectRef = 5B2F72791026C59C00676DBD /* Three20.xcodeproj */;
				},
			);
			projectRoot = "";
			targets = (
				1D6058900D05DD3D006BFB54 /* Historic Earth */,
			);
		};
/* End PBXProject section */

/* Begin PBXReferenceProxy section */
		5B2F727E1026C59C00676DBD /* libThree20.a */ = {
			isa = PBXReferenceProxy;
			fileType = archive.ar;
			path = libThree20.a;
			remoteRef = 5B2F727D1026C59C00676DBD /* PBXContainerItemProxy */;
			sourceTree = BUILT_PRODUCTS_DIR;
		};
		5BCD5039102554840066772E /* libMapView.a */ = {
			isa = PBXReferenceProxy;
			fileType = archive.ar;
			path = libMapView.a;
			remoteRef = 5BCD5038102554840066772E /* PBXContainerItemProxy */;
			sourceTree = BUILT_PRODUCTS_DIR;
		};
		5BCD503B102554840066772E /* RM Unit Tests.app */ = {
			isa = PBXReferenceProxy;
			fileType = wrapper.application;
			path = "RM Unit Tests.app";
			remoteRef = 5BCD503A102554840066772E /* PBXContainerItemProxy */;
			sourceTree = BUILT_PRODUCTS_DIR;
		};
/* End PBXReferenceProxy section */

/* Begin PBXResourcesBuildPhase section */
		1D60588D0D05DD3D006BFB54 /* Resources */ = {
			isa = PBXResourcesBuildPhase;
			buildActionMask = 2147483647;
			files = (
				28AD733F0D9D9553002E5188 /* MainWindow.xib in Resources */,
				2899E5220DE3E06400AC0155 /* HistoryViewController.xib in Resources */,
				5B20C8D81022BBC90003FE62 /* paperbackground.png in Resources */,
				5B20C8F31022BD600003FE62 /* custombuttonpressed.png in Resources */,
				5B20C8F41022BD600003FE62 /* custombuttonnormal.png in Resources */,
				5B2F728F1026C98000676DBD /* Three20.bundle in Resources */,
				5B37B549103B1B12008CF2FC /* marker-crosshair.png in Resources */,
				5B37B578103B1D1F008CF2FC /* marker-blue.png in Resources */,
				5B119350103B80E100A71E72 /* up.png in Resources */,
				5B119351103B80E100A71E72 /* down.png in Resources */,
				5B1193CB103BBA7E00A71E72 /* InfoView.xib in Resources */,
				5B119431103BC21F00A71E72 /* 01-refresh.png in Resources */,
				5B119432103BC21F00A71E72 /* 02-redo.png in Resources */,
				5B119433103BC21F00A71E72 /* 06-magnifying-glass.png in Resources */,
				5B119434103BC21F00A71E72 /* 07-map-marker.png in Resources */,
				5B119435103BC21F00A71E72 /* 11-clock.png in Resources */,
				5B119436103BC21F00A71E72 /* 12-eye.png in Resources */,
				5B119437103BC21F00A71E72 /* 13-target.png in Resources */,
				5B119438103BC21F00A71E72 /* 19-gear.png in Resources */,
				5B119439103BC21F00A71E72 /* 20-gear2.png in Resources */,
				5B11943A103BC21F00A71E72 /* 24-gift.png in Resources */,
				5B11943B103BC21F00A71E72 /* 28-star.png in Resources */,
				5B11943C103BC21F00A71E72 /* 30-key.png in Resources */,
				5B11943D103BC21F00A71E72 /* 54-lock.png in Resources */,
				5B11943E103BC21F00A71E72 /* 71-compass.png in Resources */,
				5B11943F103BC21F00A71E72 /* 73-radar.png in Resources */,
				5B119440103BC21F00A71E72 /* 74-location.png in Resources */,
				5B119441103BC21F00A71E72 /* 80-shopping-cart.png in Resources */,
				5B119442103BC21F00A71E72 /* backarrow.png in Resources */,
				5B119443103BC21F00A71E72 /* forwardarrow.png in Resources */,
				5B652E25103E63F900E3B3A4 /* SettingsController.xib in Resources */,
				5B8F1D2D10448E3E00DF8D8E /* he_large.png in Resources */,
				5B8F1D2E10448E3E00DF8D8E /* he_mainmenu.png in Resources */,
				5B8F1D2F10448E3E00DF8D8E /* he_small.png in Resources */,
			);
			runOnlyForDeploymentPostprocessing = 0;
		};
/* End PBXResourcesBuildPhase section */

/* Begin PBXSourcesBuildPhase section */
		1D60588E0D05DD3D006BFB54 /* Sources */ = {
			isa = PBXSourcesBuildPhase;
			buildActionMask = 2147483647;
			files = (
				1D60589B0D05DD56006BFB54 /* main.m in Sources */,
				1D3623260D0F684500981E51 /* HistoryAppDelegate.m in Sources */,
				28D7ACF80DDB3853001CB0EB /* AbstractMapListController.m in Sources */,
				5B20C8EC1022BCE60003FE62 /* CustomButton.m in Sources */,
				5BCD504A102555D00066772E /* MapViewController.m in Sources */,
				5BCD51BB102570360066772E /* MainMenuController.m in Sources */,
				5B2F723910268EE100676DBD /* NSObject+SBJSON.m in Sources */,
				5B2F723A10268EE100676DBD /* NSString+SBJSON.m in Sources */,
				5B2F723B10268EE100676DBD /* SBJSON.m in Sources */,
				5B2F723C10268EE100676DBD /* SBJsonBase.m in Sources */,
				5B2F723D10268EE100676DBD /* SBJsonParser.m in Sources */,
				5B2F723E10268EE100676DBD /* SBJsonWriter.m in Sources */,
				5B7F3E2310360D2600114D2D /* UnlockController.m in Sources */,
				5BF87E5B10366A3800787B2A /* PurchaseController.m in Sources */,
				5BF87E8B1036783300787B2A /* StoreObserver.m in Sources */,
				5B03BCD310390DBD00D6E9DD /* LocationController.m in Sources */,
				5B03BCD810390E2B00D6E9DD /* SearchController.m in Sources */,
				5B0405DA1039A82400F7C25B /* Map.m in Sources */,
				5B040854103A4D2900F7C25B /* Reachability.m in Sources */,
				5B1193AE103BB81A00A71E72 /* InfoController.m in Sources */,
				5B22B5FB103CB5BF0026281D /* FeaturedController.m in Sources */,
				5B22B605103CB6EE0026281D /* FeaturedLocationController.m in Sources */,
				5B22B60A103CB91D0026281D /* Location.m in Sources */,
				5B22B8CD103E0DA20026281D /* NSDataBase64.m in Sources */,
				5B652E24103E63F900E3B3A4 /* SettingsController.m in Sources */,
				5B8F1D551044A29B00DF8D8E /* LocationGroup.m in Sources */,
			);
			runOnlyForDeploymentPostprocessing = 0;
		};
/* End PBXSourcesBuildPhase section */

/* Begin PBXTargetDependency section */
		5B2F72811026C5B400676DBD /* PBXTargetDependency */ = {
			isa = PBXTargetDependency;
			name = Three20;
			targetProxy = 5B2F72801026C5B400676DBD /* PBXContainerItemProxy */;
		};
		5BCD503D1025548F0066772E /* PBXTargetDependency */ = {
			isa = PBXTargetDependency;
			name = MapView;
			targetProxy = 5BCD503C1025548F0066772E /* PBXContainerItemProxy */;
		};
/* End PBXTargetDependency section */

/* Begin XCBuildConfiguration section */
		1D6058940D05DD3E006BFB54 /* Debug */ = {
			isa = XCBuildConfiguration;
			buildSettings = {
				ALWAYS_SEARCH_USER_PATHS = NO;
				COPY_PHASE_STRIP = NO;
				GCC_DYNAMIC_NO_PIC = NO;
				GCC_OPTIMIZATION_LEVEL = 0;
				GCC_PRECOMPILE_PREFIX_HEADER = YES;
				GCC_PREFIX_HEADER = History_Prefix.pch;
				HEADER_SEARCH_PATHS = (
					../three20/src,
					"../routemeNT/MapView/**",
				);
				INFOPLIST_FILE = "History-Info.plist";
				LIBRARY_SEARCH_PATHS = (
					"$(inherited)",
					"\"$(SRCROOT)/../routemeNT/MapView/build/Debug-iphoneos\"",
					"\"$(SRCROOT)/../routemeNT/MapView/build/Debug-iphonesimulator\"",
					"\"$(SRCROOT)/../routemeNT/Proj4/build/Debug-iphoneos\"",
					"\"$(SRCROOT)/../routemeNT/Proj4/build/Debug-iphonesimulator\"",
				);
				PRODUCT_NAME = "Historic Earth";
			};
			name = Debug;
		};
		1D6058950D05DD3E006BFB54 /* Release */ = {
			isa = XCBuildConfiguration;
			buildSettings = {
				ALWAYS_SEARCH_USER_PATHS = NO;
				COPY_PHASE_STRIP = YES;
				GCC_PRECOMPILE_PREFIX_HEADER = YES;
				GCC_PREFIX_HEADER = History_Prefix.pch;
				HEADER_SEARCH_PATHS = (
					../three20/src,
					"../routemeNT/MapView/**",
				);
				INFOPLIST_FILE = "History-Info.plist";
				LIBRARY_SEARCH_PATHS = (
					"$(inherited)",
					"\"$(SRCROOT)/../routemeNT/MapView/build/Debug-iphoneos\"",
					"\"$(SRCROOT)/../routemeNT/MapView/build/Debug-iphonesimulator\"",
					"\"$(SRCROOT)/../routemeNT/Proj4/build/Debug-iphoneos\"",
					"\"$(SRCROOT)/../routemeNT/Proj4/build/Debug-iphonesimulator\"",
				);
				PRODUCT_NAME = "Historic Earth";
			};
			name = Release;
		};
		C01FCF4F08A954540054247B /* Debug */ = {
			isa = XCBuildConfiguration;
			buildSettings = {
				ARCHS = "$(ARCHS_STANDARD_32_BIT)";
				CODE_SIGN_IDENTITY = "iPhone Developer: Martin Ceperley (64RP86GBX7)";
				"CODE_SIGN_IDENTITY[sdk=iphoneos*]" = "iPhone Developer: Martin Ceperley (64RP86GBX7)";
				GCC_C_LANGUAGE_STANDARD = c99;
				GCC_WARN_ABOUT_RETURN_TYPE = YES;
				GCC_WARN_UNUSED_VARIABLE = YES;
				HEADER_SEARCH_PATHS = (
					"../three20/src/**",
					"../routemeNT/MapView/**",
				);
				OTHER_LDFLAGS = (
					"-ObjC",
					"-all_load",
				);
				PREBINDING = NO;
				PROVISIONING_PROFILE = "1CA9826C-2579-421A-B781-7DF01693F331";
				"PROVISIONING_PROFILE[sdk=iphoneos*]" = "1CA9826C-2579-421A-B781-7DF01693F331";
				SDKROOT = iphoneos3.0;
			};
			name = Debug;
		};
		C01FCF5008A954540054247B /* Release */ = {
			isa = XCBuildConfiguration;
			buildSettings = {
				ARCHS = "$(ARCHS_STANDARD_32_BIT)";
				CODE_SIGN_IDENTITY = "iPhone Developer: Martin Ceperley (64RP86GBX7)";
				"CODE_SIGN_IDENTITY[sdk=iphoneos*]" = "iPhone Developer: Martin Ceperley (64RP86GBX7)";
				GCC_C_LANGUAGE_STANDARD = c99;
				GCC_WARN_ABOUT_RETURN_TYPE = YES;
				GCC_WARN_UNUSED_VARIABLE = YES;
				HEADER_SEARCH_PATHS = (
					"../three20/src/**",
					"../routemeNT/MapView/**",
				);
				OTHER_LDFLAGS = (
					"-ObjC",
					"-all_load",
				);
				PREBINDING = NO;
				PROVISIONING_PROFILE = "1CA9826C-2579-421A-B781-7DF01693F331";
				"PROVISIONING_PROFILE[sdk=iphoneos*]" = "1CA9826C-2579-421A-B781-7DF01693F331";
				SDKROOT = iphoneos3.0;
			};
			name = Release;
		};
/* End XCBuildConfiguration section */

/* Begin XCConfigurationList section */
		1D6058960D05DD3E006BFB54 /* Build configuration list for PBXNativeTarget "Historic Earth" */ = {
			isa = XCConfigurationList;
			buildConfigurations = (
				1D6058940D05DD3E006BFB54 /* Debug */,
				1D6058950D05DD3E006BFB54 /* Release */,
			);
			defaultConfigurationIsVisible = 0;
			defaultConfigurationName = Release;
		};
		C01FCF4E08A954540054247B /* Build configuration list for PBXProject "History" */ = {
			isa = XCConfigurationList;
			buildConfigurations = (
				C01FCF4F08A954540054247B /* Debug */,
				C01FCF5008A954540054247B /* Release */,
			);
			defaultConfigurationIsVisible = 0;
			defaultConfigurationName = Release;
		};
/* End XCConfigurationList section */
	};
	rootObject = 29B97313FDCFA39411CA2CEA /* Project object */;
}
